
Microsoft Visual Studio Solution File, Format Version 12.00
# Visual Studio 2012
Project("{2150E333-8FDC-42A3-9474-1A3956D46DE8}") = "Core", "Core", "{D24E736C-7E9A-4132-B762-6BAFA8FFB7BC}"
EndProject
Project("{FAE04EC0-301F-11D3-BF4B-00C04F79EFBC}") = "SimplyMobile.Core", "Core\SimplyMobile.Core\SimplyMobile.Core.csproj", "{5FED3E45-9F40-4AFE-8153-8F952EBEC90F}"
EndProject
Project("{FAE04EC0-301F-11D3-BF4B-00C04F79EFBC}") = "SimplyMobile.Device", "Core\SimplyMobile.Device\SimplyMobile.Device.csproj", "{E1E0F75F-FF8C-4AD7-816C-87D6421A026B}"
EndProject
Project("{2150E333-8FDC-42A3-9474-1A3956D46DE8}") = "Tests", "Tests", "{C05F0E57-9628-43F1-9EE6-1C14C82C6F0D}"
EndProject
Project("{FAE04EC0-301F-11D3-BF4B-00C04F79EFBC}") = "DeviceTests", "Core\Tests\DeviceTests\DeviceTests.csproj", "{D7B35904-EF3E-4F40-A1C5-6FC59A3F8CB5}"
EndProject
Project("{FAE04EC0-301F-11D3-BF4B-00C04F79EFBC}") = "StockQuote", "Core\Tests\StockQuote\StockQuote.csproj", "{C037E2CB-BC2A-4551-9551-2150380E0109}"
EndProject
Project("{FAE04EC0-301F-11D3-BF4B-00C04F79EFBC}") = "ObservableCollectionTest", "Core\Tests\ObservableCollectionTest\ObservableCollectionTest.csproj", "{9000E30D-23C8-433A-B464-FF45F29043E2}"
EndProject
Project("{FAE04EC0-301F-11D3-BF4B-00C04F79EFBC}") = "JsonSerialization", "Core\Tests\JsonSerialization\JsonSerialization.csproj", "{588AAA88-1088-4D81-8259-7F7763DBDA4E}"
EndProject
Project("{FAE04EC0-301F-11D3-BF4B-00C04F79EFBC}") = "SimplyMobile.Media", "Core\SimplyMobile.Media\SimplyMobile.Media.csproj", "{5D13E8E7-0593-4640-B59A-D0D0860504E8}"
EndProject
Project("{FAE04EC0-301F-11D3-BF4B-00C04F79EFBC}") = "SimplyMobile.Text", "Core\SimplyMobile.Text\SimplyMobile.Text.csproj", "{F367F89E-E79F-4332-AD93-85E7CFF7391C}"
EndProject
Project("{2150E333-8FDC-42A3-9474-1A3956D46DE8}") = "Plugins", "Plugins", "{0F7EA64E-5BA5-4E23-B755-6A77A503B6BB}"
EndProject
Project("{FAE04EC0-301F-11D3-BF4B-00C04F79EFBC}") = "SimplyMobile.Text.ServiceStack", "Core\Plugins\SimplyMobile.Text.ServiceStack\SimplyMobile.Text.ServiceStack.csproj", "{0854603B-BBB7-4AE6-A3CE-598803AC1214}"
EndProject
Project("{FAE04EC0-301F-11D3-BF4B-00C04F79EFBC}") = "SimplyMobile.Text.JsonNet", "Core\Plugins\SimplyMobile.Text.JsonNet\SimplyMobile.Text.JsonNet.csproj", "{167278C5-6A53-4276-AE66-80E1BF085F8B}"
EndProject
Project("{2150E333-8FDC-42A3-9474-1A3956D46DE8}") = "Stocks", "Stocks", "{6D289D39-DB45-43A5-B008-E9B5B3362569}"
EndProject
Project("{FAE04EC0-301F-11D3-BF4B-00C04F79EFBC}") = "SimplyMobile.Plugins.WcfStockService", "Core\Plugins\Stocks\SimplyMobile.Plugins.WcfStockService\SimplyMobile.Plugins.WcfStockService.csproj", "{89826D7A-AA44-4088-8AC2-1420E19A353E}"
EndProject
Project("{FAE04EC0-301F-11D3-BF4B-00C04F79EFBC}") = "SimplyMobile.Plugins.StockView", "Core\Plugins\Stocks\SimplyMobile.Plugins.StockView\SimplyMobile.Plugins.StockView.csproj", "{9DA39E6F-2DC9-4D4E-9E86-10770D067136}"
EndProject
Project("{FAE04EC0-301F-11D3-BF4B-00C04F79EFBC}") = "SimplyMobile.Data", "Core\SimplyMobile.Data\SimplyMobile.Data.csproj", "{ECC8BA50-7423-4BE3-9196-5840550B8195}"
EndProject
Global
	GlobalSection(SolutionConfigurationPlatforms) = preSolution
		Debug|Any CPU = Debug|Any CPU
		Release|Any CPU = Release|Any CPU
	EndGlobalSection
	GlobalSection(ProjectConfigurationPlatforms) = postSolution
		{0854603B-BBB7-4AE6-A3CE-598803AC1214}.Debug|Any CPU.ActiveCfg = Debug|Any CPU
		{0854603B-BBB7-4AE6-A3CE-598803AC1214}.Debug|Any CPU.Build.0 = Debug|Any CPU
		{0854603B-BBB7-4AE6-A3CE-598803AC1214}.Release|Any CPU.ActiveCfg = Release|Any CPU
		{0854603B-BBB7-4AE6-A3CE-598803AC1214}.Release|Any CPU.Build.0 = Release|Any CPU
		{167278C5-6A53-4276-AE66-80E1BF085F8B}.Debug|Any CPU.ActiveCfg = Debug|Any CPU
		{167278C5-6A53-4276-AE66-80E1BF085F8B}.Debug|Any CPU.Build.0 = Debug|Any CPU
		{167278C5-6A53-4276-AE66-80E1BF085F8B}.Release|Any CPU.ActiveCfg = Release|Any CPU
		{167278C5-6A53-4276-AE66-80E1BF085F8B}.Release|Any CPU.Build.0 = Release|Any CPU
		{588AAA88-1088-4D81-8259-7F7763DBDA4E}.Debug|Any CPU.ActiveCfg = Debug|Any CPU
		{588AAA88-1088-4D81-8259-7F7763DBDA4E}.Debug|Any CPU.Build.0 = Debug|Any CPU
		{588AAA88-1088-4D81-8259-7F7763DBDA4E}.Release|Any CPU.ActiveCfg = Release|Any CPU
		{588AAA88-1088-4D81-8259-7F7763DBDA4E}.Release|Any CPU.Build.0 = Release|Any CPU
		{5D13E8E7-0593-4640-B59A-D0D0860504E8}.Debug|Any CPU.ActiveCfg = Debug|Any CPU
		{5D13E8E7-0593-4640-B59A-D0D0860504E8}.Debug|Any CPU.Build.0 = Debug|Any CPU
		{5D13E8E7-0593-4640-B59A-D0D0860504E8}.Release|Any CPU.ActiveCfg = Release|Any CPU
		{5D13E8E7-0593-4640-B59A-D0D0860504E8}.Release|Any CPU.Build.0 = Release|Any CPU
		{5FED3E45-9F40-4AFE-8153-8F952EBEC90F}.Debug|Any CPU.ActiveCfg = Debug|Any CPU
		{5FED3E45-9F40-4AFE-8153-8F952EBEC90F}.Debug|Any CPU.Build.0 = Debug|Any CPU
		{5FED3E45-9F40-4AFE-8153-8F952EBEC90F}.Release|Any CPU.ActiveCfg = Release|Any CPU
		{5FED3E45-9F40-4AFE-8153-8F952EBEC90F}.Release|Any CPU.Build.0 = Release|Any CPU
		{89826D7A-AA44-4088-8AC2-1420E19A353E}.Debug|Any CPU.ActiveCfg = Debug|Any CPU
		{89826D7A-AA44-4088-8AC2-1420E19A353E}.Debug|Any CPU.Build.0 = Debug|Any CPU
		{89826D7A-AA44-4088-8AC2-1420E19A353E}.Release|Any CPU.ActiveCfg = Release|Any CPU
		{89826D7A-AA44-4088-8AC2-1420E19A353E}.Release|Any CPU.Build.0 = Release|Any CPU
		{9000E30D-23C8-433A-B464-FF45F29043E2}.Debug|Any CPU.ActiveCfg = Debug|Any CPU
		{9000E30D-23C8-433A-B464-FF45F29043E2}.Debug|Any CPU.Build.0 = Debug|Any CPU
		{9000E30D-23C8-433A-B464-FF45F29043E2}.Release|Any CPU.ActiveCfg = Release|Any CPU
		{9000E30D-23C8-433A-B464-FF45F29043E2}.Release|Any CPU.Build.0 = Release|Any CPU
		{9DA39E6F-2DC9-4D4E-9E86-10770D067136}.Debug|Any CPU.ActiveCfg = Debug|Any CPU
		{9DA39E6F-2DC9-4D4E-9E86-10770D067136}.Debug|Any CPU.Build.0 = Debug|Any CPU
		{9DA39E6F-2DC9-4D4E-9E86-10770D067136}.Release|Any CPU.ActiveCfg = Release|Any CPU
		{9DA39E6F-2DC9-4D4E-9E86-10770D067136}.Release|Any CPU.Build.0 = Release|Any CPU
		{C037E2CB-BC2A-4551-9551-2150380E0109}.Debug|Any CPU.ActiveCfg = Debug|Any CPU
		{C037E2CB-BC2A-4551-9551-2150380E0109}.Debug|Any CPU.Build.0 = Debug|Any CPU
		{C037E2CB-BC2A-4551-9551-2150380E0109}.Release|Any CPU.ActiveCfg = Release|Any CPU
		{C037E2CB-BC2A-4551-9551-2150380E0109}.Release|Any CPU.Build.0 = Release|Any CPU
		{D7B35904-EF3E-4F40-A1C5-6FC59A3F8CB5}.Debug|Any CPU.ActiveCfg = Debug|Any CPU
		{D7B35904-EF3E-4F40-A1C5-6FC59A3F8CB5}.Debug|Any CPU.Build.0 = Debug|Any CPU
		{D7B35904-EF3E-4F40-A1C5-6FC59A3F8CB5}.Release|Any CPU.ActiveCfg = Release|Any CPU
		{D7B35904-EF3E-4F40-A1C5-6FC59A3F8CB5}.Release|Any CPU.Build.0 = Release|Any CPU
		{E1E0F75F-FF8C-4AD7-816C-87D6421A026B}.Debug|Any CPU.ActiveCfg = Debug|Any CPU
		{E1E0F75F-FF8C-4AD7-816C-87D6421A026B}.Debug|Any CPU.Build.0 = Debug|Any CPU
		{E1E0F75F-FF8C-4AD7-816C-87D6421A026B}.Release|Any CPU.ActiveCfg = Release|Any CPU
		{E1E0F75F-FF8C-4AD7-816C-87D6421A026B}.Release|Any CPU.Build.0 = Release|Any CPU
		{ECC8BA50-7423-4BE3-9196-5840550B8195}.Debug|Any CPU.ActiveCfg = Debug|Any CPU
		{ECC8BA50-7423-4BE3-9196-5840550B8195}.Debug|Any CPU.Build.0 = Debug|Any CPU
		{ECC8BA50-7423-4BE3-9196-5840550B8195}.Release|Any CPU.ActiveCfg = Release|Any CPU
		{ECC8BA50-7423-4BE3-9196-5840550B8195}.Release|Any CPU.Build.0 = Release|Any CPU
		{F367F89E-E79F-4332-AD93-85E7CFF7391C}.Debug|Any CPU.ActiveCfg = Debug|Any CPU
		{F367F89E-E79F-4332-AD93-85E7CFF7391C}.Debug|Any CPU.Build.0 = Debug|Any CPU
		{F367F89E-E79F-4332-AD93-85E7CFF7391C}.Release|Any CPU.ActiveCfg = Release|Any CPU
		{F367F89E-E79F-4332-AD93-85E7CFF7391C}.Release|Any CPU.Build.0 = Release|Any CPU
	EndGlobalSection
	GlobalSection(NestedProjects) = preSolution
		{5FED3E45-9F40-4AFE-8153-8F952EBEC90F} = {D24E736C-7E9A-4132-B762-6BAFA8FFB7BC}
		{E1E0F75F-FF8C-4AD7-816C-87D6421A026B} = {D24E736C-7E9A-4132-B762-6BAFA8FFB7BC}
		{C05F0E57-9628-43F1-9EE6-1C14C82C6F0D} = {D24E736C-7E9A-4132-B762-6BAFA8FFB7BC}
		{5D13E8E7-0593-4640-B59A-D0D0860504E8} = {D24E736C-7E9A-4132-B762-6BAFA8FFB7BC}
		{F367F89E-E79F-4332-AD93-85E7CFF7391C} = {D24E736C-7E9A-4132-B762-6BAFA8FFB7BC}
		{0F7EA64E-5BA5-4E23-B755-6A77A503B6BB} = {D24E736C-7E9A-4132-B762-6BAFA8FFB7BC}
		{ECC8BA50-7423-4BE3-9196-5840550B8195} = {D24E736C-7E9A-4132-B762-6BAFA8FFB7BC}
		{D7B35904-EF3E-4F40-A1C5-6FC59A3F8CB5} = {C05F0E57-9628-43F1-9EE6-1C14C82C6F0D}
		{C037E2CB-BC2A-4551-9551-2150380E0109} = {C05F0E57-9628-43F1-9EE6-1C14C82C6F0D}
		{9000E30D-23C8-433A-B464-FF45F29043E2} = {C05F0E57-9628-43F1-9EE6-1C14C82C6F0D}
		{588AAA88-1088-4D81-8259-7F7763DBDA4E} = {C05F0E57-9628-43F1-9EE6-1C14C82C6F0D}
		{0854603B-BBB7-4AE6-A3CE-598803AC1214} = {0F7EA64E-5BA5-4E23-B755-6A77A503B6BB}
		{167278C5-6A53-4276-AE66-80E1BF085F8B} = {0F7EA64E-5BA5-4E23-B755-6A77A503B6BB}
		{6D289D39-DB45-43A5-B008-E9B5B3362569} = {0F7EA64E-5BA5-4E23-B755-6A77A503B6BB}
		{89826D7A-AA44-4088-8AC2-1420E19A353E} = {6D289D39-DB45-43A5-B008-E9B5B3362569}
		{9DA39E6F-2DC9-4D4E-9E86-10770D067136} = {6D289D39-DB45-43A5-B008-E9B5B3362569}
	EndGlobalSection
	GlobalSection(MonoDevelopProperties) = preSolution
		StartupItem = Core\SimplyMobile.Core\SimplyMobile.Core.csproj
	EndGlobalSection
	GlobalSection(SolutionProperties) = preSolution
		HideSolutionNode = FALSE
	EndGlobalSection
EndGlobal
