
Microsoft Visual Studio Solution File, Format Version 12.00
# Visual Studio 2012
Project("{2150E333-8FDC-42A3-9474-1A3956D46DE8}") = "Core", "Core", "{D24E736C-7E9A-4132-B762-6BAFA8FFB7BC}"
EndProject
Project("{FAE04EC0-301F-11D3-BF4B-00C04F79EFBC}") = "SimplyMobile.Core", "Core\SimplyMobile.Core\SimplyMobile.Core.csproj", "{5FED3E45-9F40-4AFE-8153-8F952EBEC90F}"
EndProject
Project("{FAE04EC0-301F-11D3-BF4B-00C04F79EFBC}") = "SimplyMobile.Device", "Core\SimplyMobile.Device\SimplyMobile.Device.csproj", "{E1E0F75F-FF8C-4AD7-816C-87D6421A026B}"
EndProject
Project("{2150E333-8FDC-42A3-9474-1A3956D46DE8}") = "Tests", "Tests", "{C05F0E57-9628-43F1-9EE6-1C14C82C6F0D}"
EndProject
Project("{FAE04EC0-301F-11D3-BF4B-00C04F79EFBC}") = "SimplyMobile.Media", "Core\SimplyMobile.Media\SimplyMobile.Media.csproj", "{5D13E8E7-0593-4640-B59A-D0D0860504E8}"
EndProject
Project("{2150E333-8FDC-42A3-9474-1A3956D46DE8}") = "Android", "Android", "{57953568-3697-42D0-B79D-937D6733A761}"
EndProject
Project("{2150E333-8FDC-42A3-9474-1A3956D46DE8}") = "Tests", "Tests", "{246B1B5B-20AA-4EC6-A05B-FC81093EB583}"
EndProject
Project("{FAE04EC0-301F-11D3-BF4B-00C04F79EFBC}") = "DeviceTests", "Android\Tests\DeviceTests\DeviceTests.csproj", "{019132C0-4A0B-456E-9013-0E58436D2B9D}"
EndProject
Project("{FAE04EC0-301F-11D3-BF4B-00C04F79EFBC}") = "SimplyMobile.Core", "Android\SimplyMobile.Core\SimplyMobile.Core.csproj", "{D80BE32E-29A9-47D6-A791-984B933E9CE3}"
EndProject
Project("{FAE04EC0-301F-11D3-BF4B-00C04F79EFBC}") = "SimplyMobile.Device", "Android\SimplyMobile.Device\SimplyMobile.Device.csproj", "{EFBE38F3-CD3E-42AE-BBD8-F48B98ED1579}"
EndProject
Global
	GlobalSection(SolutionConfigurationPlatforms) = preSolution
		Debug|Any CPU = Debug|Any CPU
		Release|Any CPU = Release|Any CPU
	EndGlobalSection
	GlobalSection(ProjectConfigurationPlatforms) = postSolution
		{019132C0-4A0B-456E-9013-0E58436D2B9D}.Debug|Any CPU.ActiveCfg = Debug|Any CPU
		{019132C0-4A0B-456E-9013-0E58436D2B9D}.Debug|Any CPU.Build.0 = Debug|Any CPU
		{019132C0-4A0B-456E-9013-0E58436D2B9D}.Release|Any CPU.ActiveCfg = Release|Any CPU
		{019132C0-4A0B-456E-9013-0E58436D2B9D}.Release|Any CPU.Build.0 = Release|Any CPU
		{5D13E8E7-0593-4640-B59A-D0D0860504E8}.Debug|Any CPU.ActiveCfg = Debug|Any CPU
		{5D13E8E7-0593-4640-B59A-D0D0860504E8}.Debug|Any CPU.Build.0 = Debug|Any CPU
		{5D13E8E7-0593-4640-B59A-D0D0860504E8}.Release|Any CPU.ActiveCfg = Release|Any CPU
		{5D13E8E7-0593-4640-B59A-D0D0860504E8}.Release|Any CPU.Build.0 = Release|Any CPU
		{5FED3E45-9F40-4AFE-8153-8F952EBEC90F}.Debug|Any CPU.ActiveCfg = Debug|Any CPU
		{5FED3E45-9F40-4AFE-8153-8F952EBEC90F}.Debug|Any CPU.Build.0 = Debug|Any CPU
		{5FED3E45-9F40-4AFE-8153-8F952EBEC90F}.Release|Any CPU.ActiveCfg = Release|Any CPU
		{5FED3E45-9F40-4AFE-8153-8F952EBEC90F}.Release|Any CPU.Build.0 = Release|Any CPU
		{D80BE32E-29A9-47D6-A791-984B933E9CE3}.Debug|Any CPU.ActiveCfg = Debug|Any CPU
		{D80BE32E-29A9-47D6-A791-984B933E9CE3}.Debug|Any CPU.Build.0 = Debug|Any CPU
		{D80BE32E-29A9-47D6-A791-984B933E9CE3}.Release|Any CPU.ActiveCfg = Release|Any CPU
		{D80BE32E-29A9-47D6-A791-984B933E9CE3}.Release|Any CPU.Build.0 = Release|Any CPU
		{E1E0F75F-FF8C-4AD7-816C-87D6421A026B}.Debug|Any CPU.ActiveCfg = Debug|Any CPU
		{E1E0F75F-FF8C-4AD7-816C-87D6421A026B}.Debug|Any CPU.Build.0 = Debug|Any CPU
		{E1E0F75F-FF8C-4AD7-816C-87D6421A026B}.Release|Any CPU.ActiveCfg = Release|Any CPU
		{E1E0F75F-FF8C-4AD7-816C-87D6421A026B}.Release|Any CPU.Build.0 = Release|Any CPU
		{EFBE38F3-CD3E-42AE-BBD8-F48B98ED1579}.Debug|Any CPU.ActiveCfg = Debug|Any CPU
		{EFBE38F3-CD3E-42AE-BBD8-F48B98ED1579}.Debug|Any CPU.Build.0 = Debug|Any CPU
		{EFBE38F3-CD3E-42AE-BBD8-F48B98ED1579}.Release|Any CPU.ActiveCfg = Release|Any CPU
		{EFBE38F3-CD3E-42AE-BBD8-F48B98ED1579}.Release|Any CPU.Build.0 = Release|Any CPU
	EndGlobalSection
	GlobalSection(NestedProjects) = preSolution
		{5FED3E45-9F40-4AFE-8153-8F952EBEC90F} = {D24E736C-7E9A-4132-B762-6BAFA8FFB7BC}
		{E1E0F75F-FF8C-4AD7-816C-87D6421A026B} = {D24E736C-7E9A-4132-B762-6BAFA8FFB7BC}
		{C05F0E57-9628-43F1-9EE6-1C14C82C6F0D} = {D24E736C-7E9A-4132-B762-6BAFA8FFB7BC}
		{5D13E8E7-0593-4640-B59A-D0D0860504E8} = {D24E736C-7E9A-4132-B762-6BAFA8FFB7BC}
		{246B1B5B-20AA-4EC6-A05B-FC81093EB583} = {57953568-3697-42D0-B79D-937D6733A761}
		{D80BE32E-29A9-47D6-A791-984B933E9CE3} = {57953568-3697-42D0-B79D-937D6733A761}
		{EFBE38F3-CD3E-42AE-BBD8-F48B98ED1579} = {57953568-3697-42D0-B79D-937D6733A761}
		{019132C0-4A0B-456E-9013-0E58436D2B9D} = {246B1B5B-20AA-4EC6-A05B-FC81093EB583}
	EndGlobalSection
	GlobalSection(MonoDevelopProperties) = preSolution
		StartupItem = Android\Tests\DeviceTests\DeviceTests.csproj
	EndGlobalSection
	GlobalSection(SolutionProperties) = preSolution
		HideSolutionNode = FALSE
	EndGlobalSection
EndGlobal
