
Microsoft Visual Studio Solution File, Format Version 12.00
# Visual Studio 2012
Project("{2150E333-8FDC-42A3-9474-1A3956D46DE8}") = "Core", "Core", "{D24E736C-7E9A-4132-B762-6BAFA8FFB7BC}"
EndProject
Project("{FAE04EC0-301F-11D3-BF4B-00C04F79EFBC}") = "SimplyMobile.Core", "Core\SimplyMobile.Core\SimplyMobile.Core.csproj", "{5FED3E45-9F40-4AFE-8153-8F952EBEC90F}"
EndProject
Project("{FAE04EC0-301F-11D3-BF4B-00C04F79EFBC}") = "SimplyMobile.Device", "Core\SimplyMobile.Device\SimplyMobile.Device.csproj", "{E1E0F75F-FF8C-4AD7-816C-87D6421A026B}"
EndProject
Project("{2150E333-8FDC-42A3-9474-1A3956D46DE8}") = "Tests", "Tests", "{C05F0E57-9628-43F1-9EE6-1C14C82C6F0D}"
EndProject
Project("{FAE04EC0-301F-11D3-BF4B-00C04F79EFBC}") = "DeviceTests", "Core\Tests\DeviceTests\DeviceTests.csproj", "{D7B35904-EF3E-4F40-A1C5-6FC59A3F8CB5}"
EndProject
Project("{FAE04EC0-301F-11D3-BF4B-00C04F79EFBC}") = "StockQuote", "Core\Tests\StockQuote\StockQuote.csproj", "{C037E2CB-BC2A-4551-9551-2150380E0109}"
EndProject
Project("{FAE04EC0-301F-11D3-BF4B-00C04F79EFBC}") = "ObservableCollectionTest", "Core\Tests\ObservableCollectionTest\ObservableCollectionTest.csproj", "{9000E30D-23C8-433A-B464-FF45F29043E2}"
EndProject
Project("{FAE04EC0-301F-11D3-BF4B-00C04F79EFBC}") = "TextSerializationTests", "Core\Tests\TextSerializationTests\TextSerializationTests.csproj", "{15517F8C-42DB-4D77-831D-5A6E815F3914}"
EndProject
Project("{FAE04EC0-301F-11D3-BF4B-00C04F79EFBC}") = "RestClientTest", "Core\Tests\RestClientTest\RestClientTest.csproj", "{81BE78B6-A114-4542-9877-7AF353EC24DF}"
EndProject
Project("{FAE04EC0-301F-11D3-BF4B-00C04F79EFBC}") = "SimplyMobile.Media", "Core\SimplyMobile.Media\SimplyMobile.Media.csproj", "{5D13E8E7-0593-4640-B59A-D0D0860504E8}"
EndProject
Project("{FAE04EC0-301F-11D3-BF4B-00C04F79EFBC}") = "SimplyMobile.Text", "Core\SimplyMobile.Text\SimplyMobile.Text.csproj", "{F367F89E-E79F-4332-AD93-85E7CFF7391C}"
EndProject
Project("{2150E333-8FDC-42A3-9474-1A3956D46DE8}") = "Plugins", "Plugins", "{0F7EA64E-5BA5-4E23-B755-6A77A503B6BB}"
EndProject
Project("{FAE04EC0-301F-11D3-BF4B-00C04F79EFBC}") = "SimplyMobile.Text.ServiceStack", "Core\Plugins\SimplyMobile.Text.ServiceStack\SimplyMobile.Text.ServiceStack.csproj", "{0854603B-BBB7-4AE6-A3CE-598803AC1214}"
EndProject
Project("{FAE04EC0-301F-11D3-BF4B-00C04F79EFBC}") = "SimplyMobile.Text.JsonNet", "Core\Plugins\SimplyMobile.Text.JsonNet\SimplyMobile.Text.JsonNet.csproj", "{167278C5-6A53-4276-AE66-80E1BF085F8B}"
EndProject
Project("{2150E333-8FDC-42A3-9474-1A3956D46DE8}") = "Stocks", "Stocks", "{6D289D39-DB45-43A5-B008-E9B5B3362569}"
EndProject
Project("{FAE04EC0-301F-11D3-BF4B-00C04F79EFBC}") = "SimplyMobile.Plugins.WcfStockService", "Core\Plugins\Stocks\SimplyMobile.Plugins.WcfStockService\SimplyMobile.Plugins.WcfStockService.csproj", "{89826D7A-AA44-4088-8AC2-1420E19A353E}"
EndProject
Project("{FAE04EC0-301F-11D3-BF4B-00C04F79EFBC}") = "SimplyMobile.Plugins.StockView", "Core\Plugins\Stocks\SimplyMobile.Plugins.StockView\SimplyMobile.Plugins.StockView.csproj", "{9DA39E6F-2DC9-4D4E-9E86-10770D067136}"
EndProject
Project("{FAE04EC0-301F-11D3-BF4B-00C04F79EFBC}") = "SimplyMobile.Data.OrmLite", "Core\Plugins\SimplyMobile.Data.OrmLite\SimplyMobile.Data.OrmLite.csproj", "{A8B90A63-3CDD-4C9D-A5D6-0B9263FB7029}"
EndProject
Project("{2150E333-8FDC-42A3-9474-1A3956D46DE8}") = "Social", "Social", "{CFAB3898-AA75-4E45-8FBC-A57897F604E7}"
EndProject
Project("{2150E333-8FDC-42A3-9474-1A3956D46DE8}") = "Weather", "Weather", "{B1CCACA7-24CD-44CF-A3DB-0CD6D5480094}"
EndProject
Project("{FAE04EC0-301F-11D3-BF4B-00C04F79EFBC}") = "SimplyMobile.Plugins.WeatherWcfService", "Core\Plugins\Weather\SimplyMobile.Plugins.WeatherWcfService\SimplyMobile.Plugins.WeatherWcfService.csproj", "{51959516-FCF7-4E44-B89F-E1BF5F40D84D}"
EndProject
Project("{FAE04EC0-301F-11D3-BF4B-00C04F79EFBC}") = "SimplyMobile.Text.ProtoBuffer", "Core\Plugins\SimplyMobile.Text.ProtoBuffer\SimplyMobile.Text.ProtoBuffer.csproj", "{256E4D6E-0252-405E-B516-4CEAF129A5F5}"
EndProject
Project("{2150E333-8FDC-42A3-9474-1A3956D46DE8}") = "IoC", "IoC", "{916330E8-A46E-4BE0-9968-ADACBAE82294}"
EndProject
Project("{FAE04EC0-301F-11D3-BF4B-00C04F79EFBC}") = "SimplyMobile.Data", "Core\SimplyMobile.Data\SimplyMobile.Data.csproj", "{ECC8BA50-7423-4BE3-9196-5840550B8195}"
EndProject
Project("{FAE04EC0-301F-11D3-BF4B-00C04F79EFBC}") = "SimplyMobile.Web", "Core\SimplyMobile.Web\SimplyMobile.Web.csproj", "{00636A5F-DA3A-4E3E-B673-D483834684E3}"
EndProject
Project("{2150E333-8FDC-42A3-9474-1A3956D46DE8}") = "SampleServices", "SampleServices", "{A0A841D3-8757-4B01-866F-4F241B81FC94}"
EndProject
Project("{FAE04EC0-301F-11D3-BF4B-00C04F79EFBC}") = "SimplyMobile.Location", "Core\SimplyMobile.Location\SimplyMobile.Location.csproj", "{C8AC9389-64E8-4390-92C0-6670C777236F}"
EndProject
Project("{FAE04EC0-301F-11D3-BF4B-00C04F79EFBC}") = "SimplyMobile.Web.Net45", "Core\SimplyMobile.Web\SimplyMobile.Web.Net45.csproj", "{0934ED52-309E-4EE1-90E1-0E4ED3D1372C}"
EndProject
Global
	GlobalSection(SolutionConfigurationPlatforms) = preSolution
		Debug|Any CPU = Debug|Any CPU
		Release|Any CPU = Release|Any CPU
	EndGlobalSection
	GlobalSection(ProjectConfigurationPlatforms) = postSolution
		{00636A5F-DA3A-4E3E-B673-D483834684E3}.Debug|Any CPU.ActiveCfg = Debug|Any CPU
		{00636A5F-DA3A-4E3E-B673-D483834684E3}.Debug|Any CPU.Build.0 = Debug|Any CPU
		{00636A5F-DA3A-4E3E-B673-D483834684E3}.Release|Any CPU.ActiveCfg = Release|Any CPU
		{00636A5F-DA3A-4E3E-B673-D483834684E3}.Release|Any CPU.Build.0 = Release|Any CPU
		{0854603B-BBB7-4AE6-A3CE-598803AC1214}.Debug|Any CPU.ActiveCfg = Debug|Any CPU
		{0854603B-BBB7-4AE6-A3CE-598803AC1214}.Debug|Any CPU.Build.0 = Debug|Any CPU
		{0854603B-BBB7-4AE6-A3CE-598803AC1214}.Release|Any CPU.ActiveCfg = Release|Any CPU
		{0854603B-BBB7-4AE6-A3CE-598803AC1214}.Release|Any CPU.Build.0 = Release|Any CPU
		{0934ED52-309E-4EE1-90E1-0E4ED3D1372C}.Debug|Any CPU.ActiveCfg = Debug|Any CPU
		{0934ED52-309E-4EE1-90E1-0E4ED3D1372C}.Debug|Any CPU.Build.0 = Debug|Any CPU
		{0934ED52-309E-4EE1-90E1-0E4ED3D1372C}.Release|Any CPU.ActiveCfg = Release|Any CPU
		{0934ED52-309E-4EE1-90E1-0E4ED3D1372C}.Release|Any CPU.Build.0 = Release|Any CPU
		{15517F8C-42DB-4D77-831D-5A6E815F3914}.Debug|Any CPU.ActiveCfg = Debug|Any CPU
		{15517F8C-42DB-4D77-831D-5A6E815F3914}.Debug|Any CPU.Build.0 = Debug|Any CPU
		{15517F8C-42DB-4D77-831D-5A6E815F3914}.Release|Any CPU.ActiveCfg = Release|Any CPU
		{15517F8C-42DB-4D77-831D-5A6E815F3914}.Release|Any CPU.Build.0 = Release|Any CPU
		{167278C5-6A53-4276-AE66-80E1BF085F8B}.Debug|Any CPU.ActiveCfg = Debug|Any CPU
		{167278C5-6A53-4276-AE66-80E1BF085F8B}.Debug|Any CPU.Build.0 = Debug|Any CPU
		{167278C5-6A53-4276-AE66-80E1BF085F8B}.Release|Any CPU.ActiveCfg = Release|Any CPU
		{167278C5-6A53-4276-AE66-80E1BF085F8B}.Release|Any CPU.Build.0 = Release|Any CPU
		{256E4D6E-0252-405E-B516-4CEAF129A5F5}.Debug|Any CPU.ActiveCfg = Debug|Any CPU
		{256E4D6E-0252-405E-B516-4CEAF129A5F5}.Debug|Any CPU.Build.0 = Debug|Any CPU
		{256E4D6E-0252-405E-B516-4CEAF129A5F5}.Release|Any CPU.ActiveCfg = Release|Any CPU
		{256E4D6E-0252-405E-B516-4CEAF129A5F5}.Release|Any CPU.Build.0 = Release|Any CPU
		{51959516-FCF7-4E44-B89F-E1BF5F40D84D}.Debug|Any CPU.ActiveCfg = Debug|Any CPU
		{51959516-FCF7-4E44-B89F-E1BF5F40D84D}.Debug|Any CPU.Build.0 = Debug|Any CPU
		{51959516-FCF7-4E44-B89F-E1BF5F40D84D}.Release|Any CPU.ActiveCfg = Release|Any CPU
		{51959516-FCF7-4E44-B89F-E1BF5F40D84D}.Release|Any CPU.Build.0 = Release|Any CPU
		{5D13E8E7-0593-4640-B59A-D0D0860504E8}.Debug|Any CPU.ActiveCfg = Debug|Any CPU
		{5D13E8E7-0593-4640-B59A-D0D0860504E8}.Debug|Any CPU.Build.0 = Debug|Any CPU
		{5D13E8E7-0593-4640-B59A-D0D0860504E8}.Release|Any CPU.ActiveCfg = Release|Any CPU
		{5D13E8E7-0593-4640-B59A-D0D0860504E8}.Release|Any CPU.Build.0 = Release|Any CPU
		{5FED3E45-9F40-4AFE-8153-8F952EBEC90F}.Debug|Any CPU.ActiveCfg = Debug|Any CPU
		{5FED3E45-9F40-4AFE-8153-8F952EBEC90F}.Debug|Any CPU.Build.0 = Debug|Any CPU
		{5FED3E45-9F40-4AFE-8153-8F952EBEC90F}.Release|Any CPU.ActiveCfg = Release|Any CPU
		{5FED3E45-9F40-4AFE-8153-8F952EBEC90F}.Release|Any CPU.Build.0 = Release|Any CPU
		{81BE78B6-A114-4542-9877-7AF353EC24DF}.Debug|Any CPU.ActiveCfg = Debug|Any CPU
		{81BE78B6-A114-4542-9877-7AF353EC24DF}.Debug|Any CPU.Build.0 = Debug|Any CPU
		{81BE78B6-A114-4542-9877-7AF353EC24DF}.Release|Any CPU.ActiveCfg = Release|Any CPU
		{81BE78B6-A114-4542-9877-7AF353EC24DF}.Release|Any CPU.Build.0 = Release|Any CPU
		{89826D7A-AA44-4088-8AC2-1420E19A353E}.Debug|Any CPU.ActiveCfg = Debug|Any CPU
		{89826D7A-AA44-4088-8AC2-1420E19A353E}.Debug|Any CPU.Build.0 = Debug|Any CPU
		{89826D7A-AA44-4088-8AC2-1420E19A353E}.Release|Any CPU.ActiveCfg = Release|Any CPU
		{89826D7A-AA44-4088-8AC2-1420E19A353E}.Release|Any CPU.Build.0 = Release|Any CPU
		{9000E30D-23C8-433A-B464-FF45F29043E2}.Debug|Any CPU.ActiveCfg = Debug|Any CPU
		{9000E30D-23C8-433A-B464-FF45F29043E2}.Debug|Any CPU.Build.0 = Debug|Any CPU
		{9000E30D-23C8-433A-B464-FF45F29043E2}.Release|Any CPU.ActiveCfg = Release|Any CPU
		{9000E30D-23C8-433A-B464-FF45F29043E2}.Release|Any CPU.Build.0 = Release|Any CPU
		{9DA39E6F-2DC9-4D4E-9E86-10770D067136}.Debug|Any CPU.ActiveCfg = Debug|Any CPU
		{9DA39E6F-2DC9-4D4E-9E86-10770D067136}.Debug|Any CPU.Build.0 = Debug|Any CPU
		{9DA39E6F-2DC9-4D4E-9E86-10770D067136}.Release|Any CPU.ActiveCfg = Release|Any CPU
		{9DA39E6F-2DC9-4D4E-9E86-10770D067136}.Release|Any CPU.Build.0 = Release|Any CPU
		{A8B90A63-3CDD-4C9D-A5D6-0B9263FB7029}.Debug|Any CPU.ActiveCfg = Debug|Any CPU
		{A8B90A63-3CDD-4C9D-A5D6-0B9263FB7029}.Debug|Any CPU.Build.0 = Debug|Any CPU
		{A8B90A63-3CDD-4C9D-A5D6-0B9263FB7029}.Release|Any CPU.ActiveCfg = Release|Any CPU
		{A8B90A63-3CDD-4C9D-A5D6-0B9263FB7029}.Release|Any CPU.Build.0 = Release|Any CPU
		{C037E2CB-BC2A-4551-9551-2150380E0109}.Debug|Any CPU.ActiveCfg = Debug|Any CPU
		{C037E2CB-BC2A-4551-9551-2150380E0109}.Debug|Any CPU.Build.0 = Debug|Any CPU
		{C037E2CB-BC2A-4551-9551-2150380E0109}.Release|Any CPU.ActiveCfg = Release|Any CPU
		{C037E2CB-BC2A-4551-9551-2150380E0109}.Release|Any CPU.Build.0 = Release|Any CPU
		{C8AC9389-64E8-4390-92C0-6670C777236F}.Debug|Any CPU.ActiveCfg = Debug|Any CPU
		{C8AC9389-64E8-4390-92C0-6670C777236F}.Debug|Any CPU.Build.0 = Debug|Any CPU
		{C8AC9389-64E8-4390-92C0-6670C777236F}.Release|Any CPU.ActiveCfg = Release|Any CPU
		{C8AC9389-64E8-4390-92C0-6670C777236F}.Release|Any CPU.Build.0 = Release|Any CPU
		{D7B35904-EF3E-4F40-A1C5-6FC59A3F8CB5}.Debug|Any CPU.ActiveCfg = Debug|Any CPU
		{D7B35904-EF3E-4F40-A1C5-6FC59A3F8CB5}.Debug|Any CPU.Build.0 = Debug|Any CPU
		{D7B35904-EF3E-4F40-A1C5-6FC59A3F8CB5}.Release|Any CPU.ActiveCfg = Release|Any CPU
		{D7B35904-EF3E-4F40-A1C5-6FC59A3F8CB5}.Release|Any CPU.Build.0 = Release|Any CPU
		{E1E0F75F-FF8C-4AD7-816C-87D6421A026B}.Debug|Any CPU.ActiveCfg = Debug|Any CPU
		{E1E0F75F-FF8C-4AD7-816C-87D6421A026B}.Debug|Any CPU.Build.0 = Debug|Any CPU
		{E1E0F75F-FF8C-4AD7-816C-87D6421A026B}.Release|Any CPU.ActiveCfg = Release|Any CPU
		{E1E0F75F-FF8C-4AD7-816C-87D6421A026B}.Release|Any CPU.Build.0 = Release|Any CPU
		{ECC8BA50-7423-4BE3-9196-5840550B8195}.Debug|Any CPU.ActiveCfg = Debug|Any CPU
		{ECC8BA50-7423-4BE3-9196-5840550B8195}.Debug|Any CPU.Build.0 = Debug|Any CPU
		{ECC8BA50-7423-4BE3-9196-5840550B8195}.Release|Any CPU.ActiveCfg = Release|Any CPU
		{ECC8BA50-7423-4BE3-9196-5840550B8195}.Release|Any CPU.Build.0 = Release|Any CPU
		{F367F89E-E79F-4332-AD93-85E7CFF7391C}.Debug|Any CPU.ActiveCfg = Debug|Any CPU
		{F367F89E-E79F-4332-AD93-85E7CFF7391C}.Debug|Any CPU.Build.0 = Debug|Any CPU
		{F367F89E-E79F-4332-AD93-85E7CFF7391C}.Release|Any CPU.ActiveCfg = Release|Any CPU
		{F367F89E-E79F-4332-AD93-85E7CFF7391C}.Release|Any CPU.Build.0 = Release|Any CPU
	EndGlobalSection
	GlobalSection(NestedProjects) = preSolution
		{5FED3E45-9F40-4AFE-8153-8F952EBEC90F} = {D24E736C-7E9A-4132-B762-6BAFA8FFB7BC}
		{E1E0F75F-FF8C-4AD7-816C-87D6421A026B} = {D24E736C-7E9A-4132-B762-6BAFA8FFB7BC}
		{C05F0E57-9628-43F1-9EE6-1C14C82C6F0D} = {D24E736C-7E9A-4132-B762-6BAFA8FFB7BC}
		{5D13E8E7-0593-4640-B59A-D0D0860504E8} = {D24E736C-7E9A-4132-B762-6BAFA8FFB7BC}
		{F367F89E-E79F-4332-AD93-85E7CFF7391C} = {D24E736C-7E9A-4132-B762-6BAFA8FFB7BC}
		{0F7EA64E-5BA5-4E23-B755-6A77A503B6BB} = {D24E736C-7E9A-4132-B762-6BAFA8FFB7BC}
		{ECC8BA50-7423-4BE3-9196-5840550B8195} = {D24E736C-7E9A-4132-B762-6BAFA8FFB7BC}
		{00636A5F-DA3A-4E3E-B673-D483834684E3} = {D24E736C-7E9A-4132-B762-6BAFA8FFB7BC}
		{A0A841D3-8757-4B01-866F-4F241B81FC94} = {D24E736C-7E9A-4132-B762-6BAFA8FFB7BC}
		{C8AC9389-64E8-4390-92C0-6670C777236F} = {D24E736C-7E9A-4132-B762-6BAFA8FFB7BC}
		{0934ED52-309E-4EE1-90E1-0E4ED3D1372C} = {D24E736C-7E9A-4132-B762-6BAFA8FFB7BC}
		{D7B35904-EF3E-4F40-A1C5-6FC59A3F8CB5} = {C05F0E57-9628-43F1-9EE6-1C14C82C6F0D}
		{C037E2CB-BC2A-4551-9551-2150380E0109} = {C05F0E57-9628-43F1-9EE6-1C14C82C6F0D}
		{9000E30D-23C8-433A-B464-FF45F29043E2} = {C05F0E57-9628-43F1-9EE6-1C14C82C6F0D}
		{15517F8C-42DB-4D77-831D-5A6E815F3914} = {C05F0E57-9628-43F1-9EE6-1C14C82C6F0D}
		{81BE78B6-A114-4542-9877-7AF353EC24DF} = {C05F0E57-9628-43F1-9EE6-1C14C82C6F0D}
		{0854603B-BBB7-4AE6-A3CE-598803AC1214} = {0F7EA64E-5BA5-4E23-B755-6A77A503B6BB}
		{167278C5-6A53-4276-AE66-80E1BF085F8B} = {0F7EA64E-5BA5-4E23-B755-6A77A503B6BB}
		{6D289D39-DB45-43A5-B008-E9B5B3362569} = {0F7EA64E-5BA5-4E23-B755-6A77A503B6BB}
		{A8B90A63-3CDD-4C9D-A5D6-0B9263FB7029} = {0F7EA64E-5BA5-4E23-B755-6A77A503B6BB}
		{CFAB3898-AA75-4E45-8FBC-A57897F604E7} = {0F7EA64E-5BA5-4E23-B755-6A77A503B6BB}
		{B1CCACA7-24CD-44CF-A3DB-0CD6D5480094} = {0F7EA64E-5BA5-4E23-B755-6A77A503B6BB}
		{256E4D6E-0252-405E-B516-4CEAF129A5F5} = {0F7EA64E-5BA5-4E23-B755-6A77A503B6BB}
		{916330E8-A46E-4BE0-9968-ADACBAE82294} = {0F7EA64E-5BA5-4E23-B755-6A77A503B6BB}
		{89826D7A-AA44-4088-8AC2-1420E19A353E} = {6D289D39-DB45-43A5-B008-E9B5B3362569}
		{9DA39E6F-2DC9-4D4E-9E86-10770D067136} = {6D289D39-DB45-43A5-B008-E9B5B3362569}
		{51959516-FCF7-4E44-B89F-E1BF5F40D84D} = {B1CCACA7-24CD-44CF-A3DB-0CD6D5480094}
	EndGlobalSection
	GlobalSection(MonoDevelopProperties) = preSolution
		StartupItem = Core\Tests\TextSerializationTests\TextSerializationTests.csproj
	EndGlobalSection
	GlobalSection(SolutionProperties) = preSolution
		HideSolutionNode = FALSE
	EndGlobalSection
EndGlobal
