
Microsoft Visual Studio Solution File, Format Version 12.00
# Visual Studio 2012
Project("{FAE04EC0-301F-11D3-BF4B-00C04F79EFBC}") = "SimplyMobile.Core", "SimplyMobile.Core\SimplyMobile.Core.csproj", "{0746722C-147B-4481-AD24-90BB84605585}"
EndProject
Project("{FAE04EC0-301F-11D3-BF4B-00C04F79EFBC}") = "SimplyMobile.Device", "SimplyMobile.Device\SimplyMobile.Device.csproj", "{D4629E7E-83F5-4217-91AD-9E11DEA5DB86}"
EndProject
Project("{2150E333-8FDC-42A3-9474-1A3956D46DE8}") = "Tests", "Tests", "{25FD5BB3-6032-4AF8-9044-77D6706C3F0A}"
EndProject
Project("{FAE04EC0-301F-11D3-BF4B-00C04F79EFBC}") = "DeviceTests", "Tests\DeviceTests\DeviceTests.csproj", "{591BA7D5-F7E5-4136-B059-2E91A377D052}"
EndProject
Project("{FAE04EC0-301F-11D3-BF4B-00C04F79EFBC}") = "SimplyMobile.Media", "SimplyMobile.Media\SimplyMobile.Media.csproj", "{65A0AD06-A0BD-46B3-AF7D-835D6A76601D}"
EndProject
Project("{2150E333-8FDC-42A3-9474-1A3956D46DE8}") = "Plugins", "Plugins", "{DF8B1D16-6AED-4D7C-847C-1D7B556A607F}"
EndProject
Project("{FAE04EC0-301F-11D3-BF4B-00C04F79EFBC}") = "SimplyMobile.Text.JsonNet", "Plugins\SimplyMobile.Text.JsonNet\SimplyMobile.Text.JsonNet.csproj", "{799CA059-8A4F-465E-96DC-B302F836F82C}"
EndProject
Project("{FAE04EC0-301F-11D3-BF4B-00C04F79EFBC}") = "SimplyMobile.Text.ServiceStack", "Plugins\SimplyMobile.Text.ServiceStack\SimplyMobile.Text.ServiceStack.csproj", "{B8FE27B3-F683-4B12-BCA7-344EF9A71046}"
EndProject
Project("{FAE04EC0-301F-11D3-BF4B-00C04F79EFBC}") = "SimplyMobile.Data", "SimplyMobile.Data\SimplyMobile.Data.csproj", "{3323A69A-444A-4190-9A78-2185321D7DF3}"
EndProject
Project("{2150E333-8FDC-42A3-9474-1A3956D46DE8}") = "Stocks", "Stocks", "{A33CD854-0BE5-438B-99FF-B8B5545EAB42}"
EndProject
Project("{FAE04EC0-301F-11D3-BF4B-00C04F79EFBC}") = "SimplyMobile.Plugins.WcfStockService.WP8", "Plugins\SimplyMobile.Plugins.WcfStockService.WP8\SimplyMobile.Plugins.WcfStockService.WP8.csproj", "{58AE919F-2A36-493B-BD95-638FBD70DF3F}"
EndProject
Project("{FAE04EC0-301F-11D3-BF4B-00C04F79EFBC}") = "SimplyMobile.Plugins.StockView.WP8", "..\Core\Plugins\Stocks\SimplyMobile.Plugins.StockView\SimplyMobile.Plugins.StockView.WP8.csproj", "{A62222D5-BB75-4BB7-8BAD-A06A35152DE7}"
EndProject
Project("{FAE04EC0-301F-11D3-BF4B-00C04F79EFBC}") = "TextSerializationTests", "Tests\TextSerializationTests\TextSerializationTests.csproj", "{19ACFA29-0290-4476-A5FA-CF4B5E38A8FE}"
EndProject
Project("{FAE04EC0-301F-11D3-BF4B-00C04F79EFBC}") = "SimplyMobile.Text", "..\Core\SimplyMobile.Text\SimplyMobile.Text.csproj", "{F367F89E-E79F-4332-AD93-85E7CFF7391C}"
EndProject
Project("{FAE04EC0-301F-11D3-BF4B-00C04F79EFBC}") = "SimplyMobile.Web", "..\Core\SimplyMobile.Web\SimplyMobile.Web.csproj", "{00636A5F-DA3A-4E3E-B673-D483834684E3}"
EndProject
Project("{FAE04EC0-301F-11D3-BF4B-00C04F79EFBC}") = "SimplyMobile.Text.ProtoBuffer", "..\Core\Plugins\SimplyMobile.Text.ProtoBuffer\SimplyMobile.Text.ProtoBuffer.csproj", "{256E4D6E-0252-405E-B516-4CEAF129A5F5}"
EndProject
Project("{FAE04EC0-301F-11D3-BF4B-00C04F79EFBC}") = "SimplyMobile.Web.WP8", "..\Core\SimplyMobile.Web\SimplyMobile.Web.WP8.csproj", "{506D4006-637D-43D6-B64E-4EB74618DDC5}"
EndProject
Project("{FAE04EC0-301F-11D3-BF4B-00C04F79EFBC}") = "WebClientTest", "Tests\WebClientTest\WebClientTest.csproj", "{541BB4E7-EDCA-47BF-BBB4-7AA0A516E9A5}"
EndProject
Project("{2150E333-8FDC-42A3-9474-1A3956D46DE8}") = "Hybrid", "Hybrid", "{FC8EBE8B-65A1-49A7-BF75-5FCD2AF8E1E8}"
EndProject
Project("{FAE04EC0-301F-11D3-BF4B-00C04F79EFBC}") = "SimplyMobile.Web.CanvasJs.WP8", "..\Core\Plugins\Hybrid\SimplyMobile.Web.CanvasJs\SimplyMobile.Web.CanvasJs.WP8.csproj", "{0F62CCA2-E2AA-4444-9541-B8B78E6C1E9F}"
EndProject
Project("{FAE04EC0-301F-11D3-BF4B-00C04F79EFBC}") = "DependencyResolverTests", "DependencyResolverTests\DependencyResolverTests.csproj", "{F7D1A309-8D45-45F6-9EBC-A62B1A930164}"
EndProject
Project("{FAE04EC0-301F-11D3-BF4B-00C04F79EFBC}") = "SimplyMobile.Text.FastJson.WP8", "..\Core\Plugins\SimplyMobile.Text.FastJson\SimplyMobile.Text.FastJson.WP8.csproj", "{76AE7448-BE02-47DA-8503-00FC2FFCF1A7}"
EndProject
Project("{FAE04EC0-301F-11D3-BF4B-00C04F79EFBC}") = "SimplyMobile.Location", "SimplyMobile.Location\SimplyMobile.Location.csproj", "{DF4A987F-9690-4A7F-B278-936F3E31E99D}"
EndProject
Project("{2150E333-8FDC-42A3-9474-1A3956D46DE8}") = "Location", "Location", "{BAB9723F-82E0-42FE-8DC5-6B291313E27D}"
EndProject
Project("{FAE04EC0-301F-11D3-BF4B-00C04F79EFBC}") = "SimplyMobile.Location.Bing.WP8", "..\Core\Plugins\Location\SimplyMobile.Location.Bing\SimplyMobile.Location.Bing.WP8.csproj", "{1CF9D3EB-2EC3-43CB-8B73-64B4617E70E8}"
EndProject
Project("{FAE04EC0-301F-11D3-BF4B-00C04F79EFBC}") = "BingTests", "Tests\BingTests\BingTests.csproj", "{00F71DAF-4B08-4D1A-B005-469B7B0CF5EE}"
EndProject
Global
	GlobalSection(SolutionConfigurationPlatforms) = preSolution
		CoreOnly|Any CPU = CoreOnly|Any CPU
		CoreOnly|ARM = CoreOnly|ARM
		CoreOnly|Mixed Platforms = CoreOnly|Mixed Platforms
		CoreOnly|x86 = CoreOnly|x86
		Debug|Any CPU = Debug|Any CPU
		Debug|ARM = Debug|ARM
		Debug|Mixed Platforms = Debug|Mixed Platforms
		Debug|x86 = Debug|x86
		Release|Any CPU = Release|Any CPU
		Release|ARM = Release|ARM
		Release|Mixed Platforms = Release|Mixed Platforms
		Release|x86 = Release|x86
	EndGlobalSection
	GlobalSection(ProjectConfigurationPlatforms) = postSolution
		{0746722C-147B-4481-AD24-90BB84605585}.CoreOnly|Any CPU.ActiveCfg = Release|Any CPU
		{0746722C-147B-4481-AD24-90BB84605585}.CoreOnly|Any CPU.Build.0 = Release|Any CPU
		{0746722C-147B-4481-AD24-90BB84605585}.CoreOnly|ARM.ActiveCfg = Release|ARM
		{0746722C-147B-4481-AD24-90BB84605585}.CoreOnly|ARM.Build.0 = Release|ARM
		{0746722C-147B-4481-AD24-90BB84605585}.CoreOnly|Mixed Platforms.ActiveCfg = Release|x86
		{0746722C-147B-4481-AD24-90BB84605585}.CoreOnly|Mixed Platforms.Build.0 = Release|x86
		{0746722C-147B-4481-AD24-90BB84605585}.CoreOnly|x86.ActiveCfg = Release|x86
		{0746722C-147B-4481-AD24-90BB84605585}.CoreOnly|x86.Build.0 = Release|x86
		{0746722C-147B-4481-AD24-90BB84605585}.Debug|Any CPU.ActiveCfg = Debug|Any CPU
		{0746722C-147B-4481-AD24-90BB84605585}.Debug|Any CPU.Build.0 = Debug|Any CPU
		{0746722C-147B-4481-AD24-90BB84605585}.Debug|ARM.ActiveCfg = Debug|ARM
		{0746722C-147B-4481-AD24-90BB84605585}.Debug|ARM.Build.0 = Debug|ARM
		{0746722C-147B-4481-AD24-90BB84605585}.Debug|Mixed Platforms.ActiveCfg = Debug|Any CPU
		{0746722C-147B-4481-AD24-90BB84605585}.Debug|Mixed Platforms.Build.0 = Debug|Any CPU
		{0746722C-147B-4481-AD24-90BB84605585}.Debug|x86.ActiveCfg = Debug|x86
		{0746722C-147B-4481-AD24-90BB84605585}.Debug|x86.Build.0 = Debug|x86
		{0746722C-147B-4481-AD24-90BB84605585}.Release|Any CPU.ActiveCfg = Release|Any CPU
		{0746722C-147B-4481-AD24-90BB84605585}.Release|Any CPU.Build.0 = Release|Any CPU
		{0746722C-147B-4481-AD24-90BB84605585}.Release|ARM.ActiveCfg = Release|ARM
		{0746722C-147B-4481-AD24-90BB84605585}.Release|ARM.Build.0 = Release|ARM
		{0746722C-147B-4481-AD24-90BB84605585}.Release|Mixed Platforms.ActiveCfg = Release|x86
		{0746722C-147B-4481-AD24-90BB84605585}.Release|Mixed Platforms.Build.0 = Release|x86
		{0746722C-147B-4481-AD24-90BB84605585}.Release|x86.ActiveCfg = Release|x86
		{0746722C-147B-4481-AD24-90BB84605585}.Release|x86.Build.0 = Release|x86
		{D4629E7E-83F5-4217-91AD-9E11DEA5DB86}.CoreOnly|Any CPU.ActiveCfg = Release|Any CPU
		{D4629E7E-83F5-4217-91AD-9E11DEA5DB86}.CoreOnly|Any CPU.Build.0 = Release|Any CPU
		{D4629E7E-83F5-4217-91AD-9E11DEA5DB86}.CoreOnly|ARM.ActiveCfg = Release|ARM
		{D4629E7E-83F5-4217-91AD-9E11DEA5DB86}.CoreOnly|ARM.Build.0 = Release|ARM
		{D4629E7E-83F5-4217-91AD-9E11DEA5DB86}.CoreOnly|Mixed Platforms.ActiveCfg = Release|x86
		{D4629E7E-83F5-4217-91AD-9E11DEA5DB86}.CoreOnly|Mixed Platforms.Build.0 = Release|x86
		{D4629E7E-83F5-4217-91AD-9E11DEA5DB86}.CoreOnly|x86.ActiveCfg = Release|x86
		{D4629E7E-83F5-4217-91AD-9E11DEA5DB86}.CoreOnly|x86.Build.0 = Release|x86
		{D4629E7E-83F5-4217-91AD-9E11DEA5DB86}.Debug|Any CPU.ActiveCfg = Debug|Any CPU
		{D4629E7E-83F5-4217-91AD-9E11DEA5DB86}.Debug|Any CPU.Build.0 = Debug|Any CPU
		{D4629E7E-83F5-4217-91AD-9E11DEA5DB86}.Debug|ARM.ActiveCfg = Debug|ARM
		{D4629E7E-83F5-4217-91AD-9E11DEA5DB86}.Debug|ARM.Build.0 = Debug|ARM
		{D4629E7E-83F5-4217-91AD-9E11DEA5DB86}.Debug|Mixed Platforms.ActiveCfg = Debug|Any CPU
		{D4629E7E-83F5-4217-91AD-9E11DEA5DB86}.Debug|Mixed Platforms.Build.0 = Debug|Any CPU
		{D4629E7E-83F5-4217-91AD-9E11DEA5DB86}.Debug|x86.ActiveCfg = Debug|x86
		{D4629E7E-83F5-4217-91AD-9E11DEA5DB86}.Debug|x86.Build.0 = Debug|x86
		{D4629E7E-83F5-4217-91AD-9E11DEA5DB86}.Release|Any CPU.ActiveCfg = Release|Any CPU
		{D4629E7E-83F5-4217-91AD-9E11DEA5DB86}.Release|Any CPU.Build.0 = Release|Any CPU
		{D4629E7E-83F5-4217-91AD-9E11DEA5DB86}.Release|ARM.ActiveCfg = Release|ARM
		{D4629E7E-83F5-4217-91AD-9E11DEA5DB86}.Release|ARM.Build.0 = Release|ARM
		{D4629E7E-83F5-4217-91AD-9E11DEA5DB86}.Release|Mixed Platforms.ActiveCfg = Release|x86
		{D4629E7E-83F5-4217-91AD-9E11DEA5DB86}.Release|Mixed Platforms.Build.0 = Release|x86
		{D4629E7E-83F5-4217-91AD-9E11DEA5DB86}.Release|x86.ActiveCfg = Release|x86
		{D4629E7E-83F5-4217-91AD-9E11DEA5DB86}.Release|x86.Build.0 = Release|x86
		{591BA7D5-F7E5-4136-B059-2E91A377D052}.CoreOnly|Any CPU.ActiveCfg = Release|Any CPU
		{591BA7D5-F7E5-4136-B059-2E91A377D052}.CoreOnly|Any CPU.Build.0 = Release|Any CPU
		{591BA7D5-F7E5-4136-B059-2E91A377D052}.CoreOnly|Any CPU.Deploy.0 = Release|Any CPU
		{591BA7D5-F7E5-4136-B059-2E91A377D052}.CoreOnly|ARM.ActiveCfg = Release|ARM
		{591BA7D5-F7E5-4136-B059-2E91A377D052}.CoreOnly|ARM.Build.0 = Release|ARM
		{591BA7D5-F7E5-4136-B059-2E91A377D052}.CoreOnly|ARM.Deploy.0 = Release|ARM
		{591BA7D5-F7E5-4136-B059-2E91A377D052}.CoreOnly|Mixed Platforms.ActiveCfg = Release|x86
		{591BA7D5-F7E5-4136-B059-2E91A377D052}.CoreOnly|Mixed Platforms.Build.0 = Release|x86
		{591BA7D5-F7E5-4136-B059-2E91A377D052}.CoreOnly|Mixed Platforms.Deploy.0 = Release|x86
		{591BA7D5-F7E5-4136-B059-2E91A377D052}.CoreOnly|x86.ActiveCfg = Release|x86
		{591BA7D5-F7E5-4136-B059-2E91A377D052}.CoreOnly|x86.Build.0 = Release|x86
		{591BA7D5-F7E5-4136-B059-2E91A377D052}.CoreOnly|x86.Deploy.0 = Release|x86
		{591BA7D5-F7E5-4136-B059-2E91A377D052}.Debug|Any CPU.ActiveCfg = Debug|Any CPU
		{591BA7D5-F7E5-4136-B059-2E91A377D052}.Debug|Any CPU.Build.0 = Debug|Any CPU
		{591BA7D5-F7E5-4136-B059-2E91A377D052}.Debug|Any CPU.Deploy.0 = Debug|Any CPU
		{591BA7D5-F7E5-4136-B059-2E91A377D052}.Debug|ARM.ActiveCfg = Debug|ARM
		{591BA7D5-F7E5-4136-B059-2E91A377D052}.Debug|ARM.Build.0 = Debug|ARM
		{591BA7D5-F7E5-4136-B059-2E91A377D052}.Debug|ARM.Deploy.0 = Debug|ARM
		{591BA7D5-F7E5-4136-B059-2E91A377D052}.Debug|Mixed Platforms.ActiveCfg = Debug|Any CPU
		{591BA7D5-F7E5-4136-B059-2E91A377D052}.Debug|Mixed Platforms.Build.0 = Debug|Any CPU
		{591BA7D5-F7E5-4136-B059-2E91A377D052}.Debug|Mixed Platforms.Deploy.0 = Debug|Any CPU
		{591BA7D5-F7E5-4136-B059-2E91A377D052}.Debug|x86.ActiveCfg = Debug|x86
		{591BA7D5-F7E5-4136-B059-2E91A377D052}.Debug|x86.Build.0 = Debug|x86
		{591BA7D5-F7E5-4136-B059-2E91A377D052}.Debug|x86.Deploy.0 = Debug|x86
		{591BA7D5-F7E5-4136-B059-2E91A377D052}.Release|Any CPU.ActiveCfg = Release|Any CPU
		{591BA7D5-F7E5-4136-B059-2E91A377D052}.Release|Any CPU.Build.0 = Release|Any CPU
		{591BA7D5-F7E5-4136-B059-2E91A377D052}.Release|Any CPU.Deploy.0 = Release|Any CPU
		{591BA7D5-F7E5-4136-B059-2E91A377D052}.Release|ARM.ActiveCfg = Release|ARM
		{591BA7D5-F7E5-4136-B059-2E91A377D052}.Release|ARM.Build.0 = Release|ARM
		{591BA7D5-F7E5-4136-B059-2E91A377D052}.Release|ARM.Deploy.0 = Release|ARM
		{591BA7D5-F7E5-4136-B059-2E91A377D052}.Release|Mixed Platforms.ActiveCfg = Release|x86
		{591BA7D5-F7E5-4136-B059-2E91A377D052}.Release|Mixed Platforms.Build.0 = Release|x86
		{591BA7D5-F7E5-4136-B059-2E91A377D052}.Release|Mixed Platforms.Deploy.0 = Release|x86
		{591BA7D5-F7E5-4136-B059-2E91A377D052}.Release|x86.ActiveCfg = Release|x86
		{591BA7D5-F7E5-4136-B059-2E91A377D052}.Release|x86.Build.0 = Release|x86
		{591BA7D5-F7E5-4136-B059-2E91A377D052}.Release|x86.Deploy.0 = Release|x86
		{65A0AD06-A0BD-46B3-AF7D-835D6A76601D}.CoreOnly|Any CPU.ActiveCfg = Release|Any CPU
		{65A0AD06-A0BD-46B3-AF7D-835D6A76601D}.CoreOnly|Any CPU.Build.0 = Release|Any CPU
		{65A0AD06-A0BD-46B3-AF7D-835D6A76601D}.CoreOnly|ARM.ActiveCfg = Release|ARM
		{65A0AD06-A0BD-46B3-AF7D-835D6A76601D}.CoreOnly|ARM.Build.0 = Release|ARM
		{65A0AD06-A0BD-46B3-AF7D-835D6A76601D}.CoreOnly|Mixed Platforms.ActiveCfg = Release|x86
		{65A0AD06-A0BD-46B3-AF7D-835D6A76601D}.CoreOnly|Mixed Platforms.Build.0 = Release|x86
		{65A0AD06-A0BD-46B3-AF7D-835D6A76601D}.CoreOnly|x86.ActiveCfg = Release|x86
		{65A0AD06-A0BD-46B3-AF7D-835D6A76601D}.CoreOnly|x86.Build.0 = Release|x86
		{65A0AD06-A0BD-46B3-AF7D-835D6A76601D}.Debug|Any CPU.ActiveCfg = Debug|Any CPU
		{65A0AD06-A0BD-46B3-AF7D-835D6A76601D}.Debug|Any CPU.Build.0 = Debug|Any CPU
		{65A0AD06-A0BD-46B3-AF7D-835D6A76601D}.Debug|ARM.ActiveCfg = Debug|ARM
		{65A0AD06-A0BD-46B3-AF7D-835D6A76601D}.Debug|ARM.Build.0 = Debug|ARM
		{65A0AD06-A0BD-46B3-AF7D-835D6A76601D}.Debug|Mixed Platforms.ActiveCfg = Debug|Any CPU
		{65A0AD06-A0BD-46B3-AF7D-835D6A76601D}.Debug|Mixed Platforms.Build.0 = Debug|Any CPU
		{65A0AD06-A0BD-46B3-AF7D-835D6A76601D}.Debug|x86.ActiveCfg = Debug|x86
		{65A0AD06-A0BD-46B3-AF7D-835D6A76601D}.Debug|x86.Build.0 = Debug|x86
		{65A0AD06-A0BD-46B3-AF7D-835D6A76601D}.Release|Any CPU.ActiveCfg = Release|Any CPU
		{65A0AD06-A0BD-46B3-AF7D-835D6A76601D}.Release|Any CPU.Build.0 = Release|Any CPU
		{65A0AD06-A0BD-46B3-AF7D-835D6A76601D}.Release|ARM.ActiveCfg = Release|ARM
		{65A0AD06-A0BD-46B3-AF7D-835D6A76601D}.Release|ARM.Build.0 = Release|ARM
		{65A0AD06-A0BD-46B3-AF7D-835D6A76601D}.Release|Mixed Platforms.ActiveCfg = Release|x86
		{65A0AD06-A0BD-46B3-AF7D-835D6A76601D}.Release|Mixed Platforms.Build.0 = Release|x86
		{65A0AD06-A0BD-46B3-AF7D-835D6A76601D}.Release|x86.ActiveCfg = Release|x86
		{65A0AD06-A0BD-46B3-AF7D-835D6A76601D}.Release|x86.Build.0 = Release|x86
		{799CA059-8A4F-465E-96DC-B302F836F82C}.CoreOnly|Any CPU.ActiveCfg = Release|Any CPU
		{799CA059-8A4F-465E-96DC-B302F836F82C}.CoreOnly|Any CPU.Build.0 = Release|Any CPU
		{799CA059-8A4F-465E-96DC-B302F836F82C}.CoreOnly|ARM.ActiveCfg = Release|ARM
		{799CA059-8A4F-465E-96DC-B302F836F82C}.CoreOnly|ARM.Build.0 = Release|ARM
		{799CA059-8A4F-465E-96DC-B302F836F82C}.CoreOnly|Mixed Platforms.ActiveCfg = Release|x86
		{799CA059-8A4F-465E-96DC-B302F836F82C}.CoreOnly|Mixed Platforms.Build.0 = Release|x86
		{799CA059-8A4F-465E-96DC-B302F836F82C}.CoreOnly|x86.ActiveCfg = Release|x86
		{799CA059-8A4F-465E-96DC-B302F836F82C}.CoreOnly|x86.Build.0 = Release|x86
		{799CA059-8A4F-465E-96DC-B302F836F82C}.Debug|Any CPU.ActiveCfg = Debug|Any CPU
		{799CA059-8A4F-465E-96DC-B302F836F82C}.Debug|Any CPU.Build.0 = Debug|Any CPU
		{799CA059-8A4F-465E-96DC-B302F836F82C}.Debug|ARM.ActiveCfg = Debug|ARM
		{799CA059-8A4F-465E-96DC-B302F836F82C}.Debug|ARM.Build.0 = Debug|ARM
		{799CA059-8A4F-465E-96DC-B302F836F82C}.Debug|Mixed Platforms.ActiveCfg = Debug|Any CPU
		{799CA059-8A4F-465E-96DC-B302F836F82C}.Debug|Mixed Platforms.Build.0 = Debug|Any CPU
		{799CA059-8A4F-465E-96DC-B302F836F82C}.Debug|x86.ActiveCfg = Debug|x86
		{799CA059-8A4F-465E-96DC-B302F836F82C}.Debug|x86.Build.0 = Debug|x86
		{799CA059-8A4F-465E-96DC-B302F836F82C}.Release|Any CPU.ActiveCfg = Release|Any CPU
		{799CA059-8A4F-465E-96DC-B302F836F82C}.Release|Any CPU.Build.0 = Release|Any CPU
		{799CA059-8A4F-465E-96DC-B302F836F82C}.Release|ARM.ActiveCfg = Release|ARM
		{799CA059-8A4F-465E-96DC-B302F836F82C}.Release|ARM.Build.0 = Release|ARM
		{799CA059-8A4F-465E-96DC-B302F836F82C}.Release|Mixed Platforms.ActiveCfg = Release|x86
		{799CA059-8A4F-465E-96DC-B302F836F82C}.Release|Mixed Platforms.Build.0 = Release|x86
		{799CA059-8A4F-465E-96DC-B302F836F82C}.Release|x86.ActiveCfg = Release|x86
		{799CA059-8A4F-465E-96DC-B302F836F82C}.Release|x86.Build.0 = Release|x86
		{B8FE27B3-F683-4B12-BCA7-344EF9A71046}.CoreOnly|Any CPU.ActiveCfg = Release|Any CPU
		{B8FE27B3-F683-4B12-BCA7-344EF9A71046}.CoreOnly|Any CPU.Build.0 = Release|Any CPU
		{B8FE27B3-F683-4B12-BCA7-344EF9A71046}.CoreOnly|ARM.ActiveCfg = Release|ARM
		{B8FE27B3-F683-4B12-BCA7-344EF9A71046}.CoreOnly|ARM.Build.0 = Release|ARM
		{B8FE27B3-F683-4B12-BCA7-344EF9A71046}.CoreOnly|Mixed Platforms.ActiveCfg = Release|x86
		{B8FE27B3-F683-4B12-BCA7-344EF9A71046}.CoreOnly|Mixed Platforms.Build.0 = Release|x86
		{B8FE27B3-F683-4B12-BCA7-344EF9A71046}.CoreOnly|x86.ActiveCfg = Release|x86
		{B8FE27B3-F683-4B12-BCA7-344EF9A71046}.CoreOnly|x86.Build.0 = Release|x86
		{B8FE27B3-F683-4B12-BCA7-344EF9A71046}.Debug|Any CPU.ActiveCfg = Debug|Any CPU
		{B8FE27B3-F683-4B12-BCA7-344EF9A71046}.Debug|Any CPU.Build.0 = Debug|Any CPU
		{B8FE27B3-F683-4B12-BCA7-344EF9A71046}.Debug|ARM.ActiveCfg = Debug|ARM
		{B8FE27B3-F683-4B12-BCA7-344EF9A71046}.Debug|ARM.Build.0 = Debug|ARM
		{B8FE27B3-F683-4B12-BCA7-344EF9A71046}.Debug|Mixed Platforms.ActiveCfg = Debug|Any CPU
		{B8FE27B3-F683-4B12-BCA7-344EF9A71046}.Debug|Mixed Platforms.Build.0 = Debug|Any CPU
		{B8FE27B3-F683-4B12-BCA7-344EF9A71046}.Debug|x86.ActiveCfg = Debug|x86
		{B8FE27B3-F683-4B12-BCA7-344EF9A71046}.Debug|x86.Build.0 = Debug|x86
		{B8FE27B3-F683-4B12-BCA7-344EF9A71046}.Release|Any CPU.ActiveCfg = Release|Any CPU
		{B8FE27B3-F683-4B12-BCA7-344EF9A71046}.Release|Any CPU.Build.0 = Release|Any CPU
		{B8FE27B3-F683-4B12-BCA7-344EF9A71046}.Release|ARM.ActiveCfg = Release|ARM
		{B8FE27B3-F683-4B12-BCA7-344EF9A71046}.Release|ARM.Build.0 = Release|ARM
		{B8FE27B3-F683-4B12-BCA7-344EF9A71046}.Release|Mixed Platforms.ActiveCfg = Release|x86
		{B8FE27B3-F683-4B12-BCA7-344EF9A71046}.Release|Mixed Platforms.Build.0 = Release|x86
		{B8FE27B3-F683-4B12-BCA7-344EF9A71046}.Release|x86.ActiveCfg = Release|x86
		{B8FE27B3-F683-4B12-BCA7-344EF9A71046}.Release|x86.Build.0 = Release|x86
		{3323A69A-444A-4190-9A78-2185321D7DF3}.CoreOnly|Any CPU.ActiveCfg = Release|Any CPU
		{3323A69A-444A-4190-9A78-2185321D7DF3}.CoreOnly|Any CPU.Build.0 = Release|Any CPU
		{3323A69A-444A-4190-9A78-2185321D7DF3}.CoreOnly|ARM.ActiveCfg = Release|ARM
		{3323A69A-444A-4190-9A78-2185321D7DF3}.CoreOnly|ARM.Build.0 = Release|ARM
		{3323A69A-444A-4190-9A78-2185321D7DF3}.CoreOnly|Mixed Platforms.ActiveCfg = Release|x86
		{3323A69A-444A-4190-9A78-2185321D7DF3}.CoreOnly|Mixed Platforms.Build.0 = Release|x86
		{3323A69A-444A-4190-9A78-2185321D7DF3}.CoreOnly|x86.ActiveCfg = Release|x86
		{3323A69A-444A-4190-9A78-2185321D7DF3}.CoreOnly|x86.Build.0 = Release|x86
		{3323A69A-444A-4190-9A78-2185321D7DF3}.Debug|Any CPU.ActiveCfg = Debug|Any CPU
		{3323A69A-444A-4190-9A78-2185321D7DF3}.Debug|Any CPU.Build.0 = Debug|Any CPU
		{3323A69A-444A-4190-9A78-2185321D7DF3}.Debug|ARM.ActiveCfg = Debug|ARM
		{3323A69A-444A-4190-9A78-2185321D7DF3}.Debug|ARM.Build.0 = Debug|ARM
		{3323A69A-444A-4190-9A78-2185321D7DF3}.Debug|Mixed Platforms.ActiveCfg = Debug|Any CPU
		{3323A69A-444A-4190-9A78-2185321D7DF3}.Debug|Mixed Platforms.Build.0 = Debug|Any CPU
		{3323A69A-444A-4190-9A78-2185321D7DF3}.Debug|x86.ActiveCfg = Debug|x86
		{3323A69A-444A-4190-9A78-2185321D7DF3}.Debug|x86.Build.0 = Debug|x86
		{3323A69A-444A-4190-9A78-2185321D7DF3}.Release|Any CPU.ActiveCfg = Release|Any CPU
		{3323A69A-444A-4190-9A78-2185321D7DF3}.Release|Any CPU.Build.0 = Release|Any CPU
		{3323A69A-444A-4190-9A78-2185321D7DF3}.Release|ARM.ActiveCfg = Release|ARM
		{3323A69A-444A-4190-9A78-2185321D7DF3}.Release|ARM.Build.0 = Release|ARM
		{3323A69A-444A-4190-9A78-2185321D7DF3}.Release|Mixed Platforms.ActiveCfg = Release|x86
		{3323A69A-444A-4190-9A78-2185321D7DF3}.Release|Mixed Platforms.Build.0 = Release|x86
		{3323A69A-444A-4190-9A78-2185321D7DF3}.Release|x86.ActiveCfg = Release|x86
		{3323A69A-444A-4190-9A78-2185321D7DF3}.Release|x86.Build.0 = Release|x86
		{58AE919F-2A36-493B-BD95-638FBD70DF3F}.CoreOnly|Any CPU.ActiveCfg = Release|Any CPU
		{58AE919F-2A36-493B-BD95-638FBD70DF3F}.CoreOnly|Any CPU.Build.0 = Release|Any CPU
		{58AE919F-2A36-493B-BD95-638FBD70DF3F}.CoreOnly|ARM.ActiveCfg = Release|ARM
		{58AE919F-2A36-493B-BD95-638FBD70DF3F}.CoreOnly|ARM.Build.0 = Release|ARM
		{58AE919F-2A36-493B-BD95-638FBD70DF3F}.CoreOnly|Mixed Platforms.ActiveCfg = Release|x86
		{58AE919F-2A36-493B-BD95-638FBD70DF3F}.CoreOnly|Mixed Platforms.Build.0 = Release|x86
		{58AE919F-2A36-493B-BD95-638FBD70DF3F}.CoreOnly|x86.ActiveCfg = Release|x86
		{58AE919F-2A36-493B-BD95-638FBD70DF3F}.CoreOnly|x86.Build.0 = Release|x86
		{58AE919F-2A36-493B-BD95-638FBD70DF3F}.Debug|Any CPU.ActiveCfg = Debug|Any CPU
		{58AE919F-2A36-493B-BD95-638FBD70DF3F}.Debug|Any CPU.Build.0 = Debug|Any CPU
		{58AE919F-2A36-493B-BD95-638FBD70DF3F}.Debug|ARM.ActiveCfg = Debug|ARM
		{58AE919F-2A36-493B-BD95-638FBD70DF3F}.Debug|ARM.Build.0 = Debug|ARM
		{58AE919F-2A36-493B-BD95-638FBD70DF3F}.Debug|Mixed Platforms.ActiveCfg = Debug|Any CPU
		{58AE919F-2A36-493B-BD95-638FBD70DF3F}.Debug|Mixed Platforms.Build.0 = Debug|Any CPU
		{58AE919F-2A36-493B-BD95-638FBD70DF3F}.Debug|x86.ActiveCfg = Debug|x86
		{58AE919F-2A36-493B-BD95-638FBD70DF3F}.Debug|x86.Build.0 = Debug|x86
		{58AE919F-2A36-493B-BD95-638FBD70DF3F}.Release|Any CPU.ActiveCfg = Release|Any CPU
		{58AE919F-2A36-493B-BD95-638FBD70DF3F}.Release|Any CPU.Build.0 = Release|Any CPU
		{58AE919F-2A36-493B-BD95-638FBD70DF3F}.Release|ARM.ActiveCfg = Release|ARM
		{58AE919F-2A36-493B-BD95-638FBD70DF3F}.Release|ARM.Build.0 = Release|ARM
		{58AE919F-2A36-493B-BD95-638FBD70DF3F}.Release|Mixed Platforms.ActiveCfg = Release|x86
		{58AE919F-2A36-493B-BD95-638FBD70DF3F}.Release|Mixed Platforms.Build.0 = Release|x86
		{58AE919F-2A36-493B-BD95-638FBD70DF3F}.Release|x86.ActiveCfg = Release|x86
		{58AE919F-2A36-493B-BD95-638FBD70DF3F}.Release|x86.Build.0 = Release|x86
		{A62222D5-BB75-4BB7-8BAD-A06A35152DE7}.CoreOnly|Any CPU.ActiveCfg = Release|Any CPU
		{A62222D5-BB75-4BB7-8BAD-A06A35152DE7}.CoreOnly|Any CPU.Build.0 = Release|Any CPU
		{A62222D5-BB75-4BB7-8BAD-A06A35152DE7}.CoreOnly|ARM.ActiveCfg = Release|ARM
		{A62222D5-BB75-4BB7-8BAD-A06A35152DE7}.CoreOnly|ARM.Build.0 = Release|ARM
		{A62222D5-BB75-4BB7-8BAD-A06A35152DE7}.CoreOnly|Mixed Platforms.ActiveCfg = Release|x86
		{A62222D5-BB75-4BB7-8BAD-A06A35152DE7}.CoreOnly|Mixed Platforms.Build.0 = Release|x86
		{A62222D5-BB75-4BB7-8BAD-A06A35152DE7}.CoreOnly|x86.ActiveCfg = Release|x86
		{A62222D5-BB75-4BB7-8BAD-A06A35152DE7}.CoreOnly|x86.Build.0 = Release|x86
		{A62222D5-BB75-4BB7-8BAD-A06A35152DE7}.Debug|Any CPU.ActiveCfg = Debug|Any CPU
		{A62222D5-BB75-4BB7-8BAD-A06A35152DE7}.Debug|Any CPU.Build.0 = Debug|Any CPU
		{A62222D5-BB75-4BB7-8BAD-A06A35152DE7}.Debug|ARM.ActiveCfg = Debug|ARM
		{A62222D5-BB75-4BB7-8BAD-A06A35152DE7}.Debug|ARM.Build.0 = Debug|ARM
		{A62222D5-BB75-4BB7-8BAD-A06A35152DE7}.Debug|Mixed Platforms.ActiveCfg = Debug|Any CPU
		{A62222D5-BB75-4BB7-8BAD-A06A35152DE7}.Debug|Mixed Platforms.Build.0 = Debug|Any CPU
		{A62222D5-BB75-4BB7-8BAD-A06A35152DE7}.Debug|x86.ActiveCfg = Debug|x86
		{A62222D5-BB75-4BB7-8BAD-A06A35152DE7}.Debug|x86.Build.0 = Debug|x86
		{A62222D5-BB75-4BB7-8BAD-A06A35152DE7}.Release|Any CPU.ActiveCfg = Release|Any CPU
		{A62222D5-BB75-4BB7-8BAD-A06A35152DE7}.Release|Any CPU.Build.0 = Release|Any CPU
		{A62222D5-BB75-4BB7-8BAD-A06A35152DE7}.Release|ARM.ActiveCfg = Release|ARM
		{A62222D5-BB75-4BB7-8BAD-A06A35152DE7}.Release|ARM.Build.0 = Release|ARM
		{A62222D5-BB75-4BB7-8BAD-A06A35152DE7}.Release|Mixed Platforms.ActiveCfg = Release|x86
		{A62222D5-BB75-4BB7-8BAD-A06A35152DE7}.Release|Mixed Platforms.Build.0 = Release|x86
		{A62222D5-BB75-4BB7-8BAD-A06A35152DE7}.Release|x86.ActiveCfg = Release|x86
		{A62222D5-BB75-4BB7-8BAD-A06A35152DE7}.Release|x86.Build.0 = Release|x86
		{19ACFA29-0290-4476-A5FA-CF4B5E38A8FE}.CoreOnly|Any CPU.ActiveCfg = Release|x86
		{19ACFA29-0290-4476-A5FA-CF4B5E38A8FE}.CoreOnly|ARM.ActiveCfg = Release|ARM
		{19ACFA29-0290-4476-A5FA-CF4B5E38A8FE}.CoreOnly|ARM.Build.0 = Release|ARM
		{19ACFA29-0290-4476-A5FA-CF4B5E38A8FE}.CoreOnly|ARM.Deploy.0 = Release|ARM
		{19ACFA29-0290-4476-A5FA-CF4B5E38A8FE}.CoreOnly|Mixed Platforms.ActiveCfg = Release|x86
		{19ACFA29-0290-4476-A5FA-CF4B5E38A8FE}.CoreOnly|Mixed Platforms.Build.0 = Release|x86
		{19ACFA29-0290-4476-A5FA-CF4B5E38A8FE}.CoreOnly|Mixed Platforms.Deploy.0 = Release|x86
		{19ACFA29-0290-4476-A5FA-CF4B5E38A8FE}.CoreOnly|x86.ActiveCfg = Release|x86
		{19ACFA29-0290-4476-A5FA-CF4B5E38A8FE}.CoreOnly|x86.Build.0 = Release|x86
		{19ACFA29-0290-4476-A5FA-CF4B5E38A8FE}.CoreOnly|x86.Deploy.0 = Release|x86
		{19ACFA29-0290-4476-A5FA-CF4B5E38A8FE}.Debug|Any CPU.ActiveCfg = Debug|ARM
		{19ACFA29-0290-4476-A5FA-CF4B5E38A8FE}.Debug|Any CPU.Build.0 = Debug|ARM
		{19ACFA29-0290-4476-A5FA-CF4B5E38A8FE}.Debug|ARM.ActiveCfg = Debug|ARM
		{19ACFA29-0290-4476-A5FA-CF4B5E38A8FE}.Debug|ARM.Build.0 = Debug|ARM
		{19ACFA29-0290-4476-A5FA-CF4B5E38A8FE}.Debug|ARM.Deploy.0 = Debug|ARM
		{19ACFA29-0290-4476-A5FA-CF4B5E38A8FE}.Debug|Mixed Platforms.ActiveCfg = Debug|x86
		{19ACFA29-0290-4476-A5FA-CF4B5E38A8FE}.Debug|Mixed Platforms.Build.0 = Debug|x86
		{19ACFA29-0290-4476-A5FA-CF4B5E38A8FE}.Debug|Mixed Platforms.Deploy.0 = Debug|x86
		{19ACFA29-0290-4476-A5FA-CF4B5E38A8FE}.Debug|x86.ActiveCfg = Debug|x86
		{19ACFA29-0290-4476-A5FA-CF4B5E38A8FE}.Debug|x86.Build.0 = Debug|x86
		{19ACFA29-0290-4476-A5FA-CF4B5E38A8FE}.Debug|x86.Deploy.0 = Debug|x86
		{19ACFA29-0290-4476-A5FA-CF4B5E38A8FE}.Release|Any CPU.ActiveCfg = Release|x86
		{19ACFA29-0290-4476-A5FA-CF4B5E38A8FE}.Release|ARM.ActiveCfg = Release|ARM
		{19ACFA29-0290-4476-A5FA-CF4B5E38A8FE}.Release|ARM.Build.0 = Release|ARM
		{19ACFA29-0290-4476-A5FA-CF4B5E38A8FE}.Release|ARM.Deploy.0 = Release|ARM
		{19ACFA29-0290-4476-A5FA-CF4B5E38A8FE}.Release|Mixed Platforms.ActiveCfg = Release|x86
		{19ACFA29-0290-4476-A5FA-CF4B5E38A8FE}.Release|Mixed Platforms.Build.0 = Release|x86
		{19ACFA29-0290-4476-A5FA-CF4B5E38A8FE}.Release|Mixed Platforms.Deploy.0 = Release|x86
		{19ACFA29-0290-4476-A5FA-CF4B5E38A8FE}.Release|x86.ActiveCfg = Release|x86
		{19ACFA29-0290-4476-A5FA-CF4B5E38A8FE}.Release|x86.Build.0 = Release|x86
		{19ACFA29-0290-4476-A5FA-CF4B5E38A8FE}.Release|x86.Deploy.0 = Release|x86
		{F367F89E-E79F-4332-AD93-85E7CFF7391C}.CoreOnly|Any CPU.ActiveCfg = Release|Any CPU
		{F367F89E-E79F-4332-AD93-85E7CFF7391C}.CoreOnly|Any CPU.Build.0 = Release|Any CPU
		{F367F89E-E79F-4332-AD93-85E7CFF7391C}.CoreOnly|ARM.ActiveCfg = Release|Any CPU
		{F367F89E-E79F-4332-AD93-85E7CFF7391C}.CoreOnly|Mixed Platforms.ActiveCfg = Release|Any CPU
		{F367F89E-E79F-4332-AD93-85E7CFF7391C}.CoreOnly|Mixed Platforms.Build.0 = Release|Any CPU
		{F367F89E-E79F-4332-AD93-85E7CFF7391C}.CoreOnly|x86.ActiveCfg = Release|Any CPU
		{F367F89E-E79F-4332-AD93-85E7CFF7391C}.Debug|Any CPU.ActiveCfg = Debug|Any CPU
		{F367F89E-E79F-4332-AD93-85E7CFF7391C}.Debug|Any CPU.Build.0 = Debug|Any CPU
		{F367F89E-E79F-4332-AD93-85E7CFF7391C}.Debug|ARM.ActiveCfg = Debug|Any CPU
		{F367F89E-E79F-4332-AD93-85E7CFF7391C}.Debug|ARM.Build.0 = Debug|Any CPU
		{F367F89E-E79F-4332-AD93-85E7CFF7391C}.Debug|Mixed Platforms.ActiveCfg = Debug|Any CPU
		{F367F89E-E79F-4332-AD93-85E7CFF7391C}.Debug|Mixed Platforms.Build.0 = Debug|Any CPU
		{F367F89E-E79F-4332-AD93-85E7CFF7391C}.Debug|x86.ActiveCfg = Debug|Any CPU
		{F367F89E-E79F-4332-AD93-85E7CFF7391C}.Release|Any CPU.ActiveCfg = Release|Any CPU
		{F367F89E-E79F-4332-AD93-85E7CFF7391C}.Release|Any CPU.Build.0 = Release|Any CPU
		{F367F89E-E79F-4332-AD93-85E7CFF7391C}.Release|ARM.ActiveCfg = Release|Any CPU
		{F367F89E-E79F-4332-AD93-85E7CFF7391C}.Release|Mixed Platforms.ActiveCfg = Release|Any CPU
		{F367F89E-E79F-4332-AD93-85E7CFF7391C}.Release|Mixed Platforms.Build.0 = Release|Any CPU
		{F367F89E-E79F-4332-AD93-85E7CFF7391C}.Release|x86.ActiveCfg = Release|Any CPU
		{00636A5F-DA3A-4E3E-B673-D483834684E3}.CoreOnly|Any CPU.ActiveCfg = Release|Any CPU
		{00636A5F-DA3A-4E3E-B673-D483834684E3}.CoreOnly|Any CPU.Build.0 = Release|Any CPU
		{00636A5F-DA3A-4E3E-B673-D483834684E3}.CoreOnly|ARM.ActiveCfg = Release|Any CPU
		{00636A5F-DA3A-4E3E-B673-D483834684E3}.CoreOnly|Mixed Platforms.ActiveCfg = Release|Any CPU
		{00636A5F-DA3A-4E3E-B673-D483834684E3}.CoreOnly|Mixed Platforms.Build.0 = Release|Any CPU
		{00636A5F-DA3A-4E3E-B673-D483834684E3}.CoreOnly|x86.ActiveCfg = Release|Any CPU
		{00636A5F-DA3A-4E3E-B673-D483834684E3}.Debug|Any CPU.ActiveCfg = Debug|Any CPU
		{00636A5F-DA3A-4E3E-B673-D483834684E3}.Debug|Any CPU.Build.0 = Debug|Any CPU
		{00636A5F-DA3A-4E3E-B673-D483834684E3}.Debug|ARM.ActiveCfg = Debug|Any CPU
		{00636A5F-DA3A-4E3E-B673-D483834684E3}.Debug|ARM.Build.0 = Debug|Any CPU
		{00636A5F-DA3A-4E3E-B673-D483834684E3}.Debug|Mixed Platforms.ActiveCfg = Debug|Any CPU
		{00636A5F-DA3A-4E3E-B673-D483834684E3}.Debug|Mixed Platforms.Build.0 = Debug|Any CPU
		{00636A5F-DA3A-4E3E-B673-D483834684E3}.Debug|x86.ActiveCfg = Debug|Any CPU
		{00636A5F-DA3A-4E3E-B673-D483834684E3}.Release|Any CPU.ActiveCfg = Release|Any CPU
		{00636A5F-DA3A-4E3E-B673-D483834684E3}.Release|Any CPU.Build.0 = Release|Any CPU
		{00636A5F-DA3A-4E3E-B673-D483834684E3}.Release|ARM.ActiveCfg = Release|Any CPU
		{00636A5F-DA3A-4E3E-B673-D483834684E3}.Release|Mixed Platforms.ActiveCfg = Release|Any CPU
		{00636A5F-DA3A-4E3E-B673-D483834684E3}.Release|Mixed Platforms.Build.0 = Release|Any CPU
		{00636A5F-DA3A-4E3E-B673-D483834684E3}.Release|x86.ActiveCfg = Release|Any CPU
		{256E4D6E-0252-405E-B516-4CEAF129A5F5}.CoreOnly|Any CPU.ActiveCfg = Release|Any CPU
		{256E4D6E-0252-405E-B516-4CEAF129A5F5}.CoreOnly|Any CPU.Build.0 = Release|Any CPU
		{256E4D6E-0252-405E-B516-4CEAF129A5F5}.CoreOnly|ARM.ActiveCfg = Release|Any CPU
		{256E4D6E-0252-405E-B516-4CEAF129A5F5}.CoreOnly|Mixed Platforms.ActiveCfg = Release|Any CPU
		{256E4D6E-0252-405E-B516-4CEAF129A5F5}.CoreOnly|Mixed Platforms.Build.0 = Release|Any CPU
		{256E4D6E-0252-405E-B516-4CEAF129A5F5}.CoreOnly|x86.ActiveCfg = Release|Any CPU
		{256E4D6E-0252-405E-B516-4CEAF129A5F5}.Debug|Any CPU.ActiveCfg = Debug|Any CPU
		{256E4D6E-0252-405E-B516-4CEAF129A5F5}.Debug|Any CPU.Build.0 = Debug|Any CPU
		{256E4D6E-0252-405E-B516-4CEAF129A5F5}.Debug|ARM.ActiveCfg = Debug|Any CPU
		{256E4D6E-0252-405E-B516-4CEAF129A5F5}.Debug|ARM.Build.0 = Debug|Any CPU
		{256E4D6E-0252-405E-B516-4CEAF129A5F5}.Debug|Mixed Platforms.ActiveCfg = Debug|Any CPU
		{256E4D6E-0252-405E-B516-4CEAF129A5F5}.Debug|Mixed Platforms.Build.0 = Debug|Any CPU
		{256E4D6E-0252-405E-B516-4CEAF129A5F5}.Debug|x86.ActiveCfg = Debug|Any CPU
		{256E4D6E-0252-405E-B516-4CEAF129A5F5}.Release|Any CPU.ActiveCfg = Release|Any CPU
		{256E4D6E-0252-405E-B516-4CEAF129A5F5}.Release|Any CPU.Build.0 = Release|Any CPU
		{256E4D6E-0252-405E-B516-4CEAF129A5F5}.Release|ARM.ActiveCfg = Release|Any CPU
		{256E4D6E-0252-405E-B516-4CEAF129A5F5}.Release|Mixed Platforms.ActiveCfg = Release|Any CPU
		{256E4D6E-0252-405E-B516-4CEAF129A5F5}.Release|Mixed Platforms.Build.0 = Release|Any CPU
		{256E4D6E-0252-405E-B516-4CEAF129A5F5}.Release|x86.ActiveCfg = Release|Any CPU
		{506D4006-637D-43D6-B64E-4EB74618DDC5}.CoreOnly|Any CPU.ActiveCfg = Release|Any CPU
		{506D4006-637D-43D6-B64E-4EB74618DDC5}.CoreOnly|Any CPU.Build.0 = Release|Any CPU
		{506D4006-637D-43D6-B64E-4EB74618DDC5}.CoreOnly|ARM.ActiveCfg = Release|ARM
		{506D4006-637D-43D6-B64E-4EB74618DDC5}.CoreOnly|ARM.Build.0 = Release|ARM
		{506D4006-637D-43D6-B64E-4EB74618DDC5}.CoreOnly|Mixed Platforms.ActiveCfg = Release|x86
		{506D4006-637D-43D6-B64E-4EB74618DDC5}.CoreOnly|Mixed Platforms.Build.0 = Release|x86
		{506D4006-637D-43D6-B64E-4EB74618DDC5}.CoreOnly|x86.ActiveCfg = Release|x86
		{506D4006-637D-43D6-B64E-4EB74618DDC5}.CoreOnly|x86.Build.0 = Release|x86
		{506D4006-637D-43D6-B64E-4EB74618DDC5}.Debug|Any CPU.ActiveCfg = Debug|Any CPU
		{506D4006-637D-43D6-B64E-4EB74618DDC5}.Debug|Any CPU.Build.0 = Debug|Any CPU
		{506D4006-637D-43D6-B64E-4EB74618DDC5}.Debug|ARM.ActiveCfg = Debug|ARM
		{506D4006-637D-43D6-B64E-4EB74618DDC5}.Debug|ARM.Build.0 = Debug|ARM
		{506D4006-637D-43D6-B64E-4EB74618DDC5}.Debug|Mixed Platforms.ActiveCfg = Debug|x86
		{506D4006-637D-43D6-B64E-4EB74618DDC5}.Debug|Mixed Platforms.Build.0 = Debug|x86
		{506D4006-637D-43D6-B64E-4EB74618DDC5}.Debug|x86.ActiveCfg = Debug|x86
		{506D4006-637D-43D6-B64E-4EB74618DDC5}.Debug|x86.Build.0 = Debug|x86
		{506D4006-637D-43D6-B64E-4EB74618DDC5}.Release|Any CPU.ActiveCfg = Release|Any CPU
		{506D4006-637D-43D6-B64E-4EB74618DDC5}.Release|Any CPU.Build.0 = Release|Any CPU
		{506D4006-637D-43D6-B64E-4EB74618DDC5}.Release|ARM.ActiveCfg = Release|ARM
		{506D4006-637D-43D6-B64E-4EB74618DDC5}.Release|ARM.Build.0 = Release|ARM
		{506D4006-637D-43D6-B64E-4EB74618DDC5}.Release|Mixed Platforms.ActiveCfg = Release|x86
		{506D4006-637D-43D6-B64E-4EB74618DDC5}.Release|Mixed Platforms.Build.0 = Release|x86
		{506D4006-637D-43D6-B64E-4EB74618DDC5}.Release|x86.ActiveCfg = Release|x86
		{506D4006-637D-43D6-B64E-4EB74618DDC5}.Release|x86.Build.0 = Release|x86
		{541BB4E7-EDCA-47BF-BBB4-7AA0A516E9A5}.CoreOnly|Any CPU.ActiveCfg = Release|Any CPU
		{541BB4E7-EDCA-47BF-BBB4-7AA0A516E9A5}.CoreOnly|Any CPU.Build.0 = Release|Any CPU
		{541BB4E7-EDCA-47BF-BBB4-7AA0A516E9A5}.CoreOnly|Any CPU.Deploy.0 = Release|Any CPU
		{541BB4E7-EDCA-47BF-BBB4-7AA0A516E9A5}.CoreOnly|ARM.ActiveCfg = Release|ARM
		{541BB4E7-EDCA-47BF-BBB4-7AA0A516E9A5}.CoreOnly|ARM.Build.0 = Release|ARM
		{541BB4E7-EDCA-47BF-BBB4-7AA0A516E9A5}.CoreOnly|ARM.Deploy.0 = Release|ARM
		{541BB4E7-EDCA-47BF-BBB4-7AA0A516E9A5}.CoreOnly|Mixed Platforms.ActiveCfg = Release|x86
		{541BB4E7-EDCA-47BF-BBB4-7AA0A516E9A5}.CoreOnly|Mixed Platforms.Build.0 = Release|x86
		{541BB4E7-EDCA-47BF-BBB4-7AA0A516E9A5}.CoreOnly|Mixed Platforms.Deploy.0 = Release|x86
		{541BB4E7-EDCA-47BF-BBB4-7AA0A516E9A5}.CoreOnly|x86.ActiveCfg = Release|x86
		{541BB4E7-EDCA-47BF-BBB4-7AA0A516E9A5}.CoreOnly|x86.Build.0 = Release|x86
		{541BB4E7-EDCA-47BF-BBB4-7AA0A516E9A5}.CoreOnly|x86.Deploy.0 = Release|x86
		{541BB4E7-EDCA-47BF-BBB4-7AA0A516E9A5}.Debug|Any CPU.ActiveCfg = Debug|Any CPU
		{541BB4E7-EDCA-47BF-BBB4-7AA0A516E9A5}.Debug|Any CPU.Build.0 = Debug|Any CPU
		{541BB4E7-EDCA-47BF-BBB4-7AA0A516E9A5}.Debug|Any CPU.Deploy.0 = Debug|Any CPU
		{541BB4E7-EDCA-47BF-BBB4-7AA0A516E9A5}.Debug|ARM.ActiveCfg = Debug|ARM
		{541BB4E7-EDCA-47BF-BBB4-7AA0A516E9A5}.Debug|ARM.Build.0 = Debug|ARM
		{541BB4E7-EDCA-47BF-BBB4-7AA0A516E9A5}.Debug|ARM.Deploy.0 = Debug|ARM
		{541BB4E7-EDCA-47BF-BBB4-7AA0A516E9A5}.Debug|Mixed Platforms.ActiveCfg = Debug|x86
		{541BB4E7-EDCA-47BF-BBB4-7AA0A516E9A5}.Debug|Mixed Platforms.Build.0 = Debug|x86
		{541BB4E7-EDCA-47BF-BBB4-7AA0A516E9A5}.Debug|Mixed Platforms.Deploy.0 = Debug|x86
		{541BB4E7-EDCA-47BF-BBB4-7AA0A516E9A5}.Debug|x86.ActiveCfg = Debug|x86
		{541BB4E7-EDCA-47BF-BBB4-7AA0A516E9A5}.Debug|x86.Build.0 = Debug|x86
		{541BB4E7-EDCA-47BF-BBB4-7AA0A516E9A5}.Debug|x86.Deploy.0 = Debug|x86
		{541BB4E7-EDCA-47BF-BBB4-7AA0A516E9A5}.Release|Any CPU.ActiveCfg = Release|Any CPU
		{541BB4E7-EDCA-47BF-BBB4-7AA0A516E9A5}.Release|Any CPU.Build.0 = Release|Any CPU
		{541BB4E7-EDCA-47BF-BBB4-7AA0A516E9A5}.Release|Any CPU.Deploy.0 = Release|Any CPU
		{541BB4E7-EDCA-47BF-BBB4-7AA0A516E9A5}.Release|ARM.ActiveCfg = Release|ARM
		{541BB4E7-EDCA-47BF-BBB4-7AA0A516E9A5}.Release|ARM.Build.0 = Release|ARM
		{541BB4E7-EDCA-47BF-BBB4-7AA0A516E9A5}.Release|ARM.Deploy.0 = Release|ARM
		{541BB4E7-EDCA-47BF-BBB4-7AA0A516E9A5}.Release|Mixed Platforms.ActiveCfg = Release|x86
		{541BB4E7-EDCA-47BF-BBB4-7AA0A516E9A5}.Release|Mixed Platforms.Build.0 = Release|x86
		{541BB4E7-EDCA-47BF-BBB4-7AA0A516E9A5}.Release|Mixed Platforms.Deploy.0 = Release|x86
		{541BB4E7-EDCA-47BF-BBB4-7AA0A516E9A5}.Release|x86.ActiveCfg = Release|x86
		{541BB4E7-EDCA-47BF-BBB4-7AA0A516E9A5}.Release|x86.Build.0 = Release|x86
		{541BB4E7-EDCA-47BF-BBB4-7AA0A516E9A5}.Release|x86.Deploy.0 = Release|x86
		{0F62CCA2-E2AA-4444-9541-B8B78E6C1E9F}.CoreOnly|Any CPU.ActiveCfg = Release|Any CPU
		{0F62CCA2-E2AA-4444-9541-B8B78E6C1E9F}.CoreOnly|Any CPU.Build.0 = Release|Any CPU
		{0F62CCA2-E2AA-4444-9541-B8B78E6C1E9F}.CoreOnly|ARM.ActiveCfg = Release|ARM
		{0F62CCA2-E2AA-4444-9541-B8B78E6C1E9F}.CoreOnly|ARM.Build.0 = Release|ARM
		{0F62CCA2-E2AA-4444-9541-B8B78E6C1E9F}.CoreOnly|Mixed Platforms.ActiveCfg = Release|x86
		{0F62CCA2-E2AA-4444-9541-B8B78E6C1E9F}.CoreOnly|Mixed Platforms.Build.0 = Release|x86
		{0F62CCA2-E2AA-4444-9541-B8B78E6C1E9F}.CoreOnly|x86.ActiveCfg = Release|x86
		{0F62CCA2-E2AA-4444-9541-B8B78E6C1E9F}.CoreOnly|x86.Build.0 = Release|x86
		{0F62CCA2-E2AA-4444-9541-B8B78E6C1E9F}.Debug|Any CPU.ActiveCfg = Debug|Any CPU
		{0F62CCA2-E2AA-4444-9541-B8B78E6C1E9F}.Debug|Any CPU.Build.0 = Debug|Any CPU
		{0F62CCA2-E2AA-4444-9541-B8B78E6C1E9F}.Debug|ARM.ActiveCfg = Debug|ARM
		{0F62CCA2-E2AA-4444-9541-B8B78E6C1E9F}.Debug|ARM.Build.0 = Debug|ARM
		{0F62CCA2-E2AA-4444-9541-B8B78E6C1E9F}.Debug|Mixed Platforms.ActiveCfg = Debug|x86
		{0F62CCA2-E2AA-4444-9541-B8B78E6C1E9F}.Debug|Mixed Platforms.Build.0 = Debug|x86
		{0F62CCA2-E2AA-4444-9541-B8B78E6C1E9F}.Debug|x86.ActiveCfg = Debug|x86
		{0F62CCA2-E2AA-4444-9541-B8B78E6C1E9F}.Debug|x86.Build.0 = Debug|x86
		{0F62CCA2-E2AA-4444-9541-B8B78E6C1E9F}.Release|Any CPU.ActiveCfg = Release|Any CPU
		{0F62CCA2-E2AA-4444-9541-B8B78E6C1E9F}.Release|Any CPU.Build.0 = Release|Any CPU
		{0F62CCA2-E2AA-4444-9541-B8B78E6C1E9F}.Release|ARM.ActiveCfg = Release|ARM
		{0F62CCA2-E2AA-4444-9541-B8B78E6C1E9F}.Release|ARM.Build.0 = Release|ARM
		{0F62CCA2-E2AA-4444-9541-B8B78E6C1E9F}.Release|Mixed Platforms.ActiveCfg = Release|x86
		{0F62CCA2-E2AA-4444-9541-B8B78E6C1E9F}.Release|Mixed Platforms.Build.0 = Release|x86
		{0F62CCA2-E2AA-4444-9541-B8B78E6C1E9F}.Release|x86.ActiveCfg = Release|x86
		{0F62CCA2-E2AA-4444-9541-B8B78E6C1E9F}.Release|x86.Build.0 = Release|x86
		{F7D1A309-8D45-45F6-9EBC-A62B1A930164}.CoreOnly|Any CPU.ActiveCfg = Release|x86
		{F7D1A309-8D45-45F6-9EBC-A62B1A930164}.CoreOnly|ARM.ActiveCfg = Release|ARM
		{F7D1A309-8D45-45F6-9EBC-A62B1A930164}.CoreOnly|ARM.Build.0 = Release|ARM
		{F7D1A309-8D45-45F6-9EBC-A62B1A930164}.CoreOnly|ARM.Deploy.0 = Release|ARM
		{F7D1A309-8D45-45F6-9EBC-A62B1A930164}.CoreOnly|Mixed Platforms.ActiveCfg = Release|x86
		{F7D1A309-8D45-45F6-9EBC-A62B1A930164}.CoreOnly|Mixed Platforms.Build.0 = Release|x86
		{F7D1A309-8D45-45F6-9EBC-A62B1A930164}.CoreOnly|Mixed Platforms.Deploy.0 = Release|x86
		{F7D1A309-8D45-45F6-9EBC-A62B1A930164}.CoreOnly|x86.ActiveCfg = Release|x86
		{F7D1A309-8D45-45F6-9EBC-A62B1A930164}.CoreOnly|x86.Build.0 = Release|x86
		{F7D1A309-8D45-45F6-9EBC-A62B1A930164}.CoreOnly|x86.Deploy.0 = Release|x86
		{F7D1A309-8D45-45F6-9EBC-A62B1A930164}.Debug|Any CPU.ActiveCfg = Debug|x86
		{F7D1A309-8D45-45F6-9EBC-A62B1A930164}.Debug|ARM.ActiveCfg = Debug|ARM
		{F7D1A309-8D45-45F6-9EBC-A62B1A930164}.Debug|ARM.Build.0 = Debug|ARM
		{F7D1A309-8D45-45F6-9EBC-A62B1A930164}.Debug|ARM.Deploy.0 = Debug|ARM
		{F7D1A309-8D45-45F6-9EBC-A62B1A930164}.Debug|Mixed Platforms.ActiveCfg = Debug|x86
		{F7D1A309-8D45-45F6-9EBC-A62B1A930164}.Debug|Mixed Platforms.Build.0 = Debug|x86
		{F7D1A309-8D45-45F6-9EBC-A62B1A930164}.Debug|Mixed Platforms.Deploy.0 = Debug|x86
		{F7D1A309-8D45-45F6-9EBC-A62B1A930164}.Debug|x86.ActiveCfg = Debug|x86
		{F7D1A309-8D45-45F6-9EBC-A62B1A930164}.Debug|x86.Build.0 = Debug|x86
		{F7D1A309-8D45-45F6-9EBC-A62B1A930164}.Debug|x86.Deploy.0 = Debug|x86
		{F7D1A309-8D45-45F6-9EBC-A62B1A930164}.Release|Any CPU.ActiveCfg = Release|x86
		{F7D1A309-8D45-45F6-9EBC-A62B1A930164}.Release|ARM.ActiveCfg = Release|ARM
		{F7D1A309-8D45-45F6-9EBC-A62B1A930164}.Release|ARM.Build.0 = Release|ARM
		{F7D1A309-8D45-45F6-9EBC-A62B1A930164}.Release|ARM.Deploy.0 = Release|ARM
		{F7D1A309-8D45-45F6-9EBC-A62B1A930164}.Release|Mixed Platforms.ActiveCfg = Release|x86
		{F7D1A309-8D45-45F6-9EBC-A62B1A930164}.Release|Mixed Platforms.Build.0 = Release|x86
		{F7D1A309-8D45-45F6-9EBC-A62B1A930164}.Release|Mixed Platforms.Deploy.0 = Release|x86
		{F7D1A309-8D45-45F6-9EBC-A62B1A930164}.Release|x86.ActiveCfg = Release|x86
		{F7D1A309-8D45-45F6-9EBC-A62B1A930164}.Release|x86.Build.0 = Release|x86
		{F7D1A309-8D45-45F6-9EBC-A62B1A930164}.Release|x86.Deploy.0 = Release|x86
		{76AE7448-BE02-47DA-8503-00FC2FFCF1A7}.CoreOnly|Any CPU.ActiveCfg = Release|Any CPU
		{76AE7448-BE02-47DA-8503-00FC2FFCF1A7}.CoreOnly|Any CPU.Build.0 = Release|Any CPU
		{76AE7448-BE02-47DA-8503-00FC2FFCF1A7}.CoreOnly|ARM.ActiveCfg = Release|ARM
		{76AE7448-BE02-47DA-8503-00FC2FFCF1A7}.CoreOnly|ARM.Build.0 = Release|ARM
		{76AE7448-BE02-47DA-8503-00FC2FFCF1A7}.CoreOnly|Mixed Platforms.ActiveCfg = Release|x86
		{76AE7448-BE02-47DA-8503-00FC2FFCF1A7}.CoreOnly|Mixed Platforms.Build.0 = Release|x86
		{76AE7448-BE02-47DA-8503-00FC2FFCF1A7}.CoreOnly|x86.ActiveCfg = Release|x86
		{76AE7448-BE02-47DA-8503-00FC2FFCF1A7}.CoreOnly|x86.Build.0 = Release|x86
		{76AE7448-BE02-47DA-8503-00FC2FFCF1A7}.Debug|Any CPU.ActiveCfg = Debug|Any CPU
		{76AE7448-BE02-47DA-8503-00FC2FFCF1A7}.Debug|Any CPU.Build.0 = Debug|Any CPU
		{76AE7448-BE02-47DA-8503-00FC2FFCF1A7}.Debug|ARM.ActiveCfg = Debug|ARM
		{76AE7448-BE02-47DA-8503-00FC2FFCF1A7}.Debug|ARM.Build.0 = Debug|ARM
		{76AE7448-BE02-47DA-8503-00FC2FFCF1A7}.Debug|Mixed Platforms.ActiveCfg = Debug|x86
		{76AE7448-BE02-47DA-8503-00FC2FFCF1A7}.Debug|Mixed Platforms.Build.0 = Debug|x86
		{76AE7448-BE02-47DA-8503-00FC2FFCF1A7}.Debug|x86.ActiveCfg = Debug|x86
		{76AE7448-BE02-47DA-8503-00FC2FFCF1A7}.Debug|x86.Build.0 = Debug|x86
		{76AE7448-BE02-47DA-8503-00FC2FFCF1A7}.Release|Any CPU.ActiveCfg = Release|Any CPU
		{76AE7448-BE02-47DA-8503-00FC2FFCF1A7}.Release|Any CPU.Build.0 = Release|Any CPU
		{76AE7448-BE02-47DA-8503-00FC2FFCF1A7}.Release|ARM.ActiveCfg = Release|ARM
		{76AE7448-BE02-47DA-8503-00FC2FFCF1A7}.Release|ARM.Build.0 = Release|ARM
		{76AE7448-BE02-47DA-8503-00FC2FFCF1A7}.Release|Mixed Platforms.ActiveCfg = Release|x86
		{76AE7448-BE02-47DA-8503-00FC2FFCF1A7}.Release|Mixed Platforms.Build.0 = Release|x86
		{76AE7448-BE02-47DA-8503-00FC2FFCF1A7}.Release|x86.ActiveCfg = Release|x86
		{76AE7448-BE02-47DA-8503-00FC2FFCF1A7}.Release|x86.Build.0 = Release|x86
		{DF4A987F-9690-4A7F-B278-936F3E31E99D}.CoreOnly|Any CPU.ActiveCfg = Release|Any CPU
		{DF4A987F-9690-4A7F-B278-936F3E31E99D}.CoreOnly|Any CPU.Build.0 = Release|Any CPU
		{DF4A987F-9690-4A7F-B278-936F3E31E99D}.CoreOnly|ARM.ActiveCfg = Release|ARM
		{DF4A987F-9690-4A7F-B278-936F3E31E99D}.CoreOnly|ARM.Build.0 = Release|ARM
		{DF4A987F-9690-4A7F-B278-936F3E31E99D}.CoreOnly|Mixed Platforms.ActiveCfg = Release|x86
		{DF4A987F-9690-4A7F-B278-936F3E31E99D}.CoreOnly|Mixed Platforms.Build.0 = Release|x86
		{DF4A987F-9690-4A7F-B278-936F3E31E99D}.CoreOnly|x86.ActiveCfg = Release|x86
		{DF4A987F-9690-4A7F-B278-936F3E31E99D}.CoreOnly|x86.Build.0 = Release|x86
		{DF4A987F-9690-4A7F-B278-936F3E31E99D}.Debug|Any CPU.ActiveCfg = Debug|Any CPU
		{DF4A987F-9690-4A7F-B278-936F3E31E99D}.Debug|Any CPU.Build.0 = Debug|Any CPU
		{DF4A987F-9690-4A7F-B278-936F3E31E99D}.Debug|ARM.ActiveCfg = Debug|ARM
		{DF4A987F-9690-4A7F-B278-936F3E31E99D}.Debug|ARM.Build.0 = Debug|ARM
		{DF4A987F-9690-4A7F-B278-936F3E31E99D}.Debug|Mixed Platforms.ActiveCfg = Debug|x86
		{DF4A987F-9690-4A7F-B278-936F3E31E99D}.Debug|Mixed Platforms.Build.0 = Debug|x86
		{DF4A987F-9690-4A7F-B278-936F3E31E99D}.Debug|x86.ActiveCfg = Debug|x86
		{DF4A987F-9690-4A7F-B278-936F3E31E99D}.Debug|x86.Build.0 = Debug|x86
		{DF4A987F-9690-4A7F-B278-936F3E31E99D}.Release|Any CPU.ActiveCfg = Release|Any CPU
		{DF4A987F-9690-4A7F-B278-936F3E31E99D}.Release|Any CPU.Build.0 = Release|Any CPU
		{DF4A987F-9690-4A7F-B278-936F3E31E99D}.Release|ARM.ActiveCfg = Release|ARM
		{DF4A987F-9690-4A7F-B278-936F3E31E99D}.Release|ARM.Build.0 = Release|ARM
		{DF4A987F-9690-4A7F-B278-936F3E31E99D}.Release|Mixed Platforms.ActiveCfg = Release|x86
		{DF4A987F-9690-4A7F-B278-936F3E31E99D}.Release|Mixed Platforms.Build.0 = Release|x86
		{DF4A987F-9690-4A7F-B278-936F3E31E99D}.Release|x86.ActiveCfg = Release|x86
		{DF4A987F-9690-4A7F-B278-936F3E31E99D}.Release|x86.Build.0 = Release|x86
		{1CF9D3EB-2EC3-43CB-8B73-64B4617E70E8}.CoreOnly|Any CPU.ActiveCfg = Release|Any CPU
		{1CF9D3EB-2EC3-43CB-8B73-64B4617E70E8}.CoreOnly|Any CPU.Build.0 = Release|Any CPU
		{1CF9D3EB-2EC3-43CB-8B73-64B4617E70E8}.CoreOnly|ARM.ActiveCfg = Release|ARM
		{1CF9D3EB-2EC3-43CB-8B73-64B4617E70E8}.CoreOnly|ARM.Build.0 = Release|ARM
		{1CF9D3EB-2EC3-43CB-8B73-64B4617E70E8}.CoreOnly|Mixed Platforms.ActiveCfg = Release|x86
		{1CF9D3EB-2EC3-43CB-8B73-64B4617E70E8}.CoreOnly|Mixed Platforms.Build.0 = Release|x86
		{1CF9D3EB-2EC3-43CB-8B73-64B4617E70E8}.CoreOnly|x86.ActiveCfg = Release|x86
		{1CF9D3EB-2EC3-43CB-8B73-64B4617E70E8}.CoreOnly|x86.Build.0 = Release|x86
		{1CF9D3EB-2EC3-43CB-8B73-64B4617E70E8}.Debug|Any CPU.ActiveCfg = Debug|Any CPU
		{1CF9D3EB-2EC3-43CB-8B73-64B4617E70E8}.Debug|Any CPU.Build.0 = Debug|Any CPU
		{1CF9D3EB-2EC3-43CB-8B73-64B4617E70E8}.Debug|ARM.ActiveCfg = Debug|ARM
		{1CF9D3EB-2EC3-43CB-8B73-64B4617E70E8}.Debug|ARM.Build.0 = Debug|ARM
		{1CF9D3EB-2EC3-43CB-8B73-64B4617E70E8}.Debug|Mixed Platforms.ActiveCfg = Debug|x86
		{1CF9D3EB-2EC3-43CB-8B73-64B4617E70E8}.Debug|Mixed Platforms.Build.0 = Debug|x86
		{1CF9D3EB-2EC3-43CB-8B73-64B4617E70E8}.Debug|x86.ActiveCfg = Debug|x86
		{1CF9D3EB-2EC3-43CB-8B73-64B4617E70E8}.Debug|x86.Build.0 = Debug|x86
		{1CF9D3EB-2EC3-43CB-8B73-64B4617E70E8}.Release|Any CPU.ActiveCfg = Release|Any CPU
		{1CF9D3EB-2EC3-43CB-8B73-64B4617E70E8}.Release|Any CPU.Build.0 = Release|Any CPU
		{1CF9D3EB-2EC3-43CB-8B73-64B4617E70E8}.Release|ARM.ActiveCfg = Release|ARM
		{1CF9D3EB-2EC3-43CB-8B73-64B4617E70E8}.Release|ARM.Build.0 = Release|ARM
		{1CF9D3EB-2EC3-43CB-8B73-64B4617E70E8}.Release|Mixed Platforms.ActiveCfg = Release|x86
		{1CF9D3EB-2EC3-43CB-8B73-64B4617E70E8}.Release|Mixed Platforms.Build.0 = Release|x86
		{1CF9D3EB-2EC3-43CB-8B73-64B4617E70E8}.Release|x86.ActiveCfg = Release|x86
		{1CF9D3EB-2EC3-43CB-8B73-64B4617E70E8}.Release|x86.Build.0 = Release|x86
		{00F71DAF-4B08-4D1A-B005-469B7B0CF5EE}.CoreOnly|Any CPU.ActiveCfg = Release|Any CPU
		{00F71DAF-4B08-4D1A-B005-469B7B0CF5EE}.CoreOnly|Any CPU.Build.0 = Release|Any CPU
		{00F71DAF-4B08-4D1A-B005-469B7B0CF5EE}.CoreOnly|Any CPU.Deploy.0 = Release|Any CPU
		{00F71DAF-4B08-4D1A-B005-469B7B0CF5EE}.CoreOnly|ARM.ActiveCfg = Release|ARM
		{00F71DAF-4B08-4D1A-B005-469B7B0CF5EE}.CoreOnly|ARM.Build.0 = Release|ARM
		{00F71DAF-4B08-4D1A-B005-469B7B0CF5EE}.CoreOnly|ARM.Deploy.0 = Release|ARM
		{00F71DAF-4B08-4D1A-B005-469B7B0CF5EE}.CoreOnly|Mixed Platforms.ActiveCfg = Release|x86
		{00F71DAF-4B08-4D1A-B005-469B7B0CF5EE}.CoreOnly|Mixed Platforms.Build.0 = Release|x86
		{00F71DAF-4B08-4D1A-B005-469B7B0CF5EE}.CoreOnly|Mixed Platforms.Deploy.0 = Release|x86
		{00F71DAF-4B08-4D1A-B005-469B7B0CF5EE}.CoreOnly|x86.ActiveCfg = Release|x86
		{00F71DAF-4B08-4D1A-B005-469B7B0CF5EE}.CoreOnly|x86.Build.0 = Release|x86
		{00F71DAF-4B08-4D1A-B005-469B7B0CF5EE}.CoreOnly|x86.Deploy.0 = Release|x86
		{00F71DAF-4B08-4D1A-B005-469B7B0CF5EE}.Debug|Any CPU.ActiveCfg = Debug|Any CPU
		{00F71DAF-4B08-4D1A-B005-469B7B0CF5EE}.Debug|Any CPU.Build.0 = Debug|Any CPU
		{00F71DAF-4B08-4D1A-B005-469B7B0CF5EE}.Debug|Any CPU.Deploy.0 = Debug|Any CPU
		{00F71DAF-4B08-4D1A-B005-469B7B0CF5EE}.Debug|ARM.ActiveCfg = Debug|ARM
		{00F71DAF-4B08-4D1A-B005-469B7B0CF5EE}.Debug|ARM.Build.0 = Debug|ARM
		{00F71DAF-4B08-4D1A-B005-469B7B0CF5EE}.Debug|ARM.Deploy.0 = Debug|ARM
		{00F71DAF-4B08-4D1A-B005-469B7B0CF5EE}.Debug|Mixed Platforms.ActiveCfg = Debug|x86
		{00F71DAF-4B08-4D1A-B005-469B7B0CF5EE}.Debug|Mixed Platforms.Build.0 = Debug|x86
		{00F71DAF-4B08-4D1A-B005-469B7B0CF5EE}.Debug|Mixed Platforms.Deploy.0 = Debug|x86
		{00F71DAF-4B08-4D1A-B005-469B7B0CF5EE}.Debug|x86.ActiveCfg = Debug|x86
		{00F71DAF-4B08-4D1A-B005-469B7B0CF5EE}.Debug|x86.Build.0 = Debug|x86
		{00F71DAF-4B08-4D1A-B005-469B7B0CF5EE}.Debug|x86.Deploy.0 = Debug|x86
		{00F71DAF-4B08-4D1A-B005-469B7B0CF5EE}.Release|Any CPU.ActiveCfg = Release|Any CPU
		{00F71DAF-4B08-4D1A-B005-469B7B0CF5EE}.Release|Any CPU.Build.0 = Release|Any CPU
		{00F71DAF-4B08-4D1A-B005-469B7B0CF5EE}.Release|Any CPU.Deploy.0 = Release|Any CPU
		{00F71DAF-4B08-4D1A-B005-469B7B0CF5EE}.Release|ARM.ActiveCfg = Release|ARM
		{00F71DAF-4B08-4D1A-B005-469B7B0CF5EE}.Release|ARM.Build.0 = Release|ARM
		{00F71DAF-4B08-4D1A-B005-469B7B0CF5EE}.Release|ARM.Deploy.0 = Release|ARM
		{00F71DAF-4B08-4D1A-B005-469B7B0CF5EE}.Release|Mixed Platforms.ActiveCfg = Release|x86
		{00F71DAF-4B08-4D1A-B005-469B7B0CF5EE}.Release|Mixed Platforms.Build.0 = Release|x86
		{00F71DAF-4B08-4D1A-B005-469B7B0CF5EE}.Release|Mixed Platforms.Deploy.0 = Release|x86
		{00F71DAF-4B08-4D1A-B005-469B7B0CF5EE}.Release|x86.ActiveCfg = Release|x86
		{00F71DAF-4B08-4D1A-B005-469B7B0CF5EE}.Release|x86.Build.0 = Release|x86
		{00F71DAF-4B08-4D1A-B005-469B7B0CF5EE}.Release|x86.Deploy.0 = Release|x86
	EndGlobalSection
	GlobalSection(SolutionProperties) = preSolution
		HideSolutionNode = FALSE
	EndGlobalSection
	GlobalSection(NestedProjects) = preSolution
		{591BA7D5-F7E5-4136-B059-2E91A377D052} = {25FD5BB3-6032-4AF8-9044-77D6706C3F0A}
		{19ACFA29-0290-4476-A5FA-CF4B5E38A8FE} = {25FD5BB3-6032-4AF8-9044-77D6706C3F0A}
		{541BB4E7-EDCA-47BF-BBB4-7AA0A516E9A5} = {25FD5BB3-6032-4AF8-9044-77D6706C3F0A}
		{F7D1A309-8D45-45F6-9EBC-A62B1A930164} = {25FD5BB3-6032-4AF8-9044-77D6706C3F0A}
		{00F71DAF-4B08-4D1A-B005-469B7B0CF5EE} = {25FD5BB3-6032-4AF8-9044-77D6706C3F0A}
		{799CA059-8A4F-465E-96DC-B302F836F82C} = {DF8B1D16-6AED-4D7C-847C-1D7B556A607F}
		{B8FE27B3-F683-4B12-BCA7-344EF9A71046} = {DF8B1D16-6AED-4D7C-847C-1D7B556A607F}
		{A33CD854-0BE5-438B-99FF-B8B5545EAB42} = {DF8B1D16-6AED-4D7C-847C-1D7B556A607F}
		{256E4D6E-0252-405E-B516-4CEAF129A5F5} = {DF8B1D16-6AED-4D7C-847C-1D7B556A607F}
		{FC8EBE8B-65A1-49A7-BF75-5FCD2AF8E1E8} = {DF8B1D16-6AED-4D7C-847C-1D7B556A607F}
		{76AE7448-BE02-47DA-8503-00FC2FFCF1A7} = {DF8B1D16-6AED-4D7C-847C-1D7B556A607F}
		{BAB9723F-82E0-42FE-8DC5-6B291313E27D} = {DF8B1D16-6AED-4D7C-847C-1D7B556A607F}
		{58AE919F-2A36-493B-BD95-638FBD70DF3F} = {A33CD854-0BE5-438B-99FF-B8B5545EAB42}
		{A62222D5-BB75-4BB7-8BAD-A06A35152DE7} = {A33CD854-0BE5-438B-99FF-B8B5545EAB42}
		{0F62CCA2-E2AA-4444-9541-B8B78E6C1E9F} = {FC8EBE8B-65A1-49A7-BF75-5FCD2AF8E1E8}
		{1CF9D3EB-2EC3-43CB-8B73-64B4617E70E8} = {BAB9723F-82E0-42FE-8DC5-6B291313E27D}
	EndGlobalSection
EndGlobal
