
Microsoft Visual Studio Solution File, Format Version 12.00
# Visual Studio 2012
Project("{2150E333-8FDC-42A3-9474-1A3956D46DE8}") = "Tests", "Tests", "{6728B276-7979-48E4-92DA-D11B070160FE}"
EndProject
Project("{FAE04EC0-301F-11D3-BF4B-00C04F79EFBC}") = "DeviceTests", "Tests\DeviceTests\DeviceTests.csproj", "{019132C0-4A0B-456E-9013-0E58436D2B9D}"
EndProject
Project("{FAE04EC0-301F-11D3-BF4B-00C04F79EFBC}") = "AudioRecorder", "Tests\DeviceTests\AudioRecorder\AudioRecorder.csproj", "{D8EA511F-A729-40BD-9687-E200E8911F2A}"
EndProject
Project("{FAE04EC0-301F-11D3-BF4B-00C04F79EFBC}") = "SmsBlockTest", "Tests\DeviceTests\SmsBlockTest\SmsBlockTest.csproj", "{F6319465-28A8-4D53-933F-AD85DA3E3A04}"
EndProject
Project("{FAE04EC0-301F-11D3-BF4B-00C04F79EFBC}") = "StockQuote", "Tests\StockQuote\StockQuote.csproj", "{816E24FC-3485-42DA-9C0E-4B23D789C45F}"
EndProject
Project("{FAE04EC0-301F-11D3-BF4B-00C04F79EFBC}") = "ObservableCollectionTest", "Tests\ObservableCollectionTest\ObservableCollectionTest.csproj", "{A5348070-2961-4C1C-A414-139DE24EF05A}"
EndProject
Project("{FAE04EC0-301F-11D3-BF4B-00C04F79EFBC}") = "TextSerializationTests", "Tests\TextSerializationTests\TextSerializationTests.csproj", "{E3B1EC46-1514-4201-9938-D5F0A3259FD6}"
EndProject
Project("{FAE04EC0-301F-11D3-BF4B-00C04F79EFBC}") = "WebClientTest", "Tests\WebClientTest\WebClientTest.csproj", "{3AA0C944-881A-48AE-9C6A-0B88FE5B285F}"
EndProject
Project("{FAE04EC0-301F-11D3-BF4B-00C04F79EFBC}") = "BingTests", "Tests\BingTests\BingTests.csproj", "{FD2688B3-F273-43D0-9FB4-B45F3021B09E}"
EndProject
Project("{FAE04EC0-301F-11D3-BF4B-00C04F79EFBC}") = "SimplyMobile.Device", "SimplyMobile.Device\SimplyMobile.Device.csproj", "{EFBE38F3-CD3E-42AE-BBD8-F48B98ED1579}"
EndProject
Project("{FAE04EC0-301F-11D3-BF4B-00C04F79EFBC}") = "SimplyMobile.Media", "SimplyMobile.Media\SimplyMobile.Media.csproj", "{E9ABE182-15BC-4494-B112-FD22D515A65A}"
EndProject
Project("{FAE04EC0-301F-11D3-BF4B-00C04F79EFBC}") = "SimplyMobile.Messaging", "SimplyMobile.Messaging\SimplyMobile.Messaging.csproj", "{A47FDAFF-7826-43F8-9887-0207666878B7}"
EndProject
Project("{2150E333-8FDC-42A3-9474-1A3956D46DE8}") = "Plugins", "Plugins", "{50DFE1B3-A7F2-4FB5-806B-B896E87DAAB0}"
EndProject
Project("{FAE04EC0-301F-11D3-BF4B-00C04F79EFBC}") = "SimplyMobile.Text.JsonNet", "Plugins\SimplyMobile.Text.JsonNet\SimplyMobile.Text.JsonNet.csproj", "{CB0ECB4A-C83B-49A6-BFF5-90B5B72775CC}"
EndProject
Project("{FAE04EC0-301F-11D3-BF4B-00C04F79EFBC}") = "SimplyMobile.Text.ServiceStack", "Plugins\SimplyMobile.Text.ServiceStack\SimplyMobile.Text.ServiceStack.csproj", "{7886EBA5-D091-4AA1-B5BE-37DBC892AD19}"
EndProject
Project("{2150E333-8FDC-42A3-9474-1A3956D46DE8}") = "Stocks", "Stocks", "{3F6029D3-3E54-4915-98CA-94431B4C774D}"
EndProject
Project("{FAE04EC0-301F-11D3-BF4B-00C04F79EFBC}") = "SimplyMobile.Plugins.WcfStockService.Android", "..\Core\Plugins\Stocks\SimplyMobile.Plugins.WcfStockService\SimplyMobile.Plugins.WcfStockService.Android.csproj", "{F16741AD-BA50-4922-A018-D7B622758101}"
EndProject
Project("{FAE04EC0-301F-11D3-BF4B-00C04F79EFBC}") = "SimplyMobile.Plugins.StockView.Android", "..\Core\Plugins\Stocks\SimplyMobile.Plugins.StockView\SimplyMobile.Plugins.StockView.Android.csproj", "{152B6CB8-A54D-4CC1-B1C1-C0F5C8FB0064}"
EndProject
Project("{FAE04EC0-301F-11D3-BF4B-00C04F79EFBC}") = "SimplyMobile.Text.FastJson.Android", "..\Core\Plugins\SimplyMobile.Text.FastJson\SimplyMobile.Text.FastJson.Android.csproj", "{A14F3F44-A9B3-44EE-A5CF-990D91964177}"
EndProject
Project("{2150E333-8FDC-42A3-9474-1A3956D46DE8}") = "Database", "Database", "{10C852CB-C7DD-4F8D-8641-72C6BFB59801}"
EndProject
Project("{FAE04EC0-301F-11D3-BF4B-00C04F79EFBC}") = "SimplyMobile.Data.OrmLite", "Plugins\SimplyMobile.Data.OrmLite\SimplyMobile.Data.OrmLite.csproj", "{7444C208-ECD8-4D59-B3BB-58864CDC25B9}"
EndProject
Project("{2150E333-8FDC-42A3-9474-1A3956D46DE8}") = "Location", "Location", "{9FE02056-17B8-46F7-9B72-F3884DC3EF56}"
EndProject
Project("{FAE04EC0-301F-11D3-BF4B-00C04F79EFBC}") = "SimplyMobile.Data", "SimplyMobile.Data\SimplyMobile.Data.csproj", "{F5D68828-C9EA-486E-BD8A-60D1406DCCF7}"
EndProject
Project("{FAE04EC0-301F-11D3-BF4B-00C04F79EFBC}") = "SimplyMobile.Location.Android", "SimplyMobile.Location\SimplyMobile.Location.Android.csproj", "{7E4AA2E4-C8BD-45EA-86CC-10A3302518B1}"
EndProject
Project("{FAE04EC0-301F-11D3-BF4B-00C04F79EFBC}") = "SimplyMobile.Web.Android", "..\Core\SimplyMobile.Web\SimplyMobile.Web.Android.csproj", "{69953254-EE9D-471F-8D94-E7239C68F88C}"
EndProject
Project("{2150E333-8FDC-42A3-9474-1A3956D46DE8}") = "Samples", "Samples", "{FCA4F81D-34AD-4919-A8DD-5258517ED64D}"
EndProject
Project("{FAE04EC0-301F-11D3-BF4B-00C04F79EFBC}") = "StackOverflowSamples", "Samples\StackOverflowSamples\StackOverflowSamples.csproj", "{37FAF778-AB62-44FA-B25F-31324F0F31FB}"
EndProject
Project("{FAE04EC0-301F-11D3-BF4B-00C04F79EFBC}") = "SimplyMobile.IoC", "..\Core\SimplyMobile.IoC\SimplyMobile.IoC.csproj", "{FC2D9A30-D294-40DC-9815-74F9FFC272E9}"
EndProject
Project("{FAE04EC0-301F-11D3-BF4B-00C04F79EFBC}") = "SimplyMobile.Core", "..\Core\SimplyMobile.Core\SimplyMobile.Core.csproj", "{AABBEDCC-499F-42E7-95D2-81360AA6107C}"
EndProject
Project("{FAE04EC0-301F-11D3-BF4B-00C04F79EFBC}") = "SimplyMobile.Android", "SimplyMobile.Android\SimplyMobile.Android.csproj", "{A1E65E8B-AA5C-40BB-B554-CA10D70D946F}"
EndProject
Project("{FAE04EC0-301F-11D3-BF4B-00C04F79EFBC}") = "SimplyMobile.Text", "..\Core\SimplyMobile.Text\SimplyMobile.Text.csproj", "{F367F89E-E79F-4332-AD93-85E7CFF7391C}"
EndProject
Project("{FAE04EC0-301F-11D3-BF4B-00C04F79EFBC}") = "SimplyMobile.Web", "..\Core\SimplyMobile.Web\SimplyMobile.Web.csproj", "{00636A5F-DA3A-4E3E-B673-D483834684E3}"
EndProject
Project("{2150E333-8FDC-42A3-9474-1A3956D46DE8}") = "Pcl", "Pcl", "{95025D39-C623-4BC7-8D43-6FF5373BF985}"
EndProject
Project("{FAE04EC0-301F-11D3-BF4B-00C04F79EFBC}") = "SimplyMobile.Location.Bing", "..\Core\Plugins\Location\SimplyMobile.Location.Bing\SimplyMobile.Location.Bing.csproj", "{FCA0833A-001F-4CC0-8C07-2A40A05E8200}"
EndProject
Project("{FAE04EC0-301F-11D3-BF4B-00C04F79EFBC}") = "SimplyMobile.Location", "..\Core\SimplyMobile.Location\SimplyMobile.Location.csproj", "{07426FCD-78B9-49B5-9E64-859E5E61FE22}"
EndProject
Global
	GlobalSection(SolutionConfigurationPlatforms) = preSolution
		Debug|Any CPU = Debug|Any CPU
		Release|Any CPU = Release|Any CPU
		Windows_Debug|Any CPU = Windows_Debug|Any CPU
		Windows_Release|Any CPU = Windows_Release|Any CPU
	EndGlobalSection
	GlobalSection(ProjectConfigurationPlatforms) = postSolution
		{019132C0-4A0B-456E-9013-0E58436D2B9D}.Debug|Any CPU.ActiveCfg = Debug|Any CPU
		{019132C0-4A0B-456E-9013-0E58436D2B9D}.Debug|Any CPU.Build.0 = Debug|Any CPU
		{019132C0-4A0B-456E-9013-0E58436D2B9D}.Release|Any CPU.ActiveCfg = Release|Any CPU
		{019132C0-4A0B-456E-9013-0E58436D2B9D}.Release|Any CPU.Build.0 = Release|Any CPU
		{019132C0-4A0B-456E-9013-0E58436D2B9D}.Windows_Debug|Any CPU.ActiveCfg = Debug|Any CPU
		{019132C0-4A0B-456E-9013-0E58436D2B9D}.Windows_Debug|Any CPU.Build.0 = Debug|Any CPU
		{019132C0-4A0B-456E-9013-0E58436D2B9D}.Windows_Debug|Any CPU.Deploy.0 = Debug|Any CPU
		{019132C0-4A0B-456E-9013-0E58436D2B9D}.Windows_Release|Any CPU.ActiveCfg = Release|Any CPU
		{019132C0-4A0B-456E-9013-0E58436D2B9D}.Windows_Release|Any CPU.Build.0 = Release|Any CPU
		{019132C0-4A0B-456E-9013-0E58436D2B9D}.Windows_Release|Any CPU.Deploy.0 = Release|Any CPU
		{D8EA511F-A729-40BD-9687-E200E8911F2A}.Debug|Any CPU.ActiveCfg = Debug|Any CPU
		{D8EA511F-A729-40BD-9687-E200E8911F2A}.Debug|Any CPU.Build.0 = Debug|Any CPU
		{D8EA511F-A729-40BD-9687-E200E8911F2A}.Release|Any CPU.ActiveCfg = Release|Any CPU
		{D8EA511F-A729-40BD-9687-E200E8911F2A}.Release|Any CPU.Build.0 = Release|Any CPU
		{D8EA511F-A729-40BD-9687-E200E8911F2A}.Windows_Debug|Any CPU.ActiveCfg = Debug|Any CPU
		{D8EA511F-A729-40BD-9687-E200E8911F2A}.Windows_Debug|Any CPU.Build.0 = Debug|Any CPU
		{D8EA511F-A729-40BD-9687-E200E8911F2A}.Windows_Debug|Any CPU.Deploy.0 = Debug|Any CPU
		{D8EA511F-A729-40BD-9687-E200E8911F2A}.Windows_Release|Any CPU.ActiveCfg = Release|Any CPU
		{D8EA511F-A729-40BD-9687-E200E8911F2A}.Windows_Release|Any CPU.Build.0 = Release|Any CPU
		{D8EA511F-A729-40BD-9687-E200E8911F2A}.Windows_Release|Any CPU.Deploy.0 = Release|Any CPU
		{F6319465-28A8-4D53-933F-AD85DA3E3A04}.Debug|Any CPU.ActiveCfg = Debug|Any CPU
		{F6319465-28A8-4D53-933F-AD85DA3E3A04}.Debug|Any CPU.Build.0 = Debug|Any CPU
		{F6319465-28A8-4D53-933F-AD85DA3E3A04}.Release|Any CPU.ActiveCfg = Release|Any CPU
		{F6319465-28A8-4D53-933F-AD85DA3E3A04}.Release|Any CPU.Build.0 = Release|Any CPU
		{F6319465-28A8-4D53-933F-AD85DA3E3A04}.Windows_Debug|Any CPU.ActiveCfg = Debug|Any CPU
		{F6319465-28A8-4D53-933F-AD85DA3E3A04}.Windows_Debug|Any CPU.Build.0 = Debug|Any CPU
		{F6319465-28A8-4D53-933F-AD85DA3E3A04}.Windows_Debug|Any CPU.Deploy.0 = Debug|Any CPU
		{F6319465-28A8-4D53-933F-AD85DA3E3A04}.Windows_Release|Any CPU.ActiveCfg = Release|Any CPU
		{F6319465-28A8-4D53-933F-AD85DA3E3A04}.Windows_Release|Any CPU.Build.0 = Release|Any CPU
		{F6319465-28A8-4D53-933F-AD85DA3E3A04}.Windows_Release|Any CPU.Deploy.0 = Release|Any CPU
		{816E24FC-3485-42DA-9C0E-4B23D789C45F}.Debug|Any CPU.ActiveCfg = Debug|Any CPU
		{816E24FC-3485-42DA-9C0E-4B23D789C45F}.Debug|Any CPU.Build.0 = Debug|Any CPU
		{816E24FC-3485-42DA-9C0E-4B23D789C45F}.Release|Any CPU.ActiveCfg = Release|Any CPU
		{816E24FC-3485-42DA-9C0E-4B23D789C45F}.Release|Any CPU.Build.0 = Release|Any CPU
		{816E24FC-3485-42DA-9C0E-4B23D789C45F}.Windows_Debug|Any CPU.ActiveCfg = Debug|Any CPU
		{816E24FC-3485-42DA-9C0E-4B23D789C45F}.Windows_Debug|Any CPU.Build.0 = Debug|Any CPU
		{816E24FC-3485-42DA-9C0E-4B23D789C45F}.Windows_Debug|Any CPU.Deploy.0 = Debug|Any CPU
		{816E24FC-3485-42DA-9C0E-4B23D789C45F}.Windows_Release|Any CPU.ActiveCfg = Release|Any CPU
		{816E24FC-3485-42DA-9C0E-4B23D789C45F}.Windows_Release|Any CPU.Build.0 = Release|Any CPU
		{816E24FC-3485-42DA-9C0E-4B23D789C45F}.Windows_Release|Any CPU.Deploy.0 = Release|Any CPU
		{A5348070-2961-4C1C-A414-139DE24EF05A}.Debug|Any CPU.ActiveCfg = Debug|Any CPU
		{A5348070-2961-4C1C-A414-139DE24EF05A}.Debug|Any CPU.Build.0 = Debug|Any CPU
		{A5348070-2961-4C1C-A414-139DE24EF05A}.Debug|Any CPU.Deploy.0 = Debug|Any CPU
		{A5348070-2961-4C1C-A414-139DE24EF05A}.Release|Any CPU.ActiveCfg = Release|Any CPU
		{A5348070-2961-4C1C-A414-139DE24EF05A}.Release|Any CPU.Build.0 = Release|Any CPU
		{A5348070-2961-4C1C-A414-139DE24EF05A}.Release|Any CPU.Deploy.0 = Release|Any CPU
		{A5348070-2961-4C1C-A414-139DE24EF05A}.Windows_Debug|Any CPU.ActiveCfg = Debug|Any CPU
		{A5348070-2961-4C1C-A414-139DE24EF05A}.Windows_Debug|Any CPU.Build.0 = Debug|Any CPU
		{A5348070-2961-4C1C-A414-139DE24EF05A}.Windows_Debug|Any CPU.Deploy.0 = Debug|Any CPU
		{A5348070-2961-4C1C-A414-139DE24EF05A}.Windows_Release|Any CPU.ActiveCfg = Release|Any CPU
		{A5348070-2961-4C1C-A414-139DE24EF05A}.Windows_Release|Any CPU.Build.0 = Release|Any CPU
		{A5348070-2961-4C1C-A414-139DE24EF05A}.Windows_Release|Any CPU.Deploy.0 = Release|Any CPU
		{E3B1EC46-1514-4201-9938-D5F0A3259FD6}.Debug|Any CPU.ActiveCfg = Debug|Any CPU
		{E3B1EC46-1514-4201-9938-D5F0A3259FD6}.Debug|Any CPU.Build.0 = Debug|Any CPU
		{E3B1EC46-1514-4201-9938-D5F0A3259FD6}.Release|Any CPU.ActiveCfg = Release|Any CPU
		{E3B1EC46-1514-4201-9938-D5F0A3259FD6}.Release|Any CPU.Build.0 = Release|Any CPU
		{E3B1EC46-1514-4201-9938-D5F0A3259FD6}.Windows_Debug|Any CPU.ActiveCfg = Debug|Any CPU
		{E3B1EC46-1514-4201-9938-D5F0A3259FD6}.Windows_Debug|Any CPU.Build.0 = Debug|Any CPU
		{E3B1EC46-1514-4201-9938-D5F0A3259FD6}.Windows_Debug|Any CPU.Deploy.0 = Debug|Any CPU
		{E3B1EC46-1514-4201-9938-D5F0A3259FD6}.Windows_Release|Any CPU.ActiveCfg = Release|Any CPU
		{E3B1EC46-1514-4201-9938-D5F0A3259FD6}.Windows_Release|Any CPU.Build.0 = Release|Any CPU
		{E3B1EC46-1514-4201-9938-D5F0A3259FD6}.Windows_Release|Any CPU.Deploy.0 = Release|Any CPU
		{3AA0C944-881A-48AE-9C6A-0B88FE5B285F}.Debug|Any CPU.ActiveCfg = Debug|Any CPU
		{3AA0C944-881A-48AE-9C6A-0B88FE5B285F}.Debug|Any CPU.Build.0 = Debug|Any CPU
		{3AA0C944-881A-48AE-9C6A-0B88FE5B285F}.Release|Any CPU.ActiveCfg = Release|Any CPU
		{3AA0C944-881A-48AE-9C6A-0B88FE5B285F}.Release|Any CPU.Build.0 = Release|Any CPU
		{3AA0C944-881A-48AE-9C6A-0B88FE5B285F}.Windows_Debug|Any CPU.ActiveCfg = Debug|Any CPU
		{3AA0C944-881A-48AE-9C6A-0B88FE5B285F}.Windows_Debug|Any CPU.Build.0 = Debug|Any CPU
		{3AA0C944-881A-48AE-9C6A-0B88FE5B285F}.Windows_Debug|Any CPU.Deploy.0 = Debug|Any CPU
		{3AA0C944-881A-48AE-9C6A-0B88FE5B285F}.Windows_Release|Any CPU.ActiveCfg = Release|Any CPU
		{3AA0C944-881A-48AE-9C6A-0B88FE5B285F}.Windows_Release|Any CPU.Build.0 = Release|Any CPU
		{3AA0C944-881A-48AE-9C6A-0B88FE5B285F}.Windows_Release|Any CPU.Deploy.0 = Release|Any CPU
		{FD2688B3-F273-43D0-9FB4-B45F3021B09E}.Debug|Any CPU.ActiveCfg = Debug|Any CPU
		{FD2688B3-F273-43D0-9FB4-B45F3021B09E}.Debug|Any CPU.Build.0 = Debug|Any CPU
		{FD2688B3-F273-43D0-9FB4-B45F3021B09E}.Debug|Any CPU.Deploy.0 = Debug|Any CPU
		{FD2688B3-F273-43D0-9FB4-B45F3021B09E}.Release|Any CPU.ActiveCfg = Release|Any CPU
		{FD2688B3-F273-43D0-9FB4-B45F3021B09E}.Release|Any CPU.Build.0 = Release|Any CPU
		{FD2688B3-F273-43D0-9FB4-B45F3021B09E}.Windows_Debug|Any CPU.ActiveCfg = Debug|Any CPU
		{FD2688B3-F273-43D0-9FB4-B45F3021B09E}.Windows_Debug|Any CPU.Build.0 = Debug|Any CPU
		{FD2688B3-F273-43D0-9FB4-B45F3021B09E}.Windows_Debug|Any CPU.Deploy.0 = Debug|Any CPU
		{FD2688B3-F273-43D0-9FB4-B45F3021B09E}.Windows_Release|Any CPU.ActiveCfg = Release|Any CPU
		{FD2688B3-F273-43D0-9FB4-B45F3021B09E}.Windows_Release|Any CPU.Build.0 = Release|Any CPU
		{FD2688B3-F273-43D0-9FB4-B45F3021B09E}.Windows_Release|Any CPU.Deploy.0 = Release|Any CPU
		{EFBE38F3-CD3E-42AE-BBD8-F48B98ED1579}.Debug|Any CPU.ActiveCfg = Debug|Any CPU
		{EFBE38F3-CD3E-42AE-BBD8-F48B98ED1579}.Debug|Any CPU.Build.0 = Debug|Any CPU
		{EFBE38F3-CD3E-42AE-BBD8-F48B98ED1579}.Release|Any CPU.ActiveCfg = Release|Any CPU
		{EFBE38F3-CD3E-42AE-BBD8-F48B98ED1579}.Release|Any CPU.Build.0 = Release|Any CPU
		{EFBE38F3-CD3E-42AE-BBD8-F48B98ED1579}.Windows_Debug|Any CPU.ActiveCfg = Debug|Any CPU
		{EFBE38F3-CD3E-42AE-BBD8-F48B98ED1579}.Windows_Debug|Any CPU.Build.0 = Debug|Any CPU
		{EFBE38F3-CD3E-42AE-BBD8-F48B98ED1579}.Windows_Release|Any CPU.ActiveCfg = Release|Any CPU
		{EFBE38F3-CD3E-42AE-BBD8-F48B98ED1579}.Windows_Release|Any CPU.Build.0 = Release|Any CPU
		{E9ABE182-15BC-4494-B112-FD22D515A65A}.Debug|Any CPU.ActiveCfg = Debug|Any CPU
		{E9ABE182-15BC-4494-B112-FD22D515A65A}.Debug|Any CPU.Build.0 = Debug|Any CPU
		{E9ABE182-15BC-4494-B112-FD22D515A65A}.Release|Any CPU.ActiveCfg = Release|Any CPU
		{E9ABE182-15BC-4494-B112-FD22D515A65A}.Release|Any CPU.Build.0 = Release|Any CPU
		{E9ABE182-15BC-4494-B112-FD22D515A65A}.Windows_Debug|Any CPU.ActiveCfg = Debug|Any CPU
		{E9ABE182-15BC-4494-B112-FD22D515A65A}.Windows_Debug|Any CPU.Build.0 = Debug|Any CPU
		{E9ABE182-15BC-4494-B112-FD22D515A65A}.Windows_Release|Any CPU.ActiveCfg = Release|Any CPU
		{E9ABE182-15BC-4494-B112-FD22D515A65A}.Windows_Release|Any CPU.Build.0 = Release|Any CPU
		{A47FDAFF-7826-43F8-9887-0207666878B7}.Debug|Any CPU.ActiveCfg = Debug|Any CPU
		{A47FDAFF-7826-43F8-9887-0207666878B7}.Debug|Any CPU.Build.0 = Debug|Any CPU
		{A47FDAFF-7826-43F8-9887-0207666878B7}.Release|Any CPU.ActiveCfg = Release|Any CPU
		{A47FDAFF-7826-43F8-9887-0207666878B7}.Release|Any CPU.Build.0 = Release|Any CPU
		{A47FDAFF-7826-43F8-9887-0207666878B7}.Windows_Debug|Any CPU.ActiveCfg = Debug|Any CPU
		{A47FDAFF-7826-43F8-9887-0207666878B7}.Windows_Debug|Any CPU.Build.0 = Debug|Any CPU
		{A47FDAFF-7826-43F8-9887-0207666878B7}.Windows_Release|Any CPU.ActiveCfg = Release|Any CPU
		{A47FDAFF-7826-43F8-9887-0207666878B7}.Windows_Release|Any CPU.Build.0 = Release|Any CPU
		{CB0ECB4A-C83B-49A6-BFF5-90B5B72775CC}.Debug|Any CPU.ActiveCfg = Debug|Any CPU
		{CB0ECB4A-C83B-49A6-BFF5-90B5B72775CC}.Debug|Any CPU.Build.0 = Debug|Any CPU
		{CB0ECB4A-C83B-49A6-BFF5-90B5B72775CC}.Release|Any CPU.ActiveCfg = Release|Any CPU
		{CB0ECB4A-C83B-49A6-BFF5-90B5B72775CC}.Release|Any CPU.Build.0 = Release|Any CPU
		{CB0ECB4A-C83B-49A6-BFF5-90B5B72775CC}.Windows_Debug|Any CPU.ActiveCfg = Debug|Any CPU
		{CB0ECB4A-C83B-49A6-BFF5-90B5B72775CC}.Windows_Debug|Any CPU.Build.0 = Debug|Any CPU
		{CB0ECB4A-C83B-49A6-BFF5-90B5B72775CC}.Windows_Release|Any CPU.ActiveCfg = Release|Any CPU
		{CB0ECB4A-C83B-49A6-BFF5-90B5B72775CC}.Windows_Release|Any CPU.Build.0 = Release|Any CPU
		{7886EBA5-D091-4AA1-B5BE-37DBC892AD19}.Debug|Any CPU.ActiveCfg = Debug|Any CPU
		{7886EBA5-D091-4AA1-B5BE-37DBC892AD19}.Debug|Any CPU.Build.0 = Debug|Any CPU
		{7886EBA5-D091-4AA1-B5BE-37DBC892AD19}.Release|Any CPU.ActiveCfg = Release|Any CPU
		{7886EBA5-D091-4AA1-B5BE-37DBC892AD19}.Release|Any CPU.Build.0 = Release|Any CPU
		{7886EBA5-D091-4AA1-B5BE-37DBC892AD19}.Windows_Debug|Any CPU.ActiveCfg = Debug|Any CPU
		{7886EBA5-D091-4AA1-B5BE-37DBC892AD19}.Windows_Debug|Any CPU.Build.0 = Debug|Any CPU
		{7886EBA5-D091-4AA1-B5BE-37DBC892AD19}.Windows_Release|Any CPU.ActiveCfg = Release|Any CPU
		{7886EBA5-D091-4AA1-B5BE-37DBC892AD19}.Windows_Release|Any CPU.Build.0 = Release|Any CPU
		{F16741AD-BA50-4922-A018-D7B622758101}.Debug|Any CPU.ActiveCfg = Debug|Any CPU
		{F16741AD-BA50-4922-A018-D7B622758101}.Debug|Any CPU.Build.0 = Debug|Any CPU
		{F16741AD-BA50-4922-A018-D7B622758101}.Release|Any CPU.ActiveCfg = Release|Any CPU
		{F16741AD-BA50-4922-A018-D7B622758101}.Release|Any CPU.Build.0 = Release|Any CPU
		{F16741AD-BA50-4922-A018-D7B622758101}.Windows_Debug|Any CPU.ActiveCfg = Debug|Any CPU
		{F16741AD-BA50-4922-A018-D7B622758101}.Windows_Debug|Any CPU.Build.0 = Debug|Any CPU
		{F16741AD-BA50-4922-A018-D7B622758101}.Windows_Release|Any CPU.ActiveCfg = Release|Any CPU
		{F16741AD-BA50-4922-A018-D7B622758101}.Windows_Release|Any CPU.Build.0 = Release|Any CPU
		{152B6CB8-A54D-4CC1-B1C1-C0F5C8FB0064}.Debug|Any CPU.ActiveCfg = Debug|Any CPU
		{152B6CB8-A54D-4CC1-B1C1-C0F5C8FB0064}.Debug|Any CPU.Build.0 = Debug|Any CPU
		{152B6CB8-A54D-4CC1-B1C1-C0F5C8FB0064}.Release|Any CPU.ActiveCfg = Release|Any CPU
		{152B6CB8-A54D-4CC1-B1C1-C0F5C8FB0064}.Release|Any CPU.Build.0 = Release|Any CPU
		{152B6CB8-A54D-4CC1-B1C1-C0F5C8FB0064}.Windows_Debug|Any CPU.ActiveCfg = Debug|Any CPU
		{152B6CB8-A54D-4CC1-B1C1-C0F5C8FB0064}.Windows_Debug|Any CPU.Build.0 = Debug|Any CPU
		{152B6CB8-A54D-4CC1-B1C1-C0F5C8FB0064}.Windows_Release|Any CPU.ActiveCfg = Release|Any CPU
		{152B6CB8-A54D-4CC1-B1C1-C0F5C8FB0064}.Windows_Release|Any CPU.Build.0 = Release|Any CPU
		{A14F3F44-A9B3-44EE-A5CF-990D91964177}.Debug|Any CPU.ActiveCfg = Debug|Any CPU
		{A14F3F44-A9B3-44EE-A5CF-990D91964177}.Debug|Any CPU.Build.0 = Debug|Any CPU
		{A14F3F44-A9B3-44EE-A5CF-990D91964177}.Release|Any CPU.ActiveCfg = Release|Any CPU
		{A14F3F44-A9B3-44EE-A5CF-990D91964177}.Release|Any CPU.Build.0 = Release|Any CPU
		{A14F3F44-A9B3-44EE-A5CF-990D91964177}.Windows_Debug|Any CPU.ActiveCfg = Debug|Any CPU
		{A14F3F44-A9B3-44EE-A5CF-990D91964177}.Windows_Debug|Any CPU.Build.0 = Debug|Any CPU
		{A14F3F44-A9B3-44EE-A5CF-990D91964177}.Windows_Release|Any CPU.ActiveCfg = Release|Any CPU
		{A14F3F44-A9B3-44EE-A5CF-990D91964177}.Windows_Release|Any CPU.Build.0 = Release|Any CPU
		{7444C208-ECD8-4D59-B3BB-58864CDC25B9}.Debug|Any CPU.ActiveCfg = Debug|Any CPU
		{7444C208-ECD8-4D59-B3BB-58864CDC25B9}.Debug|Any CPU.Build.0 = Debug|Any CPU
		{7444C208-ECD8-4D59-B3BB-58864CDC25B9}.Release|Any CPU.ActiveCfg = Release|Any CPU
		{7444C208-ECD8-4D59-B3BB-58864CDC25B9}.Release|Any CPU.Build.0 = Release|Any CPU
		{7444C208-ECD8-4D59-B3BB-58864CDC25B9}.Windows_Debug|Any CPU.ActiveCfg = Debug|Any CPU
		{7444C208-ECD8-4D59-B3BB-58864CDC25B9}.Windows_Debug|Any CPU.Build.0 = Debug|Any CPU
		{7444C208-ECD8-4D59-B3BB-58864CDC25B9}.Windows_Release|Any CPU.ActiveCfg = Release|Any CPU
		{7444C208-ECD8-4D59-B3BB-58864CDC25B9}.Windows_Release|Any CPU.Build.0 = Release|Any CPU
		{F5D68828-C9EA-486E-BD8A-60D1406DCCF7}.Debug|Any CPU.ActiveCfg = Debug|Any CPU
		{F5D68828-C9EA-486E-BD8A-60D1406DCCF7}.Debug|Any CPU.Build.0 = Debug|Any CPU
		{F5D68828-C9EA-486E-BD8A-60D1406DCCF7}.Release|Any CPU.ActiveCfg = Release|Any CPU
		{F5D68828-C9EA-486E-BD8A-60D1406DCCF7}.Release|Any CPU.Build.0 = Release|Any CPU
		{F5D68828-C9EA-486E-BD8A-60D1406DCCF7}.Windows_Debug|Any CPU.ActiveCfg = Debug|Any CPU
		{F5D68828-C9EA-486E-BD8A-60D1406DCCF7}.Windows_Debug|Any CPU.Build.0 = Debug|Any CPU
		{F5D68828-C9EA-486E-BD8A-60D1406DCCF7}.Windows_Release|Any CPU.ActiveCfg = Release|Any CPU
		{F5D68828-C9EA-486E-BD8A-60D1406DCCF7}.Windows_Release|Any CPU.Build.0 = Release|Any CPU
		{7E4AA2E4-C8BD-45EA-86CC-10A3302518B1}.Debug|Any CPU.ActiveCfg = Debug|Any CPU
		{7E4AA2E4-C8BD-45EA-86CC-10A3302518B1}.Debug|Any CPU.Build.0 = Debug|Any CPU
		{7E4AA2E4-C8BD-45EA-86CC-10A3302518B1}.Release|Any CPU.ActiveCfg = Release|Any CPU
		{7E4AA2E4-C8BD-45EA-86CC-10A3302518B1}.Release|Any CPU.Build.0 = Release|Any CPU
		{7E4AA2E4-C8BD-45EA-86CC-10A3302518B1}.Windows_Debug|Any CPU.ActiveCfg = Debug|Any CPU
		{7E4AA2E4-C8BD-45EA-86CC-10A3302518B1}.Windows_Debug|Any CPU.Build.0 = Debug|Any CPU
		{7E4AA2E4-C8BD-45EA-86CC-10A3302518B1}.Windows_Release|Any CPU.ActiveCfg = Release|Any CPU
		{7E4AA2E4-C8BD-45EA-86CC-10A3302518B1}.Windows_Release|Any CPU.Build.0 = Release|Any CPU
		{69953254-EE9D-471F-8D94-E7239C68F88C}.Debug|Any CPU.ActiveCfg = Debug|Any CPU
		{69953254-EE9D-471F-8D94-E7239C68F88C}.Debug|Any CPU.Build.0 = Debug|Any CPU
		{69953254-EE9D-471F-8D94-E7239C68F88C}.Release|Any CPU.ActiveCfg = Release|Any CPU
		{69953254-EE9D-471F-8D94-E7239C68F88C}.Release|Any CPU.Build.0 = Release|Any CPU
		{69953254-EE9D-471F-8D94-E7239C68F88C}.Windows_Debug|Any CPU.ActiveCfg = Debug|Any CPU
		{69953254-EE9D-471F-8D94-E7239C68F88C}.Windows_Debug|Any CPU.Build.0 = Debug|Any CPU
		{69953254-EE9D-471F-8D94-E7239C68F88C}.Windows_Release|Any CPU.ActiveCfg = Release|Any CPU
		{69953254-EE9D-471F-8D94-E7239C68F88C}.Windows_Release|Any CPU.Build.0 = Release|Any CPU
		{37FAF778-AB62-44FA-B25F-31324F0F31FB}.Debug|Any CPU.ActiveCfg = Debug|Any CPU
		{37FAF778-AB62-44FA-B25F-31324F0F31FB}.Debug|Any CPU.Build.0 = Debug|Any CPU
		{37FAF778-AB62-44FA-B25F-31324F0F31FB}.Debug|Any CPU.Deploy.0 = Debug|Any CPU
		{37FAF778-AB62-44FA-B25F-31324F0F31FB}.Release|Any CPU.ActiveCfg = Release|Any CPU
		{37FAF778-AB62-44FA-B25F-31324F0F31FB}.Release|Any CPU.Build.0 = Release|Any CPU
		{37FAF778-AB62-44FA-B25F-31324F0F31FB}.Release|Any CPU.Deploy.0 = Release|Any CPU
		{37FAF778-AB62-44FA-B25F-31324F0F31FB}.Windows_Debug|Any CPU.ActiveCfg = Debug|Any CPU
		{37FAF778-AB62-44FA-B25F-31324F0F31FB}.Windows_Debug|Any CPU.Build.0 = Debug|Any CPU
		{37FAF778-AB62-44FA-B25F-31324F0F31FB}.Windows_Debug|Any CPU.Deploy.0 = Debug|Any CPU
		{37FAF778-AB62-44FA-B25F-31324F0F31FB}.Windows_Release|Any CPU.ActiveCfg = Release|Any CPU
		{37FAF778-AB62-44FA-B25F-31324F0F31FB}.Windows_Release|Any CPU.Build.0 = Release|Any CPU
		{37FAF778-AB62-44FA-B25F-31324F0F31FB}.Windows_Release|Any CPU.Deploy.0 = Release|Any CPU
		{FC2D9A30-D294-40DC-9815-74F9FFC272E9}.Debug|Any CPU.ActiveCfg = Debug|Any CPU
		{FC2D9A30-D294-40DC-9815-74F9FFC272E9}.Debug|Any CPU.Build.0 = Debug|Any CPU
		{FC2D9A30-D294-40DC-9815-74F9FFC272E9}.Release|Any CPU.ActiveCfg = Release|Any CPU
		{FC2D9A30-D294-40DC-9815-74F9FFC272E9}.Release|Any CPU.Build.0 = Release|Any CPU
		{FC2D9A30-D294-40DC-9815-74F9FFC272E9}.Windows_Debug|Any CPU.ActiveCfg = Debug|Any CPU
		{FC2D9A30-D294-40DC-9815-74F9FFC272E9}.Windows_Debug|Any CPU.Build.0 = Debug|Any CPU
		{FC2D9A30-D294-40DC-9815-74F9FFC272E9}.Windows_Release|Any CPU.ActiveCfg = Release|Any CPU
		{FC2D9A30-D294-40DC-9815-74F9FFC272E9}.Windows_Release|Any CPU.Build.0 = Release|Any CPU
		{AABBEDCC-499F-42E7-95D2-81360AA6107C}.Debug|Any CPU.ActiveCfg = Debug|Any CPU
		{AABBEDCC-499F-42E7-95D2-81360AA6107C}.Debug|Any CPU.Build.0 = Debug|Any CPU
		{AABBEDCC-499F-42E7-95D2-81360AA6107C}.Release|Any CPU.ActiveCfg = Release|Any CPU
		{AABBEDCC-499F-42E7-95D2-81360AA6107C}.Release|Any CPU.Build.0 = Release|Any CPU
		{AABBEDCC-499F-42E7-95D2-81360AA6107C}.Windows_Debug|Any CPU.ActiveCfg = Debug|Any CPU
		{AABBEDCC-499F-42E7-95D2-81360AA6107C}.Windows_Debug|Any CPU.Build.0 = Debug|Any CPU
		{AABBEDCC-499F-42E7-95D2-81360AA6107C}.Windows_Release|Any CPU.ActiveCfg = Release|Any CPU
		{AABBEDCC-499F-42E7-95D2-81360AA6107C}.Windows_Release|Any CPU.Build.0 = Release|Any CPU
		{A1E65E8B-AA5C-40BB-B554-CA10D70D946F}.Debug|Any CPU.ActiveCfg = Debug|Any CPU
		{A1E65E8B-AA5C-40BB-B554-CA10D70D946F}.Debug|Any CPU.Build.0 = Debug|Any CPU
		{A1E65E8B-AA5C-40BB-B554-CA10D70D946F}.Release|Any CPU.ActiveCfg = Release|Any CPU
		{A1E65E8B-AA5C-40BB-B554-CA10D70D946F}.Release|Any CPU.Build.0 = Release|Any CPU
		{A1E65E8B-AA5C-40BB-B554-CA10D70D946F}.Windows_Debug|Any CPU.ActiveCfg = Debug|Any CPU
		{A1E65E8B-AA5C-40BB-B554-CA10D70D946F}.Windows_Debug|Any CPU.Build.0 = Debug|Any CPU
		{A1E65E8B-AA5C-40BB-B554-CA10D70D946F}.Windows_Release|Any CPU.ActiveCfg = Release|Any CPU
		{A1E65E8B-AA5C-40BB-B554-CA10D70D946F}.Windows_Release|Any CPU.Build.0 = Release|Any CPU
		{F367F89E-E79F-4332-AD93-85E7CFF7391C}.Debug|Any CPU.ActiveCfg = Debug|Any CPU
		{F367F89E-E79F-4332-AD93-85E7CFF7391C}.Debug|Any CPU.Build.0 = Debug|Any CPU
		{F367F89E-E79F-4332-AD93-85E7CFF7391C}.Release|Any CPU.ActiveCfg = Release|Any CPU
		{F367F89E-E79F-4332-AD93-85E7CFF7391C}.Release|Any CPU.Build.0 = Release|Any CPU
		{F367F89E-E79F-4332-AD93-85E7CFF7391C}.Windows_Debug|Any CPU.ActiveCfg = Windows_Debug|Any CPU
		{F367F89E-E79F-4332-AD93-85E7CFF7391C}.Windows_Debug|Any CPU.Build.0 = Windows_Debug|Any CPU
		{F367F89E-E79F-4332-AD93-85E7CFF7391C}.Windows_Release|Any CPU.ActiveCfg = Windows_Release|Any CPU
		{F367F89E-E79F-4332-AD93-85E7CFF7391C}.Windows_Release|Any CPU.Build.0 = Windows_Release|Any CPU
		{00636A5F-DA3A-4E3E-B673-D483834684E3}.Debug|Any CPU.ActiveCfg = Debug|Any CPU
		{00636A5F-DA3A-4E3E-B673-D483834684E3}.Debug|Any CPU.Build.0 = Debug|Any CPU
		{00636A5F-DA3A-4E3E-B673-D483834684E3}.Release|Any CPU.ActiveCfg = Release|Any CPU
		{00636A5F-DA3A-4E3E-B673-D483834684E3}.Release|Any CPU.Build.0 = Release|Any CPU
		{00636A5F-DA3A-4E3E-B673-D483834684E3}.Windows_Debug|Any CPU.ActiveCfg = Windows_Debug|Any CPU
		{00636A5F-DA3A-4E3E-B673-D483834684E3}.Windows_Debug|Any CPU.Build.0 = Windows_Debug|Any CPU
		{00636A5F-DA3A-4E3E-B673-D483834684E3}.Windows_Release|Any CPU.ActiveCfg = Windows_Release|Any CPU
		{00636A5F-DA3A-4E3E-B673-D483834684E3}.Windows_Release|Any CPU.Build.0 = Windows_Release|Any CPU
		{FCA0833A-001F-4CC0-8C07-2A40A05E8200}.Debug|Any CPU.ActiveCfg = Debug|Any CPU
		{FCA0833A-001F-4CC0-8C07-2A40A05E8200}.Debug|Any CPU.Build.0 = Debug|Any CPU
		{FCA0833A-001F-4CC0-8C07-2A40A05E8200}.Release|Any CPU.ActiveCfg = Release|Any CPU
		{FCA0833A-001F-4CC0-8C07-2A40A05E8200}.Release|Any CPU.Build.0 = Release|Any CPU
		{FCA0833A-001F-4CC0-8C07-2A40A05E8200}.Windows_Debug|Any CPU.ActiveCfg = Debug|Any CPU
		{FCA0833A-001F-4CC0-8C07-2A40A05E8200}.Windows_Debug|Any CPU.Build.0 = Debug|Any CPU
		{FCA0833A-001F-4CC0-8C07-2A40A05E8200}.Windows_Release|Any CPU.ActiveCfg = Release|Any CPU
		{FCA0833A-001F-4CC0-8C07-2A40A05E8200}.Windows_Release|Any CPU.Build.0 = Release|Any CPU
		{07426FCD-78B9-49B5-9E64-859E5E61FE22}.Debug|Any CPU.ActiveCfg = Debug|Any CPU
		{07426FCD-78B9-49B5-9E64-859E5E61FE22}.Debug|Any CPU.Build.0 = Debug|Any CPU
		{07426FCD-78B9-49B5-9E64-859E5E61FE22}.Release|Any CPU.ActiveCfg = Release|Any CPU
		{07426FCD-78B9-49B5-9E64-859E5E61FE22}.Release|Any CPU.Build.0 = Release|Any CPU
		{07426FCD-78B9-49B5-9E64-859E5E61FE22}.Windows_Debug|Any CPU.ActiveCfg = Debug|Any CPU
		{07426FCD-78B9-49B5-9E64-859E5E61FE22}.Windows_Debug|Any CPU.Build.0 = Debug|Any CPU
		{07426FCD-78B9-49B5-9E64-859E5E61FE22}.Windows_Release|Any CPU.ActiveCfg = Release|Any CPU
		{07426FCD-78B9-49B5-9E64-859E5E61FE22}.Windows_Release|Any CPU.Build.0 = Release|Any CPU
	EndGlobalSection
	GlobalSection(SolutionProperties) = preSolution
		HideSolutionNode = FALSE
	EndGlobalSection
	GlobalSection(NestedProjects) = preSolution
		{019132C0-4A0B-456E-9013-0E58436D2B9D} = {6728B276-7979-48E4-92DA-D11B070160FE}
		{D8EA511F-A729-40BD-9687-E200E8911F2A} = {6728B276-7979-48E4-92DA-D11B070160FE}
		{F6319465-28A8-4D53-933F-AD85DA3E3A04} = {6728B276-7979-48E4-92DA-D11B070160FE}
		{816E24FC-3485-42DA-9C0E-4B23D789C45F} = {6728B276-7979-48E4-92DA-D11B070160FE}
		{A5348070-2961-4C1C-A414-139DE24EF05A} = {6728B276-7979-48E4-92DA-D11B070160FE}
		{E3B1EC46-1514-4201-9938-D5F0A3259FD6} = {6728B276-7979-48E4-92DA-D11B070160FE}
		{3AA0C944-881A-48AE-9C6A-0B88FE5B285F} = {6728B276-7979-48E4-92DA-D11B070160FE}
		{FD2688B3-F273-43D0-9FB4-B45F3021B09E} = {6728B276-7979-48E4-92DA-D11B070160FE}
		{CB0ECB4A-C83B-49A6-BFF5-90B5B72775CC} = {50DFE1B3-A7F2-4FB5-806B-B896E87DAAB0}
		{7886EBA5-D091-4AA1-B5BE-37DBC892AD19} = {50DFE1B3-A7F2-4FB5-806B-B896E87DAAB0}
		{3F6029D3-3E54-4915-98CA-94431B4C774D} = {50DFE1B3-A7F2-4FB5-806B-B896E87DAAB0}
		{A14F3F44-A9B3-44EE-A5CF-990D91964177} = {50DFE1B3-A7F2-4FB5-806B-B896E87DAAB0}
		{10C852CB-C7DD-4F8D-8641-72C6BFB59801} = {50DFE1B3-A7F2-4FB5-806B-B896E87DAAB0}
		{9FE02056-17B8-46F7-9B72-F3884DC3EF56} = {50DFE1B3-A7F2-4FB5-806B-B896E87DAAB0}
		{F16741AD-BA50-4922-A018-D7B622758101} = {3F6029D3-3E54-4915-98CA-94431B4C774D}
		{152B6CB8-A54D-4CC1-B1C1-C0F5C8FB0064} = {3F6029D3-3E54-4915-98CA-94431B4C774D}
		{7444C208-ECD8-4D59-B3BB-58864CDC25B9} = {10C852CB-C7DD-4F8D-8641-72C6BFB59801}
		{FCA0833A-001F-4CC0-8C07-2A40A05E8200} = {9FE02056-17B8-46F7-9B72-F3884DC3EF56}
		{37FAF778-AB62-44FA-B25F-31324F0F31FB} = {FCA4F81D-34AD-4919-A8DD-5258517ED64D}
		{AABBEDCC-499F-42E7-95D2-81360AA6107C} = {95025D39-C623-4BC7-8D43-6FF5373BF985}
		{F367F89E-E79F-4332-AD93-85E7CFF7391C} = {95025D39-C623-4BC7-8D43-6FF5373BF985}
		{00636A5F-DA3A-4E3E-B673-D483834684E3} = {95025D39-C623-4BC7-8D43-6FF5373BF985}
		{FC2D9A30-D294-40DC-9815-74F9FFC272E9} = {95025D39-C623-4BC7-8D43-6FF5373BF985}
		{07426FCD-78B9-49B5-9E64-859E5E61FE22} = {95025D39-C623-4BC7-8D43-6FF5373BF985}
	EndGlobalSection
	GlobalSection(MonoDevelopProperties) = preSolution
		StartupItem = Tests\DeviceTests\DeviceTests.csproj
	EndGlobalSection
EndGlobal
