
Microsoft Visual Studio Solution File, Format Version 12.00
# Visual Studio 2012
Project("{2150E333-8FDC-42A3-9474-1A3956D46DE8}") = "Tests", "Tests", "{6728B276-7979-48E4-92DA-D11B070160FE}"
EndProject
Project("{FAE04EC0-301F-11D3-BF4B-00C04F79EFBC}") = "DeviceTests", "Tests\DeviceTests\DeviceTests.csproj", "{019132C0-4A0B-456E-9013-0E58436D2B9D}"
EndProject
Project("{FAE04EC0-301F-11D3-BF4B-00C04F79EFBC}") = "AudioRecorder", "Tests\DeviceTests\AudioRecorder\AudioRecorder.csproj", "{D8EA511F-A729-40BD-9687-E200E8911F2A}"
EndProject
Project("{FAE04EC0-301F-11D3-BF4B-00C04F79EFBC}") = "SmsBlockTest", "Tests\DeviceTests\SmsBlockTest\SmsBlockTest.csproj", "{F6319465-28A8-4D53-933F-AD85DA3E3A04}"
EndProject
Project("{FAE04EC0-301F-11D3-BF4B-00C04F79EFBC}") = "StockQuote", "Tests\StockQuote\StockQuote.csproj", "{816E24FC-3485-42DA-9C0E-4B23D789C45F}"
EndProject
Project("{FAE04EC0-301F-11D3-BF4B-00C04F79EFBC}") = "ObservableCollectionTest", "Tests\ObservableCollectionTest\ObservableCollectionTest.csproj", "{A5348070-2961-4C1C-A414-139DE24EF05A}"
EndProject
Project("{FAE04EC0-301F-11D3-BF4B-00C04F79EFBC}") = "TextSerializationTests", "Tests\TextSerializationTests\TextSerializationTests.csproj", "{E3B1EC46-1514-4201-9938-D5F0A3259FD6}"
EndProject
Project("{FAE04EC0-301F-11D3-BF4B-00C04F79EFBC}") = "WebClientTest", "Tests\WebClientTest\WebClientTest.csproj", "{3AA0C944-881A-48AE-9C6A-0B88FE5B285F}"
EndProject
Project("{FAE04EC0-301F-11D3-BF4B-00C04F79EFBC}") = "BindingTests", "Tests\BindingTests\BindingTests.csproj", "{12F8C5DB-4811-4C90-960F-A4F347E3DE67}"
EndProject
Project("{FAE04EC0-301F-11D3-BF4B-00C04F79EFBC}") = "SimplyMobile.Core", "SimplyMobile.Core\SimplyMobile.Core.csproj", "{D80BE32E-29A9-47D6-A791-984B933E9CE3}"
EndProject
Project("{FAE04EC0-301F-11D3-BF4B-00C04F79EFBC}") = "SimplyMobile.Device", "SimplyMobile.Device\SimplyMobile.Device.csproj", "{EFBE38F3-CD3E-42AE-BBD8-F48B98ED1579}"
EndProject
Project("{FAE04EC0-301F-11D3-BF4B-00C04F79EFBC}") = "SimplyMobile.Media", "SimplyMobile.Media\SimplyMobile.Media.csproj", "{E9ABE182-15BC-4494-B112-FD22D515A65A}"
EndProject
Project("{FAE04EC0-301F-11D3-BF4B-00C04F79EFBC}") = "SimplyMobile.Messaging", "SimplyMobile.Messaging\SimplyMobile.Messaging.csproj", "{A47FDAFF-7826-43F8-9887-0207666878B7}"
EndProject
Project("{2150E333-8FDC-42A3-9474-1A3956D46DE8}") = "Plugins", "Plugins", "{50DFE1B3-A7F2-4FB5-806B-B896E87DAAB0}"
EndProject
Project("{FAE04EC0-301F-11D3-BF4B-00C04F79EFBC}") = "SimplyMobile.Text.JsonNet", "Plugins\SimplyMobile.Text.JsonNet\SimplyMobile.Text.JsonNet.csproj", "{CB0ECB4A-C83B-49A6-BFF5-90B5B72775CC}"
EndProject
Project("{FAE04EC0-301F-11D3-BF4B-00C04F79EFBC}") = "SimplyMobile.Text.ServiceStack", "Plugins\SimplyMobile.Text.ServiceStack\SimplyMobile.Text.ServiceStack.csproj", "{7886EBA5-D091-4AA1-B5BE-37DBC892AD19}"
EndProject
Project("{2150E333-8FDC-42A3-9474-1A3956D46DE8}") = "Stocks", "Stocks", "{3F6029D3-3E54-4915-98CA-94431B4C774D}"
EndProject
Project("{FAE04EC0-301F-11D3-BF4B-00C04F79EFBC}") = "SimplyMobile.Plugins.WcfStockService.Android", "..\Core\Plugins\Stocks\SimplyMobile.Plugins.WcfStockService\SimplyMobile.Plugins.WcfStockService.Android.csproj", "{F16741AD-BA50-4922-A018-D7B622758101}"
EndProject
Project("{FAE04EC0-301F-11D3-BF4B-00C04F79EFBC}") = "SimplyMobile.Plugins.StockView.Android", "..\Core\Plugins\Stocks\SimplyMobile.Plugins.StockView\SimplyMobile.Plugins.StockView.Android.csproj", "{152B6CB8-A54D-4CC1-B1C1-C0F5C8FB0064}"
EndProject
Project("{FAE04EC0-301F-11D3-BF4B-00C04F79EFBC}") = "SimplyMobile.Text.ProtoBuffer", "..\Core\Plugins\SimplyMobile.Text.ProtoBuffer\SimplyMobile.Text.ProtoBuffer.csproj", "{256E4D6E-0252-405E-B516-4CEAF129A5F5}"
EndProject
Project("{FAE04EC0-301F-11D3-BF4B-00C04F79EFBC}") = "SimplyMobile.Text.FastJson.Android", "..\Core\Plugins\SimplyMobile.Text.FastJson\SimplyMobile.Text.FastJson.Android.csproj", "{A14F3F44-A9B3-44EE-A5CF-990D91964177}"
EndProject
Project("{2150E333-8FDC-42A3-9474-1A3956D46DE8}") = "Database", "Database", "{10C852CB-C7DD-4F8D-8641-72C6BFB59801}"
EndProject
Project("{FAE04EC0-301F-11D3-BF4B-00C04F79EFBC}") = "SimplyMobile.Data.OrmLite", "Plugins\SimplyMobile.Data.OrmLite\SimplyMobile.Data.OrmLite.csproj", "{7444C208-ECD8-4D59-B3BB-58864CDC25B9}"
EndProject
Project("{FAE04EC0-301F-11D3-BF4B-00C04F79EFBC}") = "SimplyMobile.Data", "SimplyMobile.Data\SimplyMobile.Data.csproj", "{F5D68828-C9EA-486E-BD8A-60D1406DCCF7}"
EndProject
Project("{FAE04EC0-301F-11D3-BF4B-00C04F79EFBC}") = "SimplyMobile.Text", "..\Core\SimplyMobile.Text\SimplyMobile.Text.csproj", "{F367F89E-E79F-4332-AD93-85E7CFF7391C}"
EndProject
Project("{FAE04EC0-301F-11D3-BF4B-00C04F79EFBC}") = "SimplyMobile.Web", "..\Core\SimplyMobile.Web\SimplyMobile.Web.csproj", "{00636A5F-DA3A-4E3E-B673-D483834684E3}"
EndProject
Project("{FAE04EC0-301F-11D3-BF4B-00C04F79EFBC}") = "SimplyMobile.Location", "SimplyMobile.Location\SimplyMobile.Location.csproj", "{7E4AA2E4-C8BD-45EA-86CC-10A3302518B1}"
EndProject
Project("{FAE04EC0-301F-11D3-BF4B-00C04F79EFBC}") = "SimplyMobile.Web.Android", "..\Core\SimplyMobile.Web\SimplyMobile.Web.Android.csproj", "{69953254-EE9D-471F-8D94-E7239C68F88C}"
EndProject
Global
	GlobalSection(SolutionConfigurationPlatforms) = preSolution
		Debug|Any CPU = Debug|Any CPU
		Release|Any CPU = Release|Any CPU
	EndGlobalSection
	GlobalSection(ProjectConfigurationPlatforms) = postSolution
		{00636A5F-DA3A-4E3E-B673-D483834684E3}.Debug|Any CPU.ActiveCfg = Debug|Any CPU
		{00636A5F-DA3A-4E3E-B673-D483834684E3}.Debug|Any CPU.Build.0 = Debug|Any CPU
		{00636A5F-DA3A-4E3E-B673-D483834684E3}.Release|Any CPU.ActiveCfg = Release|Any CPU
		{00636A5F-DA3A-4E3E-B673-D483834684E3}.Release|Any CPU.Build.0 = Release|Any CPU
		{019132C0-4A0B-456E-9013-0E58436D2B9D}.Debug|Any CPU.ActiveCfg = Debug|Any CPU
		{019132C0-4A0B-456E-9013-0E58436D2B9D}.Debug|Any CPU.Build.0 = Debug|Any CPU
		{019132C0-4A0B-456E-9013-0E58436D2B9D}.Release|Any CPU.ActiveCfg = Release|Any CPU
		{019132C0-4A0B-456E-9013-0E58436D2B9D}.Release|Any CPU.Build.0 = Release|Any CPU
		{12F8C5DB-4811-4C90-960F-A4F347E3DE67}.Debug|Any CPU.ActiveCfg = Debug|Any CPU
		{12F8C5DB-4811-4C90-960F-A4F347E3DE67}.Debug|Any CPU.Build.0 = Debug|Any CPU
		{12F8C5DB-4811-4C90-960F-A4F347E3DE67}.Release|Any CPU.ActiveCfg = Release|Any CPU
		{12F8C5DB-4811-4C90-960F-A4F347E3DE67}.Release|Any CPU.Build.0 = Release|Any CPU
		{152B6CB8-A54D-4CC1-B1C1-C0F5C8FB0064}.Debug|Any CPU.ActiveCfg = Debug|Any CPU
		{152B6CB8-A54D-4CC1-B1C1-C0F5C8FB0064}.Debug|Any CPU.Build.0 = Debug|Any CPU
		{152B6CB8-A54D-4CC1-B1C1-C0F5C8FB0064}.Release|Any CPU.ActiveCfg = Release|Any CPU
		{152B6CB8-A54D-4CC1-B1C1-C0F5C8FB0064}.Release|Any CPU.Build.0 = Release|Any CPU
		{256E4D6E-0252-405E-B516-4CEAF129A5F5}.Debug|Any CPU.ActiveCfg = Debug|Any CPU
		{256E4D6E-0252-405E-B516-4CEAF129A5F5}.Debug|Any CPU.Build.0 = Debug|Any CPU
		{256E4D6E-0252-405E-B516-4CEAF129A5F5}.Release|Any CPU.ActiveCfg = Release|Any CPU
		{256E4D6E-0252-405E-B516-4CEAF129A5F5}.Release|Any CPU.Build.0 = Release|Any CPU
		{3AA0C944-881A-48AE-9C6A-0B88FE5B285F}.Debug|Any CPU.ActiveCfg = Debug|Any CPU
		{3AA0C944-881A-48AE-9C6A-0B88FE5B285F}.Debug|Any CPU.Build.0 = Debug|Any CPU
		{3AA0C944-881A-48AE-9C6A-0B88FE5B285F}.Release|Any CPU.ActiveCfg = Release|Any CPU
		{3AA0C944-881A-48AE-9C6A-0B88FE5B285F}.Release|Any CPU.Build.0 = Release|Any CPU
		{69953254-EE9D-471F-8D94-E7239C68F88C}.Debug|Any CPU.ActiveCfg = Debug|Any CPU
		{69953254-EE9D-471F-8D94-E7239C68F88C}.Debug|Any CPU.Build.0 = Debug|Any CPU
		{69953254-EE9D-471F-8D94-E7239C68F88C}.Release|Any CPU.ActiveCfg = Release|Any CPU
		{69953254-EE9D-471F-8D94-E7239C68F88C}.Release|Any CPU.Build.0 = Release|Any CPU
		{7444C208-ECD8-4D59-B3BB-58864CDC25B9}.Debug|Any CPU.ActiveCfg = Debug|Any CPU
		{7444C208-ECD8-4D59-B3BB-58864CDC25B9}.Debug|Any CPU.Build.0 = Debug|Any CPU
		{7444C208-ECD8-4D59-B3BB-58864CDC25B9}.Release|Any CPU.ActiveCfg = Release|Any CPU
		{7444C208-ECD8-4D59-B3BB-58864CDC25B9}.Release|Any CPU.Build.0 = Release|Any CPU
		{7886EBA5-D091-4AA1-B5BE-37DBC892AD19}.Debug|Any CPU.ActiveCfg = Debug|Any CPU
		{7886EBA5-D091-4AA1-B5BE-37DBC892AD19}.Debug|Any CPU.Build.0 = Debug|Any CPU
		{7886EBA5-D091-4AA1-B5BE-37DBC892AD19}.Release|Any CPU.ActiveCfg = Release|Any CPU
		{7886EBA5-D091-4AA1-B5BE-37DBC892AD19}.Release|Any CPU.Build.0 = Release|Any CPU
		{7E4AA2E4-C8BD-45EA-86CC-10A3302518B1}.Debug|Any CPU.ActiveCfg = Debug|Any CPU
		{7E4AA2E4-C8BD-45EA-86CC-10A3302518B1}.Debug|Any CPU.Build.0 = Debug|Any CPU
		{7E4AA2E4-C8BD-45EA-86CC-10A3302518B1}.Release|Any CPU.ActiveCfg = Release|Any CPU
		{7E4AA2E4-C8BD-45EA-86CC-10A3302518B1}.Release|Any CPU.Build.0 = Release|Any CPU
		{816E24FC-3485-42DA-9C0E-4B23D789C45F}.Debug|Any CPU.ActiveCfg = Debug|Any CPU
		{816E24FC-3485-42DA-9C0E-4B23D789C45F}.Debug|Any CPU.Build.0 = Debug|Any CPU
		{816E24FC-3485-42DA-9C0E-4B23D789C45F}.Release|Any CPU.ActiveCfg = Release|Any CPU
		{816E24FC-3485-42DA-9C0E-4B23D789C45F}.Release|Any CPU.Build.0 = Release|Any CPU
		{A14F3F44-A9B3-44EE-A5CF-990D91964177}.Debug|Any CPU.ActiveCfg = Debug|Any CPU
		{A14F3F44-A9B3-44EE-A5CF-990D91964177}.Debug|Any CPU.Build.0 = Debug|Any CPU
		{A14F3F44-A9B3-44EE-A5CF-990D91964177}.Release|Any CPU.ActiveCfg = Release|Any CPU
		{A14F3F44-A9B3-44EE-A5CF-990D91964177}.Release|Any CPU.Build.0 = Release|Any CPU
		{A47FDAFF-7826-43F8-9887-0207666878B7}.Debug|Any CPU.ActiveCfg = Debug|Any CPU
		{A47FDAFF-7826-43F8-9887-0207666878B7}.Debug|Any CPU.Build.0 = Debug|Any CPU
		{A47FDAFF-7826-43F8-9887-0207666878B7}.Release|Any CPU.ActiveCfg = Release|Any CPU
		{A47FDAFF-7826-43F8-9887-0207666878B7}.Release|Any CPU.Build.0 = Release|Any CPU
		{A5348070-2961-4C1C-A414-139DE24EF05A}.Debug|Any CPU.ActiveCfg = Debug|Any CPU
		{A5348070-2961-4C1C-A414-139DE24EF05A}.Debug|Any CPU.Build.0 = Debug|Any CPU
		{A5348070-2961-4C1C-A414-139DE24EF05A}.Debug|Any CPU.Deploy.0 = Debug|Any CPU
		{A5348070-2961-4C1C-A414-139DE24EF05A}.Release|Any CPU.ActiveCfg = Release|Any CPU
		{A5348070-2961-4C1C-A414-139DE24EF05A}.Release|Any CPU.Build.0 = Release|Any CPU
		{A5348070-2961-4C1C-A414-139DE24EF05A}.Release|Any CPU.Deploy.0 = Release|Any CPU
		{CB0ECB4A-C83B-49A6-BFF5-90B5B72775CC}.Debug|Any CPU.ActiveCfg = Debug|Any CPU
		{CB0ECB4A-C83B-49A6-BFF5-90B5B72775CC}.Debug|Any CPU.Build.0 = Debug|Any CPU
		{CB0ECB4A-C83B-49A6-BFF5-90B5B72775CC}.Release|Any CPU.ActiveCfg = Release|Any CPU
		{CB0ECB4A-C83B-49A6-BFF5-90B5B72775CC}.Release|Any CPU.Build.0 = Release|Any CPU
		{D80BE32E-29A9-47D6-A791-984B933E9CE3}.Debug|Any CPU.ActiveCfg = Debug|Any CPU
		{D80BE32E-29A9-47D6-A791-984B933E9CE3}.Debug|Any CPU.Build.0 = Debug|Any CPU
		{D80BE32E-29A9-47D6-A791-984B933E9CE3}.Release|Any CPU.ActiveCfg = Release|Any CPU
		{D80BE32E-29A9-47D6-A791-984B933E9CE3}.Release|Any CPU.Build.0 = Release|Any CPU
		{D8EA511F-A729-40BD-9687-E200E8911F2A}.Debug|Any CPU.ActiveCfg = Debug|Any CPU
		{D8EA511F-A729-40BD-9687-E200E8911F2A}.Debug|Any CPU.Build.0 = Debug|Any CPU
		{D8EA511F-A729-40BD-9687-E200E8911F2A}.Release|Any CPU.ActiveCfg = Release|Any CPU
		{D8EA511F-A729-40BD-9687-E200E8911F2A}.Release|Any CPU.Build.0 = Release|Any CPU
		{E3B1EC46-1514-4201-9938-D5F0A3259FD6}.Debug|Any CPU.ActiveCfg = Debug|Any CPU
		{E3B1EC46-1514-4201-9938-D5F0A3259FD6}.Debug|Any CPU.Build.0 = Debug|Any CPU
		{E3B1EC46-1514-4201-9938-D5F0A3259FD6}.Release|Any CPU.ActiveCfg = Release|Any CPU
		{E3B1EC46-1514-4201-9938-D5F0A3259FD6}.Release|Any CPU.Build.0 = Release|Any CPU
		{E9ABE182-15BC-4494-B112-FD22D515A65A}.Debug|Any CPU.ActiveCfg = Debug|Any CPU
		{E9ABE182-15BC-4494-B112-FD22D515A65A}.Debug|Any CPU.Build.0 = Debug|Any CPU
		{E9ABE182-15BC-4494-B112-FD22D515A65A}.Release|Any CPU.ActiveCfg = Release|Any CPU
		{E9ABE182-15BC-4494-B112-FD22D515A65A}.Release|Any CPU.Build.0 = Release|Any CPU
		{EFBE38F3-CD3E-42AE-BBD8-F48B98ED1579}.Debug|Any CPU.ActiveCfg = Debug|Any CPU
		{EFBE38F3-CD3E-42AE-BBD8-F48B98ED1579}.Debug|Any CPU.Build.0 = Debug|Any CPU
		{EFBE38F3-CD3E-42AE-BBD8-F48B98ED1579}.Release|Any CPU.ActiveCfg = Release|Any CPU
		{EFBE38F3-CD3E-42AE-BBD8-F48B98ED1579}.Release|Any CPU.Build.0 = Release|Any CPU
		{F16741AD-BA50-4922-A018-D7B622758101}.Debug|Any CPU.ActiveCfg = Debug|Any CPU
		{F16741AD-BA50-4922-A018-D7B622758101}.Debug|Any CPU.Build.0 = Debug|Any CPU
		{F16741AD-BA50-4922-A018-D7B622758101}.Release|Any CPU.ActiveCfg = Release|Any CPU
		{F16741AD-BA50-4922-A018-D7B622758101}.Release|Any CPU.Build.0 = Release|Any CPU
		{F367F89E-E79F-4332-AD93-85E7CFF7391C}.Debug|Any CPU.ActiveCfg = Debug|Any CPU
		{F367F89E-E79F-4332-AD93-85E7CFF7391C}.Debug|Any CPU.Build.0 = Debug|Any CPU
		{F367F89E-E79F-4332-AD93-85E7CFF7391C}.Release|Any CPU.ActiveCfg = Release|Any CPU
		{F367F89E-E79F-4332-AD93-85E7CFF7391C}.Release|Any CPU.Build.0 = Release|Any CPU
		{F5D68828-C9EA-486E-BD8A-60D1406DCCF7}.Debug|Any CPU.ActiveCfg = Debug|Any CPU
		{F5D68828-C9EA-486E-BD8A-60D1406DCCF7}.Debug|Any CPU.Build.0 = Debug|Any CPU
		{F5D68828-C9EA-486E-BD8A-60D1406DCCF7}.Release|Any CPU.ActiveCfg = Release|Any CPU
		{F5D68828-C9EA-486E-BD8A-60D1406DCCF7}.Release|Any CPU.Build.0 = Release|Any CPU
		{F6319465-28A8-4D53-933F-AD85DA3E3A04}.Debug|Any CPU.ActiveCfg = Debug|Any CPU
		{F6319465-28A8-4D53-933F-AD85DA3E3A04}.Debug|Any CPU.Build.0 = Debug|Any CPU
		{F6319465-28A8-4D53-933F-AD85DA3E3A04}.Release|Any CPU.ActiveCfg = Release|Any CPU
		{F6319465-28A8-4D53-933F-AD85DA3E3A04}.Release|Any CPU.Build.0 = Release|Any CPU
	EndGlobalSection
	GlobalSection(NestedProjects) = preSolution
		{019132C0-4A0B-456E-9013-0E58436D2B9D} = {6728B276-7979-48E4-92DA-D11B070160FE}
		{D8EA511F-A729-40BD-9687-E200E8911F2A} = {6728B276-7979-48E4-92DA-D11B070160FE}
		{F6319465-28A8-4D53-933F-AD85DA3E3A04} = {6728B276-7979-48E4-92DA-D11B070160FE}
		{816E24FC-3485-42DA-9C0E-4B23D789C45F} = {6728B276-7979-48E4-92DA-D11B070160FE}
		{A5348070-2961-4C1C-A414-139DE24EF05A} = {6728B276-7979-48E4-92DA-D11B070160FE}
		{E3B1EC46-1514-4201-9938-D5F0A3259FD6} = {6728B276-7979-48E4-92DA-D11B070160FE}
		{3AA0C944-881A-48AE-9C6A-0B88FE5B285F} = {6728B276-7979-48E4-92DA-D11B070160FE}
		{12F8C5DB-4811-4C90-960F-A4F347E3DE67} = {6728B276-7979-48E4-92DA-D11B070160FE}
		{CB0ECB4A-C83B-49A6-BFF5-90B5B72775CC} = {50DFE1B3-A7F2-4FB5-806B-B896E87DAAB0}
		{7886EBA5-D091-4AA1-B5BE-37DBC892AD19} = {50DFE1B3-A7F2-4FB5-806B-B896E87DAAB0}
		{3F6029D3-3E54-4915-98CA-94431B4C774D} = {50DFE1B3-A7F2-4FB5-806B-B896E87DAAB0}
		{256E4D6E-0252-405E-B516-4CEAF129A5F5} = {50DFE1B3-A7F2-4FB5-806B-B896E87DAAB0}
		{A14F3F44-A9B3-44EE-A5CF-990D91964177} = {50DFE1B3-A7F2-4FB5-806B-B896E87DAAB0}
		{10C852CB-C7DD-4F8D-8641-72C6BFB59801} = {50DFE1B3-A7F2-4FB5-806B-B896E87DAAB0}
		{F16741AD-BA50-4922-A018-D7B622758101} = {3F6029D3-3E54-4915-98CA-94431B4C774D}
		{152B6CB8-A54D-4CC1-B1C1-C0F5C8FB0064} = {3F6029D3-3E54-4915-98CA-94431B4C774D}
		{7444C208-ECD8-4D59-B3BB-58864CDC25B9} = {10C852CB-C7DD-4F8D-8641-72C6BFB59801}
	EndGlobalSection
	GlobalSection(MonoDevelopProperties) = preSolution
		StartupItem = Tests\TextSerializationTests\TextSerializationTests.csproj
	EndGlobalSection
	GlobalSection(SolutionProperties) = preSolution
		HideSolutionNode = FALSE
	EndGlobalSection
EndGlobal
