
Microsoft Visual Studio Solution File, Format Version 12.00
# Visual Studio 2012
Project("{FAE04EC0-301F-11D3-BF4B-00C04F79EFBC}") = "SimplyMobile.Core", "SimplyMobile.Core\SimplyMobile.Core.csproj", "{8E364285-031D-4049-94E7-385113738742}"
EndProject
Project("{FAE04EC0-301F-11D3-BF4B-00C04F79EFBC}") = "SimplyMobile.Device", "SimplyMobile.Device\SimplyMobile.Device.csproj", "{E51F775C-15CB-4A9D-9278-4F0FB72480A5}"
EndProject
Project("{2150E333-8FDC-42A3-9474-1A3956D46DE8}") = "Tests", "Tests", "{EE63A9AA-E8A4-4230-B2E5-39A8A497548C}"
EndProject
Project("{FAE04EC0-301F-11D3-BF4B-00C04F79EFBC}") = "DeviceTests", "Tests\DeviceTests\DeviceTests.csproj", "{254FC42A-1D03-4137-A575-949BE03FFB04}"
EndProject
Project("{FAE04EC0-301F-11D3-BF4B-00C04F79EFBC}") = "ObservableCollectionTest", "Tests\ObservableCollectionTest\ObservableCollectionTest.csproj", "{1A56346B-92A2-46ED-B367-95389E598E65}"
EndProject
Project("{FAE04EC0-301F-11D3-BF4B-00C04F79EFBC}") = "StockQuote", "Tests\StockQuote\StockQuote.csproj", "{CBA66080-43E4-4F7A-83DA-D51B1C43C650}"
EndProject
Project("{FAE04EC0-301F-11D3-BF4B-00C04F79EFBC}") = "TextSerializationTests", "Tests\TextSerializationTests\TextSerializationTests.csproj", "{9FC56C0E-42CE-41AF-9999-1DDFCF36F64A}"
EndProject
Project("{FAE04EC0-301F-11D3-BF4B-00C04F79EFBC}") = "WebClientTests", "Tests\WebClientTests\WebClientTests.csproj", "{28FE1420-AED4-4E4E-A748-C7E5342480AA}"
EndProject
Project("{FAE04EC0-301F-11D3-BF4B-00C04F79EFBC}") = "BindingTests", "Tests\BindingTests\BindingTests.csproj", "{C6D20E64-B0FE-403F-8B64-E06DAB7ABFFE}"
EndProject
Project("{FAE04EC0-301F-11D3-BF4B-00C04F79EFBC}") = "BingTests", "Tests\BingTests\BingTests.csproj", "{DDFB1C84-5CFE-4746-9972-4C2D7D57BF16}"
EndProject
Project("{FAE04EC0-301F-11D3-BF4B-00C04F79EFBC}") = "BitmapTest", "Tests\BitmapTest\BitmapTest.csproj", "{0FC32AA7-570D-4BBE-9803-EDD0075D0F44}"
EndProject
Project("{FAE04EC0-301F-11D3-BF4B-00C04F79EFBC}") = "SimplyMobile.Media", "SimplyMobile.Media\SimplyMobile.Media.csproj", "{BAD35219-28E2-4655-BC61-E4D86FCF901A}"
EndProject
Project("{2150E333-8FDC-42A3-9474-1A3956D46DE8}") = "Plugins", "Plugins", "{C2C11C8B-8937-4524-BEDA-32BF7486E2A3}"
EndProject
Project("{FAE04EC0-301F-11D3-BF4B-00C04F79EFBC}") = "SimplyMobile.Text.JsonNet", "Plugins\SimplyMobile.Text.JsonNet\SimplyMobile.Text.JsonNet.csproj", "{27EEB861-E72C-4190-9928-B8FBE6450909}"
EndProject
Project("{FAE04EC0-301F-11D3-BF4B-00C04F79EFBC}") = "SimplyMobile.Text.ServiceStack", "Plugins\SimplyMobile.Text.ServiceStack\SimplyMobile.Text.ServiceStack.csproj", "{9BECF79A-0632-40F7-9F63-BA810EF686DD}"
EndProject
Project("{2150E333-8FDC-42A3-9474-1A3956D46DE8}") = "Stocks", "Stocks", "{EB8603DD-2462-4F6A-9958-01119C170534}"
EndProject
Project("{FAE04EC0-301F-11D3-BF4B-00C04F79EFBC}") = "SimplyMobile.Plugins.WcfStockService.iOS", "..\Core\Plugins\Stocks\SimplyMobile.Plugins.WcfStockService\SimplyMobile.Plugins.WcfStockService.iOS.csproj", "{11AC1268-5A69-45B7-B5BD-5D459B582024}"
EndProject
Project("{FAE04EC0-301F-11D3-BF4B-00C04F79EFBC}") = "SimplyMobile.Plugins.StockView.iOS", "..\Core\Plugins\Stocks\SimplyMobile.Plugins.StockView\SimplyMobile.Plugins.StockView.iOS.csproj", "{1549AFBD-753D-4C14-876D-531FCDB9C9A4}"
EndProject
Project("{FAE04EC0-301F-11D3-BF4B-00C04F79EFBC}") = "SimplyMobile.Data.OrmLite", "Plugins\SimplyMobile.Data.OrmLite\SimplyMobile.Data.OrmLite.csproj", "{058DDE9D-45D2-4C8D-AC15-071CCD60A634}"
EndProject
Project("{FAE04EC0-301F-11D3-BF4B-00C04F79EFBC}") = "SimplyMobile.Text.ProtoBuffer", "..\Core\Plugins\SimplyMobile.Text.ProtoBuffer\SimplyMobile.Text.ProtoBuffer.csproj", "{256E4D6E-0252-405E-B516-4CEAF129A5F5}"
EndProject
Project("{2150E333-8FDC-42A3-9474-1A3956D46DE8}") = "Hybrid", "Hybrid", "{57E7E426-1398-4274-9467-D998C2917255}"
EndProject
Project("{FAE04EC0-301F-11D3-BF4B-00C04F79EFBC}") = "SimplyMobile.Web.CanvasJs.iOS", "..\Core\Plugins\Hybrid\SimplyMobile.Web.CanvasJs\SimplyMobile.Web.CanvasJs.iOS.csproj", "{C6F895D4-ABE1-4FC3-A6C2-B75C143F83EA}"
EndProject
Project("{2150E333-8FDC-42A3-9474-1A3956D46DE8}") = "Location", "Location", "{45E712B9-EB9A-45EE-84A2-C447FBE9907A}"
EndProject
Project("{FAE04EC0-301F-11D3-BF4B-00C04F79EFBC}") = "SimplyMobile.Location.Bing.iOS", "..\Core\Plugins\Location\SimplyMobile.Location.Bing\SimplyMobile.Location.Bing.iOS.csproj", "{C9D5DAD7-9FA5-4C5B-BA61-06E7879DEEBE}"
EndProject
Project("{FAE04EC0-301F-11D3-BF4B-00C04F79EFBC}") = "SimplyMobile.Data", "SimplyMobile.Data\SimplyMobile.Data.csproj", "{284D992D-0CD6-4A9E-BDF4-16507F9B1C9F}"
EndProject
Project("{FAE04EC0-301F-11D3-BF4B-00C04F79EFBC}") = "SimplyMobile.Text", "..\Core\SimplyMobile.Text\SimplyMobile.Text.csproj", "{F367F89E-E79F-4332-AD93-85E7CFF7391C}"
EndProject
Project("{FAE04EC0-301F-11D3-BF4B-00C04F79EFBC}") = "SimplyMobile.Web", "..\Core\SimplyMobile.Web\SimplyMobile.Web.csproj", "{00636A5F-DA3A-4E3E-B673-D483834684E3}"
EndProject
Project("{FAE04EC0-301F-11D3-BF4B-00C04F79EFBC}") = "SimplyMobile.Web.iOS", "..\Core\SimplyMobile.Web\SimplyMobile.Web.iOS.csproj", "{EE9B20C2-2D3B-48B4-8458-D2D7230D1583}"
EndProject
Project("{FAE04EC0-301F-11D3-BF4B-00C04F79EFBC}") = "SimplyMobile.Location", "SimplyMobile.Location\SimplyMobile.Location.csproj", "{07B9D0E4-B633-4698-AC92-997A121949F4}"
EndProject
Project("{2150E333-8FDC-42A3-9474-1A3956D46DE8}") = "Samples", "Samples", "{D868CD0C-FDD3-4634-8163-1003C972222C}"
EndProject
Project("{FAE04EC0-301F-11D3-BF4B-00C04F79EFBC}") = "StackOverflowSamples", "Samples\StackOverflowSamples\StackOverflowSamples.csproj", "{1CCE258E-59E0-42ED-9588-580C93B499BD}"
EndProject
Global
	GlobalSection(SolutionConfigurationPlatforms) = preSolution
		Ad-Hoc|Any CPU = Ad-Hoc|Any CPU
		Ad-Hoc|iPhone = Ad-Hoc|iPhone
		Ad-Hoc|iPhoneSimulator = Ad-Hoc|iPhoneSimulator
		Ad-Hoc|Mixed Platforms = Ad-Hoc|Mixed Platforms
		AppStore|Any CPU = AppStore|Any CPU
		AppStore|iPhone = AppStore|iPhone
		AppStore|iPhoneSimulator = AppStore|iPhoneSimulator
		AppStore|Mixed Platforms = AppStore|Mixed Platforms
		Debug|Any CPU = Debug|Any CPU
		Debug|iPhone = Debug|iPhone
		Debug|iPhoneSimulator = Debug|iPhoneSimulator
		Debug|Mixed Platforms = Debug|Mixed Platforms
		Release|Any CPU = Release|Any CPU
		Release|iPhone = Release|iPhone
		Release|iPhoneSimulator = Release|iPhoneSimulator
		Release|Mixed Platforms = Release|Mixed Platforms
	EndGlobalSection
	GlobalSection(ProjectConfigurationPlatforms) = postSolution
		{00636A5F-DA3A-4E3E-B673-D483834684E3}.Ad-Hoc|Any CPU.ActiveCfg = Release|Any CPU
		{00636A5F-DA3A-4E3E-B673-D483834684E3}.Ad-Hoc|Any CPU.Build.0 = Release|Any CPU
		{00636A5F-DA3A-4E3E-B673-D483834684E3}.Ad-Hoc|iPhone.ActiveCfg = Release|Any CPU
		{00636A5F-DA3A-4E3E-B673-D483834684E3}.Ad-Hoc|iPhoneSimulator.ActiveCfg = Release|Any CPU
		{00636A5F-DA3A-4E3E-B673-D483834684E3}.Ad-Hoc|Mixed Platforms.ActiveCfg = Release|Any CPU
		{00636A5F-DA3A-4E3E-B673-D483834684E3}.Ad-Hoc|Mixed Platforms.Build.0 = Release|Any CPU
		{00636A5F-DA3A-4E3E-B673-D483834684E3}.AppStore|Any CPU.ActiveCfg = Release|Any CPU
		{00636A5F-DA3A-4E3E-B673-D483834684E3}.AppStore|Any CPU.Build.0 = Release|Any CPU
		{00636A5F-DA3A-4E3E-B673-D483834684E3}.AppStore|iPhone.ActiveCfg = Release|Any CPU
		{00636A5F-DA3A-4E3E-B673-D483834684E3}.AppStore|iPhoneSimulator.ActiveCfg = Release|Any CPU
		{00636A5F-DA3A-4E3E-B673-D483834684E3}.AppStore|Mixed Platforms.ActiveCfg = Release|Any CPU
		{00636A5F-DA3A-4E3E-B673-D483834684E3}.AppStore|Mixed Platforms.Build.0 = Release|Any CPU
		{00636A5F-DA3A-4E3E-B673-D483834684E3}.Debug|Any CPU.ActiveCfg = Debug|Any CPU
		{00636A5F-DA3A-4E3E-B673-D483834684E3}.Debug|Any CPU.Build.0 = Debug|Any CPU
		{00636A5F-DA3A-4E3E-B673-D483834684E3}.Debug|iPhone.ActiveCfg = Debug|Any CPU
		{00636A5F-DA3A-4E3E-B673-D483834684E3}.Debug|iPhone.Build.0 = Debug|Any CPU
		{00636A5F-DA3A-4E3E-B673-D483834684E3}.Debug|iPhoneSimulator.ActiveCfg = Debug|Any CPU
		{00636A5F-DA3A-4E3E-B673-D483834684E3}.Debug|iPhoneSimulator.Build.0 = Debug|Any CPU
		{00636A5F-DA3A-4E3E-B673-D483834684E3}.Debug|Mixed Platforms.ActiveCfg = Debug|Any CPU
		{00636A5F-DA3A-4E3E-B673-D483834684E3}.Debug|Mixed Platforms.Build.0 = Debug|Any CPU
		{00636A5F-DA3A-4E3E-B673-D483834684E3}.Release|Any CPU.ActiveCfg = Release|Any CPU
		{00636A5F-DA3A-4E3E-B673-D483834684E3}.Release|Any CPU.Build.0 = Release|Any CPU
		{00636A5F-DA3A-4E3E-B673-D483834684E3}.Release|iPhone.ActiveCfg = Release|Any CPU
		{00636A5F-DA3A-4E3E-B673-D483834684E3}.Release|iPhoneSimulator.ActiveCfg = Release|Any CPU
		{00636A5F-DA3A-4E3E-B673-D483834684E3}.Release|Mixed Platforms.ActiveCfg = Release|Any CPU
		{00636A5F-DA3A-4E3E-B673-D483834684E3}.Release|Mixed Platforms.Build.0 = Release|Any CPU
		{058DDE9D-45D2-4C8D-AC15-071CCD60A634}.Ad-Hoc|Any CPU.ActiveCfg = Release|Any CPU
		{058DDE9D-45D2-4C8D-AC15-071CCD60A634}.Ad-Hoc|Any CPU.Build.0 = Release|Any CPU
		{058DDE9D-45D2-4C8D-AC15-071CCD60A634}.Ad-Hoc|iPhone.ActiveCfg = Release|Any CPU
		{058DDE9D-45D2-4C8D-AC15-071CCD60A634}.Ad-Hoc|iPhone.Build.0 = Release|Any CPU
		{058DDE9D-45D2-4C8D-AC15-071CCD60A634}.Ad-Hoc|iPhoneSimulator.ActiveCfg = Release|Any CPU
		{058DDE9D-45D2-4C8D-AC15-071CCD60A634}.Ad-Hoc|iPhoneSimulator.Build.0 = Release|Any CPU
		{058DDE9D-45D2-4C8D-AC15-071CCD60A634}.Ad-Hoc|Mixed Platforms.ActiveCfg = Release|Any CPU
		{058DDE9D-45D2-4C8D-AC15-071CCD60A634}.Ad-Hoc|Mixed Platforms.Build.0 = Release|Any CPU
		{058DDE9D-45D2-4C8D-AC15-071CCD60A634}.AppStore|Any CPU.ActiveCfg = Release|Any CPU
		{058DDE9D-45D2-4C8D-AC15-071CCD60A634}.AppStore|Any CPU.Build.0 = Release|Any CPU
		{058DDE9D-45D2-4C8D-AC15-071CCD60A634}.AppStore|iPhone.ActiveCfg = Release|Any CPU
		{058DDE9D-45D2-4C8D-AC15-071CCD60A634}.AppStore|iPhone.Build.0 = Release|Any CPU
		{058DDE9D-45D2-4C8D-AC15-071CCD60A634}.AppStore|iPhoneSimulator.ActiveCfg = Release|Any CPU
		{058DDE9D-45D2-4C8D-AC15-071CCD60A634}.AppStore|iPhoneSimulator.Build.0 = Release|Any CPU
		{058DDE9D-45D2-4C8D-AC15-071CCD60A634}.AppStore|Mixed Platforms.ActiveCfg = Release|Any CPU
		{058DDE9D-45D2-4C8D-AC15-071CCD60A634}.AppStore|Mixed Platforms.Build.0 = Release|Any CPU
		{058DDE9D-45D2-4C8D-AC15-071CCD60A634}.Debug|Any CPU.ActiveCfg = Debug|Any CPU
		{058DDE9D-45D2-4C8D-AC15-071CCD60A634}.Debug|Any CPU.Build.0 = Debug|Any CPU
		{058DDE9D-45D2-4C8D-AC15-071CCD60A634}.Debug|iPhone.ActiveCfg = Debug|Any CPU
		{058DDE9D-45D2-4C8D-AC15-071CCD60A634}.Debug|iPhone.Build.0 = Debug|Any CPU
		{058DDE9D-45D2-4C8D-AC15-071CCD60A634}.Debug|iPhoneSimulator.ActiveCfg = Debug|Any CPU
		{058DDE9D-45D2-4C8D-AC15-071CCD60A634}.Debug|iPhoneSimulator.Build.0 = Debug|Any CPU
		{058DDE9D-45D2-4C8D-AC15-071CCD60A634}.Debug|Mixed Platforms.ActiveCfg = Debug|Any CPU
		{058DDE9D-45D2-4C8D-AC15-071CCD60A634}.Debug|Mixed Platforms.Build.0 = Debug|Any CPU
		{058DDE9D-45D2-4C8D-AC15-071CCD60A634}.Release|Any CPU.ActiveCfg = Release|Any CPU
		{058DDE9D-45D2-4C8D-AC15-071CCD60A634}.Release|Any CPU.Build.0 = Release|Any CPU
		{058DDE9D-45D2-4C8D-AC15-071CCD60A634}.Release|iPhone.ActiveCfg = Release|Any CPU
		{058DDE9D-45D2-4C8D-AC15-071CCD60A634}.Release|iPhone.Build.0 = Release|Any CPU
		{058DDE9D-45D2-4C8D-AC15-071CCD60A634}.Release|iPhoneSimulator.ActiveCfg = Release|Any CPU
		{058DDE9D-45D2-4C8D-AC15-071CCD60A634}.Release|iPhoneSimulator.Build.0 = Release|Any CPU
		{058DDE9D-45D2-4C8D-AC15-071CCD60A634}.Release|Mixed Platforms.ActiveCfg = Release|Any CPU
		{058DDE9D-45D2-4C8D-AC15-071CCD60A634}.Release|Mixed Platforms.Build.0 = Release|Any CPU
		{07B9D0E4-B633-4698-AC92-997A121949F4}.Ad-Hoc|Any CPU.ActiveCfg = Release|Any CPU
		{07B9D0E4-B633-4698-AC92-997A121949F4}.Ad-Hoc|Any CPU.Build.0 = Release|Any CPU
		{07B9D0E4-B633-4698-AC92-997A121949F4}.Ad-Hoc|iPhone.ActiveCfg = Release|Any CPU
		{07B9D0E4-B633-4698-AC92-997A121949F4}.Ad-Hoc|iPhone.Build.0 = Release|Any CPU
		{07B9D0E4-B633-4698-AC92-997A121949F4}.Ad-Hoc|iPhoneSimulator.ActiveCfg = Debug|Any CPU
		{07B9D0E4-B633-4698-AC92-997A121949F4}.Ad-Hoc|iPhoneSimulator.Build.0 = Debug|Any CPU
		{07B9D0E4-B633-4698-AC92-997A121949F4}.Ad-Hoc|Mixed Platforms.ActiveCfg = Release|Any CPU
		{07B9D0E4-B633-4698-AC92-997A121949F4}.Ad-Hoc|Mixed Platforms.Build.0 = Release|Any CPU
		{07B9D0E4-B633-4698-AC92-997A121949F4}.AppStore|Any CPU.ActiveCfg = Release|Any CPU
		{07B9D0E4-B633-4698-AC92-997A121949F4}.AppStore|Any CPU.Build.0 = Release|Any CPU
		{07B9D0E4-B633-4698-AC92-997A121949F4}.AppStore|iPhone.ActiveCfg = Release|Any CPU
		{07B9D0E4-B633-4698-AC92-997A121949F4}.AppStore|iPhone.Build.0 = Release|Any CPU
		{07B9D0E4-B633-4698-AC92-997A121949F4}.AppStore|iPhoneSimulator.ActiveCfg = Debug|Any CPU
		{07B9D0E4-B633-4698-AC92-997A121949F4}.AppStore|iPhoneSimulator.Build.0 = Debug|Any CPU
		{07B9D0E4-B633-4698-AC92-997A121949F4}.AppStore|Mixed Platforms.ActiveCfg = Release|Any CPU
		{07B9D0E4-B633-4698-AC92-997A121949F4}.AppStore|Mixed Platforms.Build.0 = Release|Any CPU
		{07B9D0E4-B633-4698-AC92-997A121949F4}.Debug|Any CPU.ActiveCfg = Debug|Any CPU
		{07B9D0E4-B633-4698-AC92-997A121949F4}.Debug|Any CPU.Build.0 = Debug|Any CPU
		{07B9D0E4-B633-4698-AC92-997A121949F4}.Debug|iPhone.ActiveCfg = Debug|Any CPU
		{07B9D0E4-B633-4698-AC92-997A121949F4}.Debug|iPhone.Build.0 = Debug|Any CPU
		{07B9D0E4-B633-4698-AC92-997A121949F4}.Debug|iPhoneSimulator.ActiveCfg = Debug|Any CPU
		{07B9D0E4-B633-4698-AC92-997A121949F4}.Debug|iPhoneSimulator.Build.0 = Debug|Any CPU
		{07B9D0E4-B633-4698-AC92-997A121949F4}.Debug|Mixed Platforms.ActiveCfg = Debug|Any CPU
		{07B9D0E4-B633-4698-AC92-997A121949F4}.Debug|Mixed Platforms.Build.0 = Debug|Any CPU
		{07B9D0E4-B633-4698-AC92-997A121949F4}.Release|Any CPU.ActiveCfg = Release|Any CPU
		{07B9D0E4-B633-4698-AC92-997A121949F4}.Release|Any CPU.Build.0 = Release|Any CPU
		{07B9D0E4-B633-4698-AC92-997A121949F4}.Release|iPhone.ActiveCfg = Release|Any CPU
		{07B9D0E4-B633-4698-AC92-997A121949F4}.Release|iPhone.Build.0 = Release|Any CPU
		{07B9D0E4-B633-4698-AC92-997A121949F4}.Release|iPhoneSimulator.ActiveCfg = Release|Any CPU
		{07B9D0E4-B633-4698-AC92-997A121949F4}.Release|iPhoneSimulator.Build.0 = Release|Any CPU
		{07B9D0E4-B633-4698-AC92-997A121949F4}.Release|Mixed Platforms.ActiveCfg = Release|Any CPU
		{07B9D0E4-B633-4698-AC92-997A121949F4}.Release|Mixed Platforms.Build.0 = Release|Any CPU
		{0FC32AA7-570D-4BBE-9803-EDD0075D0F44}.Ad-Hoc|Any CPU.ActiveCfg = Ad-Hoc|iPhone
		{0FC32AA7-570D-4BBE-9803-EDD0075D0F44}.Ad-Hoc|Any CPU.Build.0 = Ad-Hoc|iPhone
		{0FC32AA7-570D-4BBE-9803-EDD0075D0F44}.Ad-Hoc|iPhone.ActiveCfg = Ad-Hoc|iPhone
		{0FC32AA7-570D-4BBE-9803-EDD0075D0F44}.Ad-Hoc|iPhone.Build.0 = Ad-Hoc|iPhone
		{0FC32AA7-570D-4BBE-9803-EDD0075D0F44}.Ad-Hoc|iPhoneSimulator.ActiveCfg = Debug|iPhoneSimulator
		{0FC32AA7-570D-4BBE-9803-EDD0075D0F44}.Ad-Hoc|iPhoneSimulator.Build.0 = Debug|iPhoneSimulator
		{0FC32AA7-570D-4BBE-9803-EDD0075D0F44}.Ad-Hoc|Mixed Platforms.ActiveCfg = Ad-Hoc|iPhone
		{0FC32AA7-570D-4BBE-9803-EDD0075D0F44}.Ad-Hoc|Mixed Platforms.Build.0 = Ad-Hoc|iPhone
		{0FC32AA7-570D-4BBE-9803-EDD0075D0F44}.AppStore|Any CPU.ActiveCfg = AppStore|iPhone
		{0FC32AA7-570D-4BBE-9803-EDD0075D0F44}.AppStore|Any CPU.Build.0 = AppStore|iPhone
		{0FC32AA7-570D-4BBE-9803-EDD0075D0F44}.AppStore|iPhone.ActiveCfg = AppStore|iPhone
		{0FC32AA7-570D-4BBE-9803-EDD0075D0F44}.AppStore|iPhone.Build.0 = AppStore|iPhone
		{0FC32AA7-570D-4BBE-9803-EDD0075D0F44}.AppStore|iPhoneSimulator.ActiveCfg = Debug|iPhoneSimulator
		{0FC32AA7-570D-4BBE-9803-EDD0075D0F44}.AppStore|iPhoneSimulator.Build.0 = Debug|iPhoneSimulator
		{0FC32AA7-570D-4BBE-9803-EDD0075D0F44}.AppStore|Mixed Platforms.ActiveCfg = AppStore|iPhone
		{0FC32AA7-570D-4BBE-9803-EDD0075D0F44}.AppStore|Mixed Platforms.Build.0 = AppStore|iPhone
		{0FC32AA7-570D-4BBE-9803-EDD0075D0F44}.Debug|Any CPU.ActiveCfg = Debug|iPhoneSimulator
		{0FC32AA7-570D-4BBE-9803-EDD0075D0F44}.Debug|Any CPU.Build.0 = Debug|iPhoneSimulator
		{0FC32AA7-570D-4BBE-9803-EDD0075D0F44}.Debug|iPhone.ActiveCfg = Debug|iPhone
		{0FC32AA7-570D-4BBE-9803-EDD0075D0F44}.Debug|iPhone.Build.0 = Debug|iPhone
		{0FC32AA7-570D-4BBE-9803-EDD0075D0F44}.Debug|iPhoneSimulator.ActiveCfg = Debug|iPhoneSimulator
		{0FC32AA7-570D-4BBE-9803-EDD0075D0F44}.Debug|iPhoneSimulator.Build.0 = Debug|iPhoneSimulator
		{0FC32AA7-570D-4BBE-9803-EDD0075D0F44}.Debug|Mixed Platforms.ActiveCfg = Debug|iPhoneSimulator
		{0FC32AA7-570D-4BBE-9803-EDD0075D0F44}.Debug|Mixed Platforms.Build.0 = Debug|iPhoneSimulator
		{0FC32AA7-570D-4BBE-9803-EDD0075D0F44}.Release|Any CPU.ActiveCfg = Release|iPhoneSimulator
		{0FC32AA7-570D-4BBE-9803-EDD0075D0F44}.Release|Any CPU.Build.0 = Release|iPhoneSimulator
		{0FC32AA7-570D-4BBE-9803-EDD0075D0F44}.Release|iPhone.ActiveCfg = Release|iPhone
		{0FC32AA7-570D-4BBE-9803-EDD0075D0F44}.Release|iPhone.Build.0 = Release|iPhone
		{0FC32AA7-570D-4BBE-9803-EDD0075D0F44}.Release|iPhoneSimulator.ActiveCfg = Release|iPhoneSimulator
		{0FC32AA7-570D-4BBE-9803-EDD0075D0F44}.Release|iPhoneSimulator.Build.0 = Release|iPhoneSimulator
		{0FC32AA7-570D-4BBE-9803-EDD0075D0F44}.Release|Mixed Platforms.ActiveCfg = Release|iPhoneSimulator
		{0FC32AA7-570D-4BBE-9803-EDD0075D0F44}.Release|Mixed Platforms.Build.0 = Release|iPhoneSimulator
		{11AC1268-5A69-45B7-B5BD-5D459B582024}.Ad-Hoc|Any CPU.ActiveCfg = Release|Any CPU
		{11AC1268-5A69-45B7-B5BD-5D459B582024}.Ad-Hoc|Any CPU.Build.0 = Release|Any CPU
		{11AC1268-5A69-45B7-B5BD-5D459B582024}.Ad-Hoc|iPhone.ActiveCfg = Release|Any CPU
		{11AC1268-5A69-45B7-B5BD-5D459B582024}.Ad-Hoc|iPhone.Build.0 = Release|Any CPU
		{11AC1268-5A69-45B7-B5BD-5D459B582024}.Ad-Hoc|iPhoneSimulator.ActiveCfg = Release|Any CPU
		{11AC1268-5A69-45B7-B5BD-5D459B582024}.Ad-Hoc|Mixed Platforms.ActiveCfg = Release|Any CPU
		{11AC1268-5A69-45B7-B5BD-5D459B582024}.Ad-Hoc|Mixed Platforms.Build.0 = Release|Any CPU
		{11AC1268-5A69-45B7-B5BD-5D459B582024}.AppStore|Any CPU.ActiveCfg = Release|Any CPU
		{11AC1268-5A69-45B7-B5BD-5D459B582024}.AppStore|Any CPU.Build.0 = Release|Any CPU
		{11AC1268-5A69-45B7-B5BD-5D459B582024}.AppStore|iPhone.ActiveCfg = Release|Any CPU
		{11AC1268-5A69-45B7-B5BD-5D459B582024}.AppStore|iPhone.Build.0 = Release|Any CPU
		{11AC1268-5A69-45B7-B5BD-5D459B582024}.AppStore|iPhoneSimulator.ActiveCfg = Release|Any CPU
		{11AC1268-5A69-45B7-B5BD-5D459B582024}.AppStore|Mixed Platforms.ActiveCfg = Release|Any CPU
		{11AC1268-5A69-45B7-B5BD-5D459B582024}.AppStore|Mixed Platforms.Build.0 = Release|Any CPU
		{11AC1268-5A69-45B7-B5BD-5D459B582024}.Debug|Any CPU.ActiveCfg = Debug|Any CPU
		{11AC1268-5A69-45B7-B5BD-5D459B582024}.Debug|Any CPU.Build.0 = Debug|Any CPU
		{11AC1268-5A69-45B7-B5BD-5D459B582024}.Debug|iPhone.ActiveCfg = Debug|Any CPU
		{11AC1268-5A69-45B7-B5BD-5D459B582024}.Debug|iPhone.Build.0 = Debug|Any CPU
		{11AC1268-5A69-45B7-B5BD-5D459B582024}.Debug|iPhoneSimulator.ActiveCfg = Debug|Any CPU
		{11AC1268-5A69-45B7-B5BD-5D459B582024}.Debug|iPhoneSimulator.Build.0 = Debug|Any CPU
		{11AC1268-5A69-45B7-B5BD-5D459B582024}.Debug|Mixed Platforms.ActiveCfg = Debug|Any CPU
		{11AC1268-5A69-45B7-B5BD-5D459B582024}.Debug|Mixed Platforms.Build.0 = Debug|Any CPU
		{11AC1268-5A69-45B7-B5BD-5D459B582024}.Release|Any CPU.ActiveCfg = Release|Any CPU
		{11AC1268-5A69-45B7-B5BD-5D459B582024}.Release|Any CPU.Build.0 = Release|Any CPU
		{11AC1268-5A69-45B7-B5BD-5D459B582024}.Release|iPhone.ActiveCfg = Release|Any CPU
		{11AC1268-5A69-45B7-B5BD-5D459B582024}.Release|iPhone.Build.0 = Release|Any CPU
		{11AC1268-5A69-45B7-B5BD-5D459B582024}.Release|iPhoneSimulator.ActiveCfg = Release|Any CPU
		{11AC1268-5A69-45B7-B5BD-5D459B582024}.Release|Mixed Platforms.ActiveCfg = Release|Any CPU
		{11AC1268-5A69-45B7-B5BD-5D459B582024}.Release|Mixed Platforms.Build.0 = Release|Any CPU
		{1549AFBD-753D-4C14-876D-531FCDB9C9A4}.Ad-Hoc|Any CPU.ActiveCfg = Release|Any CPU
		{1549AFBD-753D-4C14-876D-531FCDB9C9A4}.Ad-Hoc|Any CPU.Build.0 = Release|Any CPU
		{1549AFBD-753D-4C14-876D-531FCDB9C9A4}.Ad-Hoc|iPhone.ActiveCfg = Release|Any CPU
		{1549AFBD-753D-4C14-876D-531FCDB9C9A4}.Ad-Hoc|iPhone.Build.0 = Release|Any CPU
		{1549AFBD-753D-4C14-876D-531FCDB9C9A4}.Ad-Hoc|iPhoneSimulator.ActiveCfg = Release|Any CPU
		{1549AFBD-753D-4C14-876D-531FCDB9C9A4}.Ad-Hoc|Mixed Platforms.ActiveCfg = Release|Any CPU
		{1549AFBD-753D-4C14-876D-531FCDB9C9A4}.Ad-Hoc|Mixed Platforms.Build.0 = Release|Any CPU
		{1549AFBD-753D-4C14-876D-531FCDB9C9A4}.AppStore|Any CPU.ActiveCfg = Release|Any CPU
		{1549AFBD-753D-4C14-876D-531FCDB9C9A4}.AppStore|Any CPU.Build.0 = Release|Any CPU
		{1549AFBD-753D-4C14-876D-531FCDB9C9A4}.AppStore|iPhone.ActiveCfg = Release|Any CPU
		{1549AFBD-753D-4C14-876D-531FCDB9C9A4}.AppStore|iPhone.Build.0 = Release|Any CPU
		{1549AFBD-753D-4C14-876D-531FCDB9C9A4}.AppStore|iPhoneSimulator.ActiveCfg = Release|Any CPU
		{1549AFBD-753D-4C14-876D-531FCDB9C9A4}.AppStore|Mixed Platforms.ActiveCfg = Release|Any CPU
		{1549AFBD-753D-4C14-876D-531FCDB9C9A4}.AppStore|Mixed Platforms.Build.0 = Release|Any CPU
		{1549AFBD-753D-4C14-876D-531FCDB9C9A4}.Debug|Any CPU.ActiveCfg = Debug|Any CPU
		{1549AFBD-753D-4C14-876D-531FCDB9C9A4}.Debug|Any CPU.Build.0 = Debug|Any CPU
		{1549AFBD-753D-4C14-876D-531FCDB9C9A4}.Debug|iPhone.ActiveCfg = Debug|Any CPU
		{1549AFBD-753D-4C14-876D-531FCDB9C9A4}.Debug|iPhone.Build.0 = Debug|Any CPU
		{1549AFBD-753D-4C14-876D-531FCDB9C9A4}.Debug|iPhoneSimulator.ActiveCfg = Debug|Any CPU
		{1549AFBD-753D-4C14-876D-531FCDB9C9A4}.Debug|iPhoneSimulator.Build.0 = Debug|Any CPU
		{1549AFBD-753D-4C14-876D-531FCDB9C9A4}.Debug|Mixed Platforms.ActiveCfg = Debug|Any CPU
		{1549AFBD-753D-4C14-876D-531FCDB9C9A4}.Debug|Mixed Platforms.Build.0 = Debug|Any CPU
		{1549AFBD-753D-4C14-876D-531FCDB9C9A4}.Release|Any CPU.ActiveCfg = Release|Any CPU
		{1549AFBD-753D-4C14-876D-531FCDB9C9A4}.Release|Any CPU.Build.0 = Release|Any CPU
		{1549AFBD-753D-4C14-876D-531FCDB9C9A4}.Release|iPhone.ActiveCfg = Release|Any CPU
		{1549AFBD-753D-4C14-876D-531FCDB9C9A4}.Release|iPhone.Build.0 = Release|Any CPU
		{1549AFBD-753D-4C14-876D-531FCDB9C9A4}.Release|iPhoneSimulator.ActiveCfg = Release|Any CPU
		{1549AFBD-753D-4C14-876D-531FCDB9C9A4}.Release|Mixed Platforms.ActiveCfg = Release|Any CPU
		{1549AFBD-753D-4C14-876D-531FCDB9C9A4}.Release|Mixed Platforms.Build.0 = Release|Any CPU
		{1A56346B-92A2-46ED-B367-95389E598E65}.Ad-Hoc|Any CPU.ActiveCfg = Ad-Hoc|iPhone
		{1A56346B-92A2-46ED-B367-95389E598E65}.Ad-Hoc|iPhone.ActiveCfg = Ad-Hoc|iPhone
		{1A56346B-92A2-46ED-B367-95389E598E65}.Ad-Hoc|iPhone.Build.0 = Ad-Hoc|iPhone
		{1A56346B-92A2-46ED-B367-95389E598E65}.Ad-Hoc|iPhoneSimulator.ActiveCfg = Ad-Hoc|iPhoneSimulator
		{1A56346B-92A2-46ED-B367-95389E598E65}.Ad-Hoc|iPhoneSimulator.Build.0 = Ad-Hoc|iPhoneSimulator
		{1A56346B-92A2-46ED-B367-95389E598E65}.Ad-Hoc|Mixed Platforms.ActiveCfg = Ad-Hoc|iPhone
		{1A56346B-92A2-46ED-B367-95389E598E65}.Ad-Hoc|Mixed Platforms.Build.0 = Ad-Hoc|iPhone
		{1A56346B-92A2-46ED-B367-95389E598E65}.AppStore|Any CPU.ActiveCfg = AppStore|iPhone
		{1A56346B-92A2-46ED-B367-95389E598E65}.AppStore|iPhone.ActiveCfg = AppStore|iPhone
		{1A56346B-92A2-46ED-B367-95389E598E65}.AppStore|iPhone.Build.0 = AppStore|iPhone
		{1A56346B-92A2-46ED-B367-95389E598E65}.AppStore|iPhoneSimulator.ActiveCfg = AppStore|iPhoneSimulator
		{1A56346B-92A2-46ED-B367-95389E598E65}.AppStore|iPhoneSimulator.Build.0 = AppStore|iPhoneSimulator
		{1A56346B-92A2-46ED-B367-95389E598E65}.AppStore|Mixed Platforms.ActiveCfg = AppStore|iPhone
		{1A56346B-92A2-46ED-B367-95389E598E65}.AppStore|Mixed Platforms.Build.0 = AppStore|iPhone
		{1A56346B-92A2-46ED-B367-95389E598E65}.Debug|Any CPU.ActiveCfg = Debug|iPhone
		{1A56346B-92A2-46ED-B367-95389E598E65}.Debug|Any CPU.Build.0 = Debug|iPhone
		{1A56346B-92A2-46ED-B367-95389E598E65}.Debug|iPhone.ActiveCfg = Debug|iPhone
		{1A56346B-92A2-46ED-B367-95389E598E65}.Debug|iPhone.Build.0 = Debug|iPhone
		{1A56346B-92A2-46ED-B367-95389E598E65}.Debug|iPhoneSimulator.ActiveCfg = Debug|iPhoneSimulator
		{1A56346B-92A2-46ED-B367-95389E598E65}.Debug|iPhoneSimulator.Build.0 = Debug|iPhoneSimulator
		{1A56346B-92A2-46ED-B367-95389E598E65}.Debug|Mixed Platforms.ActiveCfg = Debug|iPhone
		{1A56346B-92A2-46ED-B367-95389E598E65}.Debug|Mixed Platforms.Build.0 = Debug|iPhone
		{1A56346B-92A2-46ED-B367-95389E598E65}.Release|Any CPU.ActiveCfg = Release|iPhone
		{1A56346B-92A2-46ED-B367-95389E598E65}.Release|iPhone.ActiveCfg = Release|iPhone
		{1A56346B-92A2-46ED-B367-95389E598E65}.Release|iPhone.Build.0 = Release|iPhone
		{1A56346B-92A2-46ED-B367-95389E598E65}.Release|iPhoneSimulator.ActiveCfg = Release|iPhoneSimulator
		{1A56346B-92A2-46ED-B367-95389E598E65}.Release|iPhoneSimulator.Build.0 = Release|iPhoneSimulator
		{1A56346B-92A2-46ED-B367-95389E598E65}.Release|Mixed Platforms.ActiveCfg = Release|iPhone
		{1A56346B-92A2-46ED-B367-95389E598E65}.Release|Mixed Platforms.Build.0 = Release|iPhone
		{1CCE258E-59E0-42ED-9588-580C93B499BD}.Ad-Hoc|Any CPU.ActiveCfg = Ad-Hoc|iPhone
		{1CCE258E-59E0-42ED-9588-580C93B499BD}.Ad-Hoc|Any CPU.Build.0 = Ad-Hoc|iPhone
		{1CCE258E-59E0-42ED-9588-580C93B499BD}.Ad-Hoc|iPhone.ActiveCfg = Ad-Hoc|iPhone
		{1CCE258E-59E0-42ED-9588-580C93B499BD}.Ad-Hoc|iPhone.Build.0 = Ad-Hoc|iPhone
		{1CCE258E-59E0-42ED-9588-580C93B499BD}.Ad-Hoc|iPhoneSimulator.ActiveCfg = Debug|iPhoneSimulator
		{1CCE258E-59E0-42ED-9588-580C93B499BD}.Ad-Hoc|iPhoneSimulator.Build.0 = Debug|iPhoneSimulator
		{1CCE258E-59E0-42ED-9588-580C93B499BD}.Ad-Hoc|Mixed Platforms.ActiveCfg = Ad-Hoc|iPhone
		{1CCE258E-59E0-42ED-9588-580C93B499BD}.Ad-Hoc|Mixed Platforms.Build.0 = Ad-Hoc|iPhone
		{1CCE258E-59E0-42ED-9588-580C93B499BD}.AppStore|Any CPU.ActiveCfg = AppStore|iPhone
		{1CCE258E-59E0-42ED-9588-580C93B499BD}.AppStore|Any CPU.Build.0 = AppStore|iPhone
		{1CCE258E-59E0-42ED-9588-580C93B499BD}.AppStore|iPhone.ActiveCfg = AppStore|iPhone
		{1CCE258E-59E0-42ED-9588-580C93B499BD}.AppStore|iPhone.Build.0 = AppStore|iPhone
		{1CCE258E-59E0-42ED-9588-580C93B499BD}.AppStore|iPhoneSimulator.ActiveCfg = Debug|iPhoneSimulator
		{1CCE258E-59E0-42ED-9588-580C93B499BD}.AppStore|iPhoneSimulator.Build.0 = Debug|iPhoneSimulator
		{1CCE258E-59E0-42ED-9588-580C93B499BD}.AppStore|Mixed Platforms.ActiveCfg = AppStore|iPhone
		{1CCE258E-59E0-42ED-9588-580C93B499BD}.AppStore|Mixed Platforms.Build.0 = AppStore|iPhone
		{1CCE258E-59E0-42ED-9588-580C93B499BD}.Debug|Any CPU.ActiveCfg = Debug|iPhoneSimulator
		{1CCE258E-59E0-42ED-9588-580C93B499BD}.Debug|Any CPU.Build.0 = Debug|iPhoneSimulator
		{1CCE258E-59E0-42ED-9588-580C93B499BD}.Debug|iPhone.ActiveCfg = Debug|iPhone
		{1CCE258E-59E0-42ED-9588-580C93B499BD}.Debug|iPhone.Build.0 = Debug|iPhone
		{1CCE258E-59E0-42ED-9588-580C93B499BD}.Debug|iPhoneSimulator.ActiveCfg = Debug|iPhoneSimulator
		{1CCE258E-59E0-42ED-9588-580C93B499BD}.Debug|iPhoneSimulator.Build.0 = Debug|iPhoneSimulator
		{1CCE258E-59E0-42ED-9588-580C93B499BD}.Debug|Mixed Platforms.ActiveCfg = Debug|iPhoneSimulator
		{1CCE258E-59E0-42ED-9588-580C93B499BD}.Debug|Mixed Platforms.Build.0 = Debug|iPhoneSimulator
		{1CCE258E-59E0-42ED-9588-580C93B499BD}.Release|Any CPU.ActiveCfg = Release|iPhoneSimulator
		{1CCE258E-59E0-42ED-9588-580C93B499BD}.Release|Any CPU.Build.0 = Release|iPhoneSimulator
		{1CCE258E-59E0-42ED-9588-580C93B499BD}.Release|iPhone.ActiveCfg = Release|iPhone
		{1CCE258E-59E0-42ED-9588-580C93B499BD}.Release|iPhone.Build.0 = Release|iPhone
		{1CCE258E-59E0-42ED-9588-580C93B499BD}.Release|iPhoneSimulator.ActiveCfg = Release|iPhoneSimulator
		{1CCE258E-59E0-42ED-9588-580C93B499BD}.Release|iPhoneSimulator.Build.0 = Release|iPhoneSimulator
		{1CCE258E-59E0-42ED-9588-580C93B499BD}.Release|Mixed Platforms.ActiveCfg = Release|iPhoneSimulator
		{1CCE258E-59E0-42ED-9588-580C93B499BD}.Release|Mixed Platforms.Build.0 = Release|iPhoneSimulator
		{254FC42A-1D03-4137-A575-949BE03FFB04}.Ad-Hoc|Any CPU.ActiveCfg = Ad-Hoc|iPhoneSimulator
		{254FC42A-1D03-4137-A575-949BE03FFB04}.Ad-Hoc|iPhone.ActiveCfg = Ad-Hoc|iPhone
		{254FC42A-1D03-4137-A575-949BE03FFB04}.Ad-Hoc|iPhone.Build.0 = Ad-Hoc|iPhone
		{254FC42A-1D03-4137-A575-949BE03FFB04}.Ad-Hoc|iPhoneSimulator.ActiveCfg = Ad-Hoc|iPhoneSimulator
		{254FC42A-1D03-4137-A575-949BE03FFB04}.Ad-Hoc|iPhoneSimulator.Build.0 = Ad-Hoc|iPhoneSimulator
		{254FC42A-1D03-4137-A575-949BE03FFB04}.Ad-Hoc|Mixed Platforms.ActiveCfg = Ad-Hoc|iPhoneSimulator
		{254FC42A-1D03-4137-A575-949BE03FFB04}.Ad-Hoc|Mixed Platforms.Build.0 = Ad-Hoc|iPhoneSimulator
		{254FC42A-1D03-4137-A575-949BE03FFB04}.AppStore|Any CPU.ActiveCfg = AppStore|iPhoneSimulator
		{254FC42A-1D03-4137-A575-949BE03FFB04}.AppStore|iPhone.ActiveCfg = AppStore|iPhone
		{254FC42A-1D03-4137-A575-949BE03FFB04}.AppStore|iPhone.Build.0 = AppStore|iPhone
		{254FC42A-1D03-4137-A575-949BE03FFB04}.AppStore|iPhoneSimulator.ActiveCfg = AppStore|iPhoneSimulator
		{254FC42A-1D03-4137-A575-949BE03FFB04}.AppStore|iPhoneSimulator.Build.0 = AppStore|iPhoneSimulator
		{254FC42A-1D03-4137-A575-949BE03FFB04}.AppStore|Mixed Platforms.ActiveCfg = AppStore|iPhoneSimulator
		{254FC42A-1D03-4137-A575-949BE03FFB04}.AppStore|Mixed Platforms.Build.0 = AppStore|iPhoneSimulator
		{254FC42A-1D03-4137-A575-949BE03FFB04}.Debug|Any CPU.ActiveCfg = Debug|iPhoneSimulator
		{254FC42A-1D03-4137-A575-949BE03FFB04}.Debug|Any CPU.Build.0 = Debug|iPhoneSimulator
		{254FC42A-1D03-4137-A575-949BE03FFB04}.Debug|iPhone.ActiveCfg = Debug|iPhone
		{254FC42A-1D03-4137-A575-949BE03FFB04}.Debug|iPhone.Build.0 = Debug|iPhone
		{254FC42A-1D03-4137-A575-949BE03FFB04}.Debug|iPhoneSimulator.ActiveCfg = Debug|iPhoneSimulator
		{254FC42A-1D03-4137-A575-949BE03FFB04}.Debug|iPhoneSimulator.Build.0 = Debug|iPhoneSimulator
		{254FC42A-1D03-4137-A575-949BE03FFB04}.Debug|Mixed Platforms.ActiveCfg = Debug|iPhone
		{254FC42A-1D03-4137-A575-949BE03FFB04}.Debug|Mixed Platforms.Build.0 = Debug|iPhone
		{254FC42A-1D03-4137-A575-949BE03FFB04}.Release|Any CPU.ActiveCfg = Release|iPhoneSimulator
		{254FC42A-1D03-4137-A575-949BE03FFB04}.Release|Any CPU.Build.0 = Release|iPhoneSimulator
		{254FC42A-1D03-4137-A575-949BE03FFB04}.Release|iPhone.ActiveCfg = Release|iPhone
		{254FC42A-1D03-4137-A575-949BE03FFB04}.Release|iPhone.Build.0 = Release|iPhone
		{254FC42A-1D03-4137-A575-949BE03FFB04}.Release|iPhoneSimulator.ActiveCfg = Release|iPhoneSimulator
		{254FC42A-1D03-4137-A575-949BE03FFB04}.Release|iPhoneSimulator.Build.0 = Release|iPhoneSimulator
		{254FC42A-1D03-4137-A575-949BE03FFB04}.Release|Mixed Platforms.ActiveCfg = Release|iPhone
		{254FC42A-1D03-4137-A575-949BE03FFB04}.Release|Mixed Platforms.Build.0 = Release|iPhone
		{256E4D6E-0252-405E-B516-4CEAF129A5F5}.Ad-Hoc|Any CPU.ActiveCfg = Release|Any CPU
		{256E4D6E-0252-405E-B516-4CEAF129A5F5}.Ad-Hoc|Any CPU.Build.0 = Release|Any CPU
		{256E4D6E-0252-405E-B516-4CEAF129A5F5}.Ad-Hoc|iPhone.ActiveCfg = Release|Any CPU
		{256E4D6E-0252-405E-B516-4CEAF129A5F5}.Ad-Hoc|iPhoneSimulator.ActiveCfg = Release|Any CPU
		{256E4D6E-0252-405E-B516-4CEAF129A5F5}.Ad-Hoc|Mixed Platforms.ActiveCfg = Release|Any CPU
		{256E4D6E-0252-405E-B516-4CEAF129A5F5}.Ad-Hoc|Mixed Platforms.Build.0 = Release|Any CPU
		{256E4D6E-0252-405E-B516-4CEAF129A5F5}.AppStore|Any CPU.ActiveCfg = Release|Any CPU
		{256E4D6E-0252-405E-B516-4CEAF129A5F5}.AppStore|Any CPU.Build.0 = Release|Any CPU
		{256E4D6E-0252-405E-B516-4CEAF129A5F5}.AppStore|iPhone.ActiveCfg = Release|Any CPU
		{256E4D6E-0252-405E-B516-4CEAF129A5F5}.AppStore|iPhoneSimulator.ActiveCfg = Release|Any CPU
		{256E4D6E-0252-405E-B516-4CEAF129A5F5}.AppStore|Mixed Platforms.ActiveCfg = Release|Any CPU
		{256E4D6E-0252-405E-B516-4CEAF129A5F5}.AppStore|Mixed Platforms.Build.0 = Release|Any CPU
		{256E4D6E-0252-405E-B516-4CEAF129A5F5}.Debug|Any CPU.ActiveCfg = Debug|Any CPU
		{256E4D6E-0252-405E-B516-4CEAF129A5F5}.Debug|Any CPU.Build.0 = Debug|Any CPU
		{256E4D6E-0252-405E-B516-4CEAF129A5F5}.Debug|iPhone.ActiveCfg = Debug|Any CPU
		{256E4D6E-0252-405E-B516-4CEAF129A5F5}.Debug|iPhone.Build.0 = Debug|Any CPU
		{256E4D6E-0252-405E-B516-4CEAF129A5F5}.Debug|iPhoneSimulator.ActiveCfg = Debug|Any CPU
		{256E4D6E-0252-405E-B516-4CEAF129A5F5}.Debug|iPhoneSimulator.Build.0 = Debug|Any CPU
		{256E4D6E-0252-405E-B516-4CEAF129A5F5}.Debug|Mixed Platforms.ActiveCfg = Debug|Any CPU
		{256E4D6E-0252-405E-B516-4CEAF129A5F5}.Debug|Mixed Platforms.Build.0 = Debug|Any CPU
		{256E4D6E-0252-405E-B516-4CEAF129A5F5}.Release|Any CPU.ActiveCfg = Release|Any CPU
		{256E4D6E-0252-405E-B516-4CEAF129A5F5}.Release|Any CPU.Build.0 = Release|Any CPU
		{256E4D6E-0252-405E-B516-4CEAF129A5F5}.Release|iPhone.ActiveCfg = Release|Any CPU
		{256E4D6E-0252-405E-B516-4CEAF129A5F5}.Release|iPhoneSimulator.ActiveCfg = Release|Any CPU
		{256E4D6E-0252-405E-B516-4CEAF129A5F5}.Release|Mixed Platforms.ActiveCfg = Release|Any CPU
		{256E4D6E-0252-405E-B516-4CEAF129A5F5}.Release|Mixed Platforms.Build.0 = Release|Any CPU
		{27EEB861-E72C-4190-9928-B8FBE6450909}.Ad-Hoc|Any CPU.ActiveCfg = Release|Any CPU
		{27EEB861-E72C-4190-9928-B8FBE6450909}.Ad-Hoc|Any CPU.Build.0 = Release|Any CPU
		{27EEB861-E72C-4190-9928-B8FBE6450909}.Ad-Hoc|iPhone.ActiveCfg = Release|Any CPU
		{27EEB861-E72C-4190-9928-B8FBE6450909}.Ad-Hoc|iPhone.Build.0 = Release|Any CPU
		{27EEB861-E72C-4190-9928-B8FBE6450909}.Ad-Hoc|iPhoneSimulator.ActiveCfg = Release|Any CPU
		{27EEB861-E72C-4190-9928-B8FBE6450909}.Ad-Hoc|iPhoneSimulator.Build.0 = Release|Any CPU
		{27EEB861-E72C-4190-9928-B8FBE6450909}.Ad-Hoc|Mixed Platforms.ActiveCfg = Release|Any CPU
		{27EEB861-E72C-4190-9928-B8FBE6450909}.Ad-Hoc|Mixed Platforms.Build.0 = Release|Any CPU
		{27EEB861-E72C-4190-9928-B8FBE6450909}.AppStore|Any CPU.ActiveCfg = Release|Any CPU
		{27EEB861-E72C-4190-9928-B8FBE6450909}.AppStore|Any CPU.Build.0 = Release|Any CPU
		{27EEB861-E72C-4190-9928-B8FBE6450909}.AppStore|iPhone.ActiveCfg = Release|Any CPU
		{27EEB861-E72C-4190-9928-B8FBE6450909}.AppStore|iPhone.Build.0 = Release|Any CPU
		{27EEB861-E72C-4190-9928-B8FBE6450909}.AppStore|iPhoneSimulator.ActiveCfg = Release|Any CPU
		{27EEB861-E72C-4190-9928-B8FBE6450909}.AppStore|iPhoneSimulator.Build.0 = Release|Any CPU
		{27EEB861-E72C-4190-9928-B8FBE6450909}.AppStore|Mixed Platforms.ActiveCfg = Release|Any CPU
		{27EEB861-E72C-4190-9928-B8FBE6450909}.AppStore|Mixed Platforms.Build.0 = Release|Any CPU
		{27EEB861-E72C-4190-9928-B8FBE6450909}.Debug|Any CPU.ActiveCfg = Debug|Any CPU
		{27EEB861-E72C-4190-9928-B8FBE6450909}.Debug|Any CPU.Build.0 = Debug|Any CPU
		{27EEB861-E72C-4190-9928-B8FBE6450909}.Debug|iPhone.ActiveCfg = Debug|Any CPU
		{27EEB861-E72C-4190-9928-B8FBE6450909}.Debug|iPhone.Build.0 = Debug|Any CPU
		{27EEB861-E72C-4190-9928-B8FBE6450909}.Debug|iPhoneSimulator.ActiveCfg = Debug|Any CPU
		{27EEB861-E72C-4190-9928-B8FBE6450909}.Debug|iPhoneSimulator.Build.0 = Debug|Any CPU
		{27EEB861-E72C-4190-9928-B8FBE6450909}.Debug|Mixed Platforms.ActiveCfg = Debug|Any CPU
		{27EEB861-E72C-4190-9928-B8FBE6450909}.Debug|Mixed Platforms.Build.0 = Debug|Any CPU
		{27EEB861-E72C-4190-9928-B8FBE6450909}.Release|Any CPU.ActiveCfg = Release|Any CPU
		{27EEB861-E72C-4190-9928-B8FBE6450909}.Release|Any CPU.Build.0 = Release|Any CPU
		{27EEB861-E72C-4190-9928-B8FBE6450909}.Release|iPhone.ActiveCfg = Release|Any CPU
		{27EEB861-E72C-4190-9928-B8FBE6450909}.Release|iPhone.Build.0 = Release|Any CPU
		{27EEB861-E72C-4190-9928-B8FBE6450909}.Release|iPhoneSimulator.ActiveCfg = Release|Any CPU
		{27EEB861-E72C-4190-9928-B8FBE6450909}.Release|iPhoneSimulator.Build.0 = Release|Any CPU
		{27EEB861-E72C-4190-9928-B8FBE6450909}.Release|Mixed Platforms.ActiveCfg = Release|Any CPU
		{27EEB861-E72C-4190-9928-B8FBE6450909}.Release|Mixed Platforms.Build.0 = Release|Any CPU
		{284D992D-0CD6-4A9E-BDF4-16507F9B1C9F}.Ad-Hoc|Any CPU.ActiveCfg = Release|Any CPU
		{284D992D-0CD6-4A9E-BDF4-16507F9B1C9F}.Ad-Hoc|Any CPU.Build.0 = Release|Any CPU
		{284D992D-0CD6-4A9E-BDF4-16507F9B1C9F}.Ad-Hoc|iPhone.ActiveCfg = Release|Any CPU
		{284D992D-0CD6-4A9E-BDF4-16507F9B1C9F}.Ad-Hoc|iPhone.Build.0 = Release|Any CPU
		{284D992D-0CD6-4A9E-BDF4-16507F9B1C9F}.Ad-Hoc|iPhoneSimulator.ActiveCfg = Release|Any CPU
		{284D992D-0CD6-4A9E-BDF4-16507F9B1C9F}.Ad-Hoc|iPhoneSimulator.Build.0 = Release|Any CPU
		{284D992D-0CD6-4A9E-BDF4-16507F9B1C9F}.Ad-Hoc|Mixed Platforms.ActiveCfg = Release|Any CPU
		{284D992D-0CD6-4A9E-BDF4-16507F9B1C9F}.Ad-Hoc|Mixed Platforms.Build.0 = Release|Any CPU
		{284D992D-0CD6-4A9E-BDF4-16507F9B1C9F}.AppStore|Any CPU.ActiveCfg = Release|Any CPU
		{284D992D-0CD6-4A9E-BDF4-16507F9B1C9F}.AppStore|Any CPU.Build.0 = Release|Any CPU
		{284D992D-0CD6-4A9E-BDF4-16507F9B1C9F}.AppStore|iPhone.ActiveCfg = Release|Any CPU
		{284D992D-0CD6-4A9E-BDF4-16507F9B1C9F}.AppStore|iPhone.Build.0 = Release|Any CPU
		{284D992D-0CD6-4A9E-BDF4-16507F9B1C9F}.AppStore|iPhoneSimulator.ActiveCfg = Release|Any CPU
		{284D992D-0CD6-4A9E-BDF4-16507F9B1C9F}.AppStore|iPhoneSimulator.Build.0 = Release|Any CPU
		{284D992D-0CD6-4A9E-BDF4-16507F9B1C9F}.AppStore|Mixed Platforms.ActiveCfg = Release|Any CPU
		{284D992D-0CD6-4A9E-BDF4-16507F9B1C9F}.AppStore|Mixed Platforms.Build.0 = Release|Any CPU
		{284D992D-0CD6-4A9E-BDF4-16507F9B1C9F}.Debug|Any CPU.ActiveCfg = Debug|Any CPU
		{284D992D-0CD6-4A9E-BDF4-16507F9B1C9F}.Debug|Any CPU.Build.0 = Debug|Any CPU
		{284D992D-0CD6-4A9E-BDF4-16507F9B1C9F}.Debug|iPhone.ActiveCfg = Debug|Any CPU
		{284D992D-0CD6-4A9E-BDF4-16507F9B1C9F}.Debug|iPhone.Build.0 = Debug|Any CPU
		{284D992D-0CD6-4A9E-BDF4-16507F9B1C9F}.Debug|iPhoneSimulator.ActiveCfg = Debug|Any CPU
		{284D992D-0CD6-4A9E-BDF4-16507F9B1C9F}.Debug|iPhoneSimulator.Build.0 = Debug|Any CPU
		{284D992D-0CD6-4A9E-BDF4-16507F9B1C9F}.Debug|Mixed Platforms.ActiveCfg = Debug|Any CPU
		{284D992D-0CD6-4A9E-BDF4-16507F9B1C9F}.Debug|Mixed Platforms.Build.0 = Debug|Any CPU
		{284D992D-0CD6-4A9E-BDF4-16507F9B1C9F}.Release|Any CPU.ActiveCfg = Release|Any CPU
		{284D992D-0CD6-4A9E-BDF4-16507F9B1C9F}.Release|Any CPU.Build.0 = Release|Any CPU
		{284D992D-0CD6-4A9E-BDF4-16507F9B1C9F}.Release|iPhone.ActiveCfg = Release|Any CPU
		{284D992D-0CD6-4A9E-BDF4-16507F9B1C9F}.Release|iPhone.Build.0 = Release|Any CPU
		{284D992D-0CD6-4A9E-BDF4-16507F9B1C9F}.Release|iPhoneSimulator.ActiveCfg = Release|Any CPU
		{284D992D-0CD6-4A9E-BDF4-16507F9B1C9F}.Release|iPhoneSimulator.Build.0 = Release|Any CPU
		{284D992D-0CD6-4A9E-BDF4-16507F9B1C9F}.Release|Mixed Platforms.ActiveCfg = Release|Any CPU
		{284D992D-0CD6-4A9E-BDF4-16507F9B1C9F}.Release|Mixed Platforms.Build.0 = Release|Any CPU
		{28FE1420-AED4-4E4E-A748-C7E5342480AA}.Ad-Hoc|Any CPU.ActiveCfg = Ad-Hoc|iPhone
		{28FE1420-AED4-4E4E-A748-C7E5342480AA}.Ad-Hoc|Any CPU.Build.0 = Ad-Hoc|iPhone
		{28FE1420-AED4-4E4E-A748-C7E5342480AA}.Ad-Hoc|iPhone.ActiveCfg = Ad-Hoc|iPhone
		{28FE1420-AED4-4E4E-A748-C7E5342480AA}.Ad-Hoc|iPhone.Build.0 = Ad-Hoc|iPhone
		{28FE1420-AED4-4E4E-A748-C7E5342480AA}.Ad-Hoc|iPhoneSimulator.ActiveCfg = Debug|iPhoneSimulator
		{28FE1420-AED4-4E4E-A748-C7E5342480AA}.Ad-Hoc|iPhoneSimulator.Build.0 = Debug|iPhoneSimulator
		{28FE1420-AED4-4E4E-A748-C7E5342480AA}.Ad-Hoc|Mixed Platforms.ActiveCfg = Ad-Hoc|iPhone
		{28FE1420-AED4-4E4E-A748-C7E5342480AA}.Ad-Hoc|Mixed Platforms.Build.0 = Ad-Hoc|iPhone
		{28FE1420-AED4-4E4E-A748-C7E5342480AA}.AppStore|Any CPU.ActiveCfg = AppStore|iPhone
		{28FE1420-AED4-4E4E-A748-C7E5342480AA}.AppStore|Any CPU.Build.0 = AppStore|iPhone
		{28FE1420-AED4-4E4E-A748-C7E5342480AA}.AppStore|iPhone.ActiveCfg = AppStore|iPhone
		{28FE1420-AED4-4E4E-A748-C7E5342480AA}.AppStore|iPhone.Build.0 = AppStore|iPhone
		{28FE1420-AED4-4E4E-A748-C7E5342480AA}.AppStore|iPhoneSimulator.ActiveCfg = Debug|iPhoneSimulator
		{28FE1420-AED4-4E4E-A748-C7E5342480AA}.AppStore|iPhoneSimulator.Build.0 = Debug|iPhoneSimulator
		{28FE1420-AED4-4E4E-A748-C7E5342480AA}.AppStore|Mixed Platforms.ActiveCfg = AppStore|iPhone
		{28FE1420-AED4-4E4E-A748-C7E5342480AA}.AppStore|Mixed Platforms.Build.0 = AppStore|iPhone
		{28FE1420-AED4-4E4E-A748-C7E5342480AA}.Debug|Any CPU.ActiveCfg = Debug|iPhoneSimulator
		{28FE1420-AED4-4E4E-A748-C7E5342480AA}.Debug|Any CPU.Build.0 = Debug|iPhoneSimulator
		{28FE1420-AED4-4E4E-A748-C7E5342480AA}.Debug|iPhone.ActiveCfg = Debug|iPhone
		{28FE1420-AED4-4E4E-A748-C7E5342480AA}.Debug|iPhone.Build.0 = Debug|iPhone
		{28FE1420-AED4-4E4E-A748-C7E5342480AA}.Debug|iPhoneSimulator.ActiveCfg = Debug|iPhoneSimulator
		{28FE1420-AED4-4E4E-A748-C7E5342480AA}.Debug|iPhoneSimulator.Build.0 = Debug|iPhoneSimulator
		{28FE1420-AED4-4E4E-A748-C7E5342480AA}.Debug|Mixed Platforms.ActiveCfg = Debug|iPhoneSimulator
		{28FE1420-AED4-4E4E-A748-C7E5342480AA}.Debug|Mixed Platforms.Build.0 = Debug|iPhoneSimulator
		{28FE1420-AED4-4E4E-A748-C7E5342480AA}.Release|Any CPU.ActiveCfg = Release|iPhoneSimulator
		{28FE1420-AED4-4E4E-A748-C7E5342480AA}.Release|Any CPU.Build.0 = Release|iPhoneSimulator
		{28FE1420-AED4-4E4E-A748-C7E5342480AA}.Release|iPhone.ActiveCfg = Release|iPhone
		{28FE1420-AED4-4E4E-A748-C7E5342480AA}.Release|iPhone.Build.0 = Release|iPhone
		{28FE1420-AED4-4E4E-A748-C7E5342480AA}.Release|iPhoneSimulator.ActiveCfg = Release|iPhoneSimulator
		{28FE1420-AED4-4E4E-A748-C7E5342480AA}.Release|iPhoneSimulator.Build.0 = Release|iPhoneSimulator
		{28FE1420-AED4-4E4E-A748-C7E5342480AA}.Release|Mixed Platforms.ActiveCfg = Release|iPhoneSimulator
		{28FE1420-AED4-4E4E-A748-C7E5342480AA}.Release|Mixed Platforms.Build.0 = Release|iPhoneSimulator
		{8E364285-031D-4049-94E7-385113738742}.Ad-Hoc|Any CPU.ActiveCfg = Release|Any CPU
		{8E364285-031D-4049-94E7-385113738742}.Ad-Hoc|Any CPU.Build.0 = Release|Any CPU
		{8E364285-031D-4049-94E7-385113738742}.Ad-Hoc|iPhone.ActiveCfg = Debug|Any CPU
		{8E364285-031D-4049-94E7-385113738742}.Ad-Hoc|iPhone.Build.0 = Debug|Any CPU
		{8E364285-031D-4049-94E7-385113738742}.Ad-Hoc|iPhoneSimulator.ActiveCfg = Release|Any CPU
		{8E364285-031D-4049-94E7-385113738742}.Ad-Hoc|iPhoneSimulator.Build.0 = Release|Any CPU
		{8E364285-031D-4049-94E7-385113738742}.Ad-Hoc|Mixed Platforms.ActiveCfg = Release|Any CPU
		{8E364285-031D-4049-94E7-385113738742}.Ad-Hoc|Mixed Platforms.Build.0 = Release|Any CPU
		{8E364285-031D-4049-94E7-385113738742}.AppStore|Any CPU.ActiveCfg = Release|Any CPU
		{8E364285-031D-4049-94E7-385113738742}.AppStore|Any CPU.Build.0 = Release|Any CPU
		{8E364285-031D-4049-94E7-385113738742}.AppStore|iPhone.ActiveCfg = Debug|Any CPU
		{8E364285-031D-4049-94E7-385113738742}.AppStore|iPhone.Build.0 = Debug|Any CPU
		{8E364285-031D-4049-94E7-385113738742}.AppStore|iPhoneSimulator.ActiveCfg = Release|Any CPU
		{8E364285-031D-4049-94E7-385113738742}.AppStore|iPhoneSimulator.Build.0 = Release|Any CPU
		{8E364285-031D-4049-94E7-385113738742}.AppStore|Mixed Platforms.ActiveCfg = Release|Any CPU
		{8E364285-031D-4049-94E7-385113738742}.AppStore|Mixed Platforms.Build.0 = Release|Any CPU
		{8E364285-031D-4049-94E7-385113738742}.Debug|Any CPU.ActiveCfg = Debug|Any CPU
		{8E364285-031D-4049-94E7-385113738742}.Debug|Any CPU.Build.0 = Debug|Any CPU
		{8E364285-031D-4049-94E7-385113738742}.Debug|iPhone.ActiveCfg = Debug|Any CPU
		{8E364285-031D-4049-94E7-385113738742}.Debug|iPhone.Build.0 = Debug|Any CPU
		{8E364285-031D-4049-94E7-385113738742}.Debug|iPhoneSimulator.ActiveCfg = Debug|Any CPU
		{8E364285-031D-4049-94E7-385113738742}.Debug|iPhoneSimulator.Build.0 = Debug|Any CPU
		{8E364285-031D-4049-94E7-385113738742}.Debug|Mixed Platforms.ActiveCfg = Debug|Any CPU
		{8E364285-031D-4049-94E7-385113738742}.Debug|Mixed Platforms.Build.0 = Debug|Any CPU
		{8E364285-031D-4049-94E7-385113738742}.Release|Any CPU.ActiveCfg = Release|Any CPU
		{8E364285-031D-4049-94E7-385113738742}.Release|Any CPU.Build.0 = Release|Any CPU
		{8E364285-031D-4049-94E7-385113738742}.Release|iPhone.ActiveCfg = Release|Any CPU
		{8E364285-031D-4049-94E7-385113738742}.Release|iPhone.Build.0 = Release|Any CPU
		{8E364285-031D-4049-94E7-385113738742}.Release|iPhoneSimulator.ActiveCfg = Release|Any CPU
		{8E364285-031D-4049-94E7-385113738742}.Release|iPhoneSimulator.Build.0 = Release|Any CPU
		{8E364285-031D-4049-94E7-385113738742}.Release|Mixed Platforms.ActiveCfg = Release|Any CPU
		{8E364285-031D-4049-94E7-385113738742}.Release|Mixed Platforms.Build.0 = Release|Any CPU
		{9BECF79A-0632-40F7-9F63-BA810EF686DD}.Ad-Hoc|Any CPU.ActiveCfg = Release|Any CPU
		{9BECF79A-0632-40F7-9F63-BA810EF686DD}.Ad-Hoc|Any CPU.Build.0 = Release|Any CPU
		{9BECF79A-0632-40F7-9F63-BA810EF686DD}.Ad-Hoc|iPhone.ActiveCfg = Release|Any CPU
		{9BECF79A-0632-40F7-9F63-BA810EF686DD}.Ad-Hoc|iPhone.Build.0 = Release|Any CPU
		{9BECF79A-0632-40F7-9F63-BA810EF686DD}.Ad-Hoc|iPhoneSimulator.ActiveCfg = Release|Any CPU
		{9BECF79A-0632-40F7-9F63-BA810EF686DD}.Ad-Hoc|iPhoneSimulator.Build.0 = Release|Any CPU
		{9BECF79A-0632-40F7-9F63-BA810EF686DD}.Ad-Hoc|Mixed Platforms.ActiveCfg = Release|Any CPU
		{9BECF79A-0632-40F7-9F63-BA810EF686DD}.Ad-Hoc|Mixed Platforms.Build.0 = Release|Any CPU
		{9BECF79A-0632-40F7-9F63-BA810EF686DD}.AppStore|Any CPU.ActiveCfg = Release|Any CPU
		{9BECF79A-0632-40F7-9F63-BA810EF686DD}.AppStore|Any CPU.Build.0 = Release|Any CPU
		{9BECF79A-0632-40F7-9F63-BA810EF686DD}.AppStore|iPhone.ActiveCfg = Release|Any CPU
		{9BECF79A-0632-40F7-9F63-BA810EF686DD}.AppStore|iPhone.Build.0 = Release|Any CPU
		{9BECF79A-0632-40F7-9F63-BA810EF686DD}.AppStore|iPhoneSimulator.ActiveCfg = Release|Any CPU
		{9BECF79A-0632-40F7-9F63-BA810EF686DD}.AppStore|iPhoneSimulator.Build.0 = Release|Any CPU
		{9BECF79A-0632-40F7-9F63-BA810EF686DD}.AppStore|Mixed Platforms.ActiveCfg = Release|Any CPU
		{9BECF79A-0632-40F7-9F63-BA810EF686DD}.AppStore|Mixed Platforms.Build.0 = Release|Any CPU
		{9BECF79A-0632-40F7-9F63-BA810EF686DD}.Debug|Any CPU.ActiveCfg = Debug|Any CPU
		{9BECF79A-0632-40F7-9F63-BA810EF686DD}.Debug|Any CPU.Build.0 = Debug|Any CPU
		{9BECF79A-0632-40F7-9F63-BA810EF686DD}.Debug|iPhone.ActiveCfg = Debug|Any CPU
		{9BECF79A-0632-40F7-9F63-BA810EF686DD}.Debug|iPhone.Build.0 = Debug|Any CPU
		{9BECF79A-0632-40F7-9F63-BA810EF686DD}.Debug|iPhoneSimulator.ActiveCfg = Debug|Any CPU
		{9BECF79A-0632-40F7-9F63-BA810EF686DD}.Debug|iPhoneSimulator.Build.0 = Debug|Any CPU
		{9BECF79A-0632-40F7-9F63-BA810EF686DD}.Debug|Mixed Platforms.ActiveCfg = Debug|Any CPU
		{9BECF79A-0632-40F7-9F63-BA810EF686DD}.Debug|Mixed Platforms.Build.0 = Debug|Any CPU
		{9BECF79A-0632-40F7-9F63-BA810EF686DD}.Release|Any CPU.ActiveCfg = Release|Any CPU
		{9BECF79A-0632-40F7-9F63-BA810EF686DD}.Release|Any CPU.Build.0 = Release|Any CPU
		{9BECF79A-0632-40F7-9F63-BA810EF686DD}.Release|iPhone.ActiveCfg = Release|Any CPU
		{9BECF79A-0632-40F7-9F63-BA810EF686DD}.Release|iPhone.Build.0 = Release|Any CPU
		{9BECF79A-0632-40F7-9F63-BA810EF686DD}.Release|iPhoneSimulator.ActiveCfg = Release|Any CPU
		{9BECF79A-0632-40F7-9F63-BA810EF686DD}.Release|iPhoneSimulator.Build.0 = Release|Any CPU
		{9BECF79A-0632-40F7-9F63-BA810EF686DD}.Release|Mixed Platforms.ActiveCfg = Release|Any CPU
		{9BECF79A-0632-40F7-9F63-BA810EF686DD}.Release|Mixed Platforms.Build.0 = Release|Any CPU
		{9FC56C0E-42CE-41AF-9999-1DDFCF36F64A}.Ad-Hoc|Any CPU.ActiveCfg = Ad-Hoc|iPhone
		{9FC56C0E-42CE-41AF-9999-1DDFCF36F64A}.Ad-Hoc|Any CPU.Build.0 = Ad-Hoc|iPhone
		{9FC56C0E-42CE-41AF-9999-1DDFCF36F64A}.Ad-Hoc|iPhone.ActiveCfg = Ad-Hoc|iPhone
		{9FC56C0E-42CE-41AF-9999-1DDFCF36F64A}.Ad-Hoc|iPhone.Build.0 = Ad-Hoc|iPhone
		{9FC56C0E-42CE-41AF-9999-1DDFCF36F64A}.Ad-Hoc|iPhoneSimulator.ActiveCfg = Debug|iPhoneSimulator
		{9FC56C0E-42CE-41AF-9999-1DDFCF36F64A}.Ad-Hoc|iPhoneSimulator.Build.0 = Debug|iPhoneSimulator
		{9FC56C0E-42CE-41AF-9999-1DDFCF36F64A}.Ad-Hoc|Mixed Platforms.ActiveCfg = Ad-Hoc|iPhone
		{9FC56C0E-42CE-41AF-9999-1DDFCF36F64A}.Ad-Hoc|Mixed Platforms.Build.0 = Ad-Hoc|iPhone
		{9FC56C0E-42CE-41AF-9999-1DDFCF36F64A}.AppStore|Any CPU.ActiveCfg = AppStore|iPhone
		{9FC56C0E-42CE-41AF-9999-1DDFCF36F64A}.AppStore|Any CPU.Build.0 = AppStore|iPhone
		{9FC56C0E-42CE-41AF-9999-1DDFCF36F64A}.AppStore|iPhone.ActiveCfg = AppStore|iPhone
		{9FC56C0E-42CE-41AF-9999-1DDFCF36F64A}.AppStore|iPhone.Build.0 = AppStore|iPhone
		{9FC56C0E-42CE-41AF-9999-1DDFCF36F64A}.AppStore|iPhoneSimulator.ActiveCfg = Debug|iPhoneSimulator
		{9FC56C0E-42CE-41AF-9999-1DDFCF36F64A}.AppStore|iPhoneSimulator.Build.0 = Debug|iPhoneSimulator
		{9FC56C0E-42CE-41AF-9999-1DDFCF36F64A}.AppStore|Mixed Platforms.ActiveCfg = AppStore|iPhone
		{9FC56C0E-42CE-41AF-9999-1DDFCF36F64A}.AppStore|Mixed Platforms.Build.0 = AppStore|iPhone
		{9FC56C0E-42CE-41AF-9999-1DDFCF36F64A}.Debug|Any CPU.ActiveCfg = Debug|iPhoneSimulator
		{9FC56C0E-42CE-41AF-9999-1DDFCF36F64A}.Debug|Any CPU.Build.0 = Debug|iPhoneSimulator
		{9FC56C0E-42CE-41AF-9999-1DDFCF36F64A}.Debug|iPhone.ActiveCfg = Debug|iPhone
		{9FC56C0E-42CE-41AF-9999-1DDFCF36F64A}.Debug|iPhone.Build.0 = Debug|iPhone
		{9FC56C0E-42CE-41AF-9999-1DDFCF36F64A}.Debug|iPhoneSimulator.ActiveCfg = Debug|iPhoneSimulator
		{9FC56C0E-42CE-41AF-9999-1DDFCF36F64A}.Debug|iPhoneSimulator.Build.0 = Debug|iPhoneSimulator
		{9FC56C0E-42CE-41AF-9999-1DDFCF36F64A}.Debug|Mixed Platforms.ActiveCfg = Debug|iPhoneSimulator
		{9FC56C0E-42CE-41AF-9999-1DDFCF36F64A}.Debug|Mixed Platforms.Build.0 = Debug|iPhoneSimulator
		{9FC56C0E-42CE-41AF-9999-1DDFCF36F64A}.Release|Any CPU.ActiveCfg = Release|iPhoneSimulator
		{9FC56C0E-42CE-41AF-9999-1DDFCF36F64A}.Release|Any CPU.Build.0 = Release|iPhoneSimulator
		{9FC56C0E-42CE-41AF-9999-1DDFCF36F64A}.Release|iPhone.ActiveCfg = Release|iPhone
		{9FC56C0E-42CE-41AF-9999-1DDFCF36F64A}.Release|iPhone.Build.0 = Release|iPhone
		{9FC56C0E-42CE-41AF-9999-1DDFCF36F64A}.Release|iPhoneSimulator.ActiveCfg = Release|iPhoneSimulator
		{9FC56C0E-42CE-41AF-9999-1DDFCF36F64A}.Release|iPhoneSimulator.Build.0 = Release|iPhoneSimulator
		{9FC56C0E-42CE-41AF-9999-1DDFCF36F64A}.Release|Mixed Platforms.ActiveCfg = Release|iPhoneSimulator
		{9FC56C0E-42CE-41AF-9999-1DDFCF36F64A}.Release|Mixed Platforms.Build.0 = Release|iPhoneSimulator
		{BAD35219-28E2-4655-BC61-E4D86FCF901A}.Ad-Hoc|Any CPU.ActiveCfg = Debug|Any CPU
		{BAD35219-28E2-4655-BC61-E4D86FCF901A}.Ad-Hoc|Any CPU.Build.0 = Debug|Any CPU
		{BAD35219-28E2-4655-BC61-E4D86FCF901A}.Ad-Hoc|iPhone.ActiveCfg = Release|Any CPU
		{BAD35219-28E2-4655-BC61-E4D86FCF901A}.Ad-Hoc|iPhone.Build.0 = Release|Any CPU
		{BAD35219-28E2-4655-BC61-E4D86FCF901A}.Ad-Hoc|iPhoneSimulator.ActiveCfg = Release|Any CPU
		{BAD35219-28E2-4655-BC61-E4D86FCF901A}.Ad-Hoc|iPhoneSimulator.Build.0 = Release|Any CPU
		{BAD35219-28E2-4655-BC61-E4D86FCF901A}.Ad-Hoc|Mixed Platforms.ActiveCfg = Debug|Any CPU
		{BAD35219-28E2-4655-BC61-E4D86FCF901A}.Ad-Hoc|Mixed Platforms.Build.0 = Debug|Any CPU
		{BAD35219-28E2-4655-BC61-E4D86FCF901A}.AppStore|Any CPU.ActiveCfg = Debug|Any CPU
		{BAD35219-28E2-4655-BC61-E4D86FCF901A}.AppStore|Any CPU.Build.0 = Debug|Any CPU
		{BAD35219-28E2-4655-BC61-E4D86FCF901A}.AppStore|iPhone.ActiveCfg = Release|Any CPU
		{BAD35219-28E2-4655-BC61-E4D86FCF901A}.AppStore|iPhone.Build.0 = Release|Any CPU
		{BAD35219-28E2-4655-BC61-E4D86FCF901A}.AppStore|iPhoneSimulator.ActiveCfg = Debug|Any CPU
		{BAD35219-28E2-4655-BC61-E4D86FCF901A}.AppStore|iPhoneSimulator.Build.0 = Debug|Any CPU
		{BAD35219-28E2-4655-BC61-E4D86FCF901A}.AppStore|Mixed Platforms.ActiveCfg = Debug|Any CPU
		{BAD35219-28E2-4655-BC61-E4D86FCF901A}.AppStore|Mixed Platforms.Build.0 = Debug|Any CPU
		{BAD35219-28E2-4655-BC61-E4D86FCF901A}.Debug|Any CPU.ActiveCfg = Debug|Any CPU
		{BAD35219-28E2-4655-BC61-E4D86FCF901A}.Debug|Any CPU.Build.0 = Debug|Any CPU
		{BAD35219-28E2-4655-BC61-E4D86FCF901A}.Debug|iPhone.ActiveCfg = Debug|Any CPU
		{BAD35219-28E2-4655-BC61-E4D86FCF901A}.Debug|iPhone.Build.0 = Debug|Any CPU
		{BAD35219-28E2-4655-BC61-E4D86FCF901A}.Debug|iPhoneSimulator.ActiveCfg = Debug|Any CPU
		{BAD35219-28E2-4655-BC61-E4D86FCF901A}.Debug|iPhoneSimulator.Build.0 = Debug|Any CPU
		{BAD35219-28E2-4655-BC61-E4D86FCF901A}.Debug|Mixed Platforms.ActiveCfg = Debug|Any CPU
		{BAD35219-28E2-4655-BC61-E4D86FCF901A}.Debug|Mixed Platforms.Build.0 = Debug|Any CPU
		{BAD35219-28E2-4655-BC61-E4D86FCF901A}.Release|Any CPU.ActiveCfg = Release|Any CPU
		{BAD35219-28E2-4655-BC61-E4D86FCF901A}.Release|Any CPU.Build.0 = Release|Any CPU
		{BAD35219-28E2-4655-BC61-E4D86FCF901A}.Release|iPhone.ActiveCfg = Release|Any CPU
		{BAD35219-28E2-4655-BC61-E4D86FCF901A}.Release|iPhone.Build.0 = Release|Any CPU
		{BAD35219-28E2-4655-BC61-E4D86FCF901A}.Release|iPhoneSimulator.ActiveCfg = Release|Any CPU
		{BAD35219-28E2-4655-BC61-E4D86FCF901A}.Release|iPhoneSimulator.Build.0 = Release|Any CPU
		{BAD35219-28E2-4655-BC61-E4D86FCF901A}.Release|Mixed Platforms.ActiveCfg = Release|Any CPU
		{BAD35219-28E2-4655-BC61-E4D86FCF901A}.Release|Mixed Platforms.Build.0 = Release|Any CPU
		{C6D20E64-B0FE-403F-8B64-E06DAB7ABFFE}.Ad-Hoc|Any CPU.ActiveCfg = Ad-Hoc|iPhone
		{C6D20E64-B0FE-403F-8B64-E06DAB7ABFFE}.Ad-Hoc|Any CPU.Build.0 = Ad-Hoc|iPhone
		{C6D20E64-B0FE-403F-8B64-E06DAB7ABFFE}.Ad-Hoc|iPhone.ActiveCfg = Ad-Hoc|iPhone
		{C6D20E64-B0FE-403F-8B64-E06DAB7ABFFE}.Ad-Hoc|iPhone.Build.0 = Ad-Hoc|iPhone
		{C6D20E64-B0FE-403F-8B64-E06DAB7ABFFE}.Ad-Hoc|iPhoneSimulator.ActiveCfg = Debug|iPhoneSimulator
		{C6D20E64-B0FE-403F-8B64-E06DAB7ABFFE}.Ad-Hoc|iPhoneSimulator.Build.0 = Debug|iPhoneSimulator
		{C6D20E64-B0FE-403F-8B64-E06DAB7ABFFE}.Ad-Hoc|Mixed Platforms.ActiveCfg = Ad-Hoc|iPhone
		{C6D20E64-B0FE-403F-8B64-E06DAB7ABFFE}.Ad-Hoc|Mixed Platforms.Build.0 = Ad-Hoc|iPhone
		{C6D20E64-B0FE-403F-8B64-E06DAB7ABFFE}.AppStore|Any CPU.ActiveCfg = AppStore|iPhone
		{C6D20E64-B0FE-403F-8B64-E06DAB7ABFFE}.AppStore|Any CPU.Build.0 = AppStore|iPhone
		{C6D20E64-B0FE-403F-8B64-E06DAB7ABFFE}.AppStore|iPhone.ActiveCfg = AppStore|iPhone
		{C6D20E64-B0FE-403F-8B64-E06DAB7ABFFE}.AppStore|iPhone.Build.0 = AppStore|iPhone
		{C6D20E64-B0FE-403F-8B64-E06DAB7ABFFE}.AppStore|iPhoneSimulator.ActiveCfg = Debug|iPhoneSimulator
		{C6D20E64-B0FE-403F-8B64-E06DAB7ABFFE}.AppStore|iPhoneSimulator.Build.0 = Debug|iPhoneSimulator
		{C6D20E64-B0FE-403F-8B64-E06DAB7ABFFE}.AppStore|Mixed Platforms.ActiveCfg = AppStore|iPhone
		{C6D20E64-B0FE-403F-8B64-E06DAB7ABFFE}.AppStore|Mixed Platforms.Build.0 = AppStore|iPhone
		{C6D20E64-B0FE-403F-8B64-E06DAB7ABFFE}.Debug|Any CPU.ActiveCfg = Debug|iPhoneSimulator
		{C6D20E64-B0FE-403F-8B64-E06DAB7ABFFE}.Debug|Any CPU.Build.0 = Debug|iPhoneSimulator
		{C6D20E64-B0FE-403F-8B64-E06DAB7ABFFE}.Debug|iPhone.ActiveCfg = Debug|iPhone
		{C6D20E64-B0FE-403F-8B64-E06DAB7ABFFE}.Debug|iPhone.Build.0 = Debug|iPhone
		{C6D20E64-B0FE-403F-8B64-E06DAB7ABFFE}.Debug|iPhoneSimulator.ActiveCfg = Debug|iPhoneSimulator
		{C6D20E64-B0FE-403F-8B64-E06DAB7ABFFE}.Debug|iPhoneSimulator.Build.0 = Debug|iPhoneSimulator
		{C6D20E64-B0FE-403F-8B64-E06DAB7ABFFE}.Debug|Mixed Platforms.ActiveCfg = Debug|iPhoneSimulator
		{C6D20E64-B0FE-403F-8B64-E06DAB7ABFFE}.Debug|Mixed Platforms.Build.0 = Debug|iPhoneSimulator
		{C6D20E64-B0FE-403F-8B64-E06DAB7ABFFE}.Release|Any CPU.ActiveCfg = Release|iPhoneSimulator
		{C6D20E64-B0FE-403F-8B64-E06DAB7ABFFE}.Release|Any CPU.Build.0 = Release|iPhoneSimulator
		{C6D20E64-B0FE-403F-8B64-E06DAB7ABFFE}.Release|iPhone.ActiveCfg = Release|iPhone
		{C6D20E64-B0FE-403F-8B64-E06DAB7ABFFE}.Release|iPhone.Build.0 = Release|iPhone
		{C6D20E64-B0FE-403F-8B64-E06DAB7ABFFE}.Release|iPhoneSimulator.ActiveCfg = Release|iPhoneSimulator
		{C6D20E64-B0FE-403F-8B64-E06DAB7ABFFE}.Release|iPhoneSimulator.Build.0 = Release|iPhoneSimulator
		{C6D20E64-B0FE-403F-8B64-E06DAB7ABFFE}.Release|Mixed Platforms.ActiveCfg = Release|iPhoneSimulator
		{C6D20E64-B0FE-403F-8B64-E06DAB7ABFFE}.Release|Mixed Platforms.Build.0 = Release|iPhoneSimulator
		{C6F895D4-ABE1-4FC3-A6C2-B75C143F83EA}.Ad-Hoc|Any CPU.ActiveCfg = Release|Any CPU
		{C6F895D4-ABE1-4FC3-A6C2-B75C143F83EA}.Ad-Hoc|Any CPU.Build.0 = Release|Any CPU
		{C6F895D4-ABE1-4FC3-A6C2-B75C143F83EA}.Ad-Hoc|iPhone.ActiveCfg = Release|Any CPU
		{C6F895D4-ABE1-4FC3-A6C2-B75C143F83EA}.Ad-Hoc|iPhone.Build.0 = Release|Any CPU
		{C6F895D4-ABE1-4FC3-A6C2-B75C143F83EA}.Ad-Hoc|iPhoneSimulator.ActiveCfg = Debug|Any CPU
		{C6F895D4-ABE1-4FC3-A6C2-B75C143F83EA}.Ad-Hoc|iPhoneSimulator.Build.0 = Debug|Any CPU
		{C6F895D4-ABE1-4FC3-A6C2-B75C143F83EA}.Ad-Hoc|Mixed Platforms.ActiveCfg = Release|Any CPU
		{C6F895D4-ABE1-4FC3-A6C2-B75C143F83EA}.Ad-Hoc|Mixed Platforms.Build.0 = Release|Any CPU
		{C6F895D4-ABE1-4FC3-A6C2-B75C143F83EA}.AppStore|Any CPU.ActiveCfg = Release|Any CPU
		{C6F895D4-ABE1-4FC3-A6C2-B75C143F83EA}.AppStore|Any CPU.Build.0 = Release|Any CPU
		{C6F895D4-ABE1-4FC3-A6C2-B75C143F83EA}.AppStore|iPhone.ActiveCfg = Release|Any CPU
		{C6F895D4-ABE1-4FC3-A6C2-B75C143F83EA}.AppStore|iPhone.Build.0 = Release|Any CPU
		{C6F895D4-ABE1-4FC3-A6C2-B75C143F83EA}.AppStore|iPhoneSimulator.ActiveCfg = Debug|Any CPU
		{C6F895D4-ABE1-4FC3-A6C2-B75C143F83EA}.AppStore|iPhoneSimulator.Build.0 = Debug|Any CPU
		{C6F895D4-ABE1-4FC3-A6C2-B75C143F83EA}.AppStore|Mixed Platforms.ActiveCfg = Release|Any CPU
		{C6F895D4-ABE1-4FC3-A6C2-B75C143F83EA}.AppStore|Mixed Platforms.Build.0 = Release|Any CPU
		{C6F895D4-ABE1-4FC3-A6C2-B75C143F83EA}.Debug|Any CPU.ActiveCfg = Debug|Any CPU
		{C6F895D4-ABE1-4FC3-A6C2-B75C143F83EA}.Debug|Any CPU.Build.0 = Debug|Any CPU
		{C6F895D4-ABE1-4FC3-A6C2-B75C143F83EA}.Debug|iPhone.ActiveCfg = Debug|Any CPU
		{C6F895D4-ABE1-4FC3-A6C2-B75C143F83EA}.Debug|iPhone.Build.0 = Debug|Any CPU
		{C6F895D4-ABE1-4FC3-A6C2-B75C143F83EA}.Debug|iPhoneSimulator.ActiveCfg = Debug|Any CPU
		{C6F895D4-ABE1-4FC3-A6C2-B75C143F83EA}.Debug|iPhoneSimulator.Build.0 = Debug|Any CPU
		{C6F895D4-ABE1-4FC3-A6C2-B75C143F83EA}.Debug|Mixed Platforms.ActiveCfg = Debug|Any CPU
		{C6F895D4-ABE1-4FC3-A6C2-B75C143F83EA}.Debug|Mixed Platforms.Build.0 = Debug|Any CPU
		{C6F895D4-ABE1-4FC3-A6C2-B75C143F83EA}.Release|Any CPU.ActiveCfg = Release|Any CPU
		{C6F895D4-ABE1-4FC3-A6C2-B75C143F83EA}.Release|Any CPU.Build.0 = Release|Any CPU
		{C6F895D4-ABE1-4FC3-A6C2-B75C143F83EA}.Release|iPhone.ActiveCfg = Release|Any CPU
		{C6F895D4-ABE1-4FC3-A6C2-B75C143F83EA}.Release|iPhone.Build.0 = Release|Any CPU
		{C6F895D4-ABE1-4FC3-A6C2-B75C143F83EA}.Release|iPhoneSimulator.ActiveCfg = Release|Any CPU
		{C6F895D4-ABE1-4FC3-A6C2-B75C143F83EA}.Release|iPhoneSimulator.Build.0 = Release|Any CPU
		{C6F895D4-ABE1-4FC3-A6C2-B75C143F83EA}.Release|Mixed Platforms.ActiveCfg = Release|Any CPU
		{C6F895D4-ABE1-4FC3-A6C2-B75C143F83EA}.Release|Mixed Platforms.Build.0 = Release|Any CPU
		{C9D5DAD7-9FA5-4C5B-BA61-06E7879DEEBE}.Ad-Hoc|Any CPU.ActiveCfg = Release|Any CPU
		{C9D5DAD7-9FA5-4C5B-BA61-06E7879DEEBE}.Ad-Hoc|Any CPU.Build.0 = Release|Any CPU
		{C9D5DAD7-9FA5-4C5B-BA61-06E7879DEEBE}.Ad-Hoc|iPhone.ActiveCfg = Release|Any CPU
		{C9D5DAD7-9FA5-4C5B-BA61-06E7879DEEBE}.Ad-Hoc|iPhone.Build.0 = Release|Any CPU
		{C9D5DAD7-9FA5-4C5B-BA61-06E7879DEEBE}.Ad-Hoc|iPhoneSimulator.ActiveCfg = Debug|Any CPU
		{C9D5DAD7-9FA5-4C5B-BA61-06E7879DEEBE}.Ad-Hoc|iPhoneSimulator.Build.0 = Debug|Any CPU
		{C9D5DAD7-9FA5-4C5B-BA61-06E7879DEEBE}.Ad-Hoc|Mixed Platforms.ActiveCfg = Release|Any CPU
		{C9D5DAD7-9FA5-4C5B-BA61-06E7879DEEBE}.Ad-Hoc|Mixed Platforms.Build.0 = Release|Any CPU
		{C9D5DAD7-9FA5-4C5B-BA61-06E7879DEEBE}.AppStore|Any CPU.ActiveCfg = Release|Any CPU
		{C9D5DAD7-9FA5-4C5B-BA61-06E7879DEEBE}.AppStore|Any CPU.Build.0 = Release|Any CPU
		{C9D5DAD7-9FA5-4C5B-BA61-06E7879DEEBE}.AppStore|iPhone.ActiveCfg = Release|Any CPU
		{C9D5DAD7-9FA5-4C5B-BA61-06E7879DEEBE}.AppStore|iPhone.Build.0 = Release|Any CPU
		{C9D5DAD7-9FA5-4C5B-BA61-06E7879DEEBE}.AppStore|iPhoneSimulator.ActiveCfg = Debug|Any CPU
		{C9D5DAD7-9FA5-4C5B-BA61-06E7879DEEBE}.AppStore|iPhoneSimulator.Build.0 = Debug|Any CPU
		{C9D5DAD7-9FA5-4C5B-BA61-06E7879DEEBE}.AppStore|Mixed Platforms.ActiveCfg = Release|Any CPU
		{C9D5DAD7-9FA5-4C5B-BA61-06E7879DEEBE}.AppStore|Mixed Platforms.Build.0 = Release|Any CPU
		{C9D5DAD7-9FA5-4C5B-BA61-06E7879DEEBE}.Debug|Any CPU.ActiveCfg = Debug|Any CPU
		{C9D5DAD7-9FA5-4C5B-BA61-06E7879DEEBE}.Debug|Any CPU.Build.0 = Debug|Any CPU
		{C9D5DAD7-9FA5-4C5B-BA61-06E7879DEEBE}.Debug|iPhone.ActiveCfg = Debug|Any CPU
		{C9D5DAD7-9FA5-4C5B-BA61-06E7879DEEBE}.Debug|iPhone.Build.0 = Debug|Any CPU
		{C9D5DAD7-9FA5-4C5B-BA61-06E7879DEEBE}.Debug|iPhoneSimulator.ActiveCfg = Debug|Any CPU
		{C9D5DAD7-9FA5-4C5B-BA61-06E7879DEEBE}.Debug|iPhoneSimulator.Build.0 = Debug|Any CPU
		{C9D5DAD7-9FA5-4C5B-BA61-06E7879DEEBE}.Debug|Mixed Platforms.ActiveCfg = Debug|Any CPU
		{C9D5DAD7-9FA5-4C5B-BA61-06E7879DEEBE}.Debug|Mixed Platforms.Build.0 = Debug|Any CPU
		{C9D5DAD7-9FA5-4C5B-BA61-06E7879DEEBE}.Release|Any CPU.ActiveCfg = Release|Any CPU
		{C9D5DAD7-9FA5-4C5B-BA61-06E7879DEEBE}.Release|Any CPU.Build.0 = Release|Any CPU
		{C9D5DAD7-9FA5-4C5B-BA61-06E7879DEEBE}.Release|iPhone.ActiveCfg = Release|Any CPU
		{C9D5DAD7-9FA5-4C5B-BA61-06E7879DEEBE}.Release|iPhone.Build.0 = Release|Any CPU
		{C9D5DAD7-9FA5-4C5B-BA61-06E7879DEEBE}.Release|iPhoneSimulator.ActiveCfg = Release|Any CPU
		{C9D5DAD7-9FA5-4C5B-BA61-06E7879DEEBE}.Release|iPhoneSimulator.Build.0 = Release|Any CPU
		{C9D5DAD7-9FA5-4C5B-BA61-06E7879DEEBE}.Release|Mixed Platforms.ActiveCfg = Release|Any CPU
		{C9D5DAD7-9FA5-4C5B-BA61-06E7879DEEBE}.Release|Mixed Platforms.Build.0 = Release|Any CPU
		{CBA66080-43E4-4F7A-83DA-D51B1C43C650}.Ad-Hoc|Any CPU.ActiveCfg = Ad-Hoc|iPhone
		{CBA66080-43E4-4F7A-83DA-D51B1C43C650}.Ad-Hoc|Any CPU.Build.0 = Ad-Hoc|iPhone
		{CBA66080-43E4-4F7A-83DA-D51B1C43C650}.Ad-Hoc|iPhone.ActiveCfg = Ad-Hoc|iPhone
		{CBA66080-43E4-4F7A-83DA-D51B1C43C650}.Ad-Hoc|iPhone.Build.0 = Ad-Hoc|iPhone
		{CBA66080-43E4-4F7A-83DA-D51B1C43C650}.Ad-Hoc|iPhoneSimulator.ActiveCfg = Debug|iPhoneSimulator
		{CBA66080-43E4-4F7A-83DA-D51B1C43C650}.Ad-Hoc|iPhoneSimulator.Build.0 = Debug|iPhoneSimulator
		{CBA66080-43E4-4F7A-83DA-D51B1C43C650}.Ad-Hoc|Mixed Platforms.ActiveCfg = Ad-Hoc|iPhone
		{CBA66080-43E4-4F7A-83DA-D51B1C43C650}.Ad-Hoc|Mixed Platforms.Build.0 = Ad-Hoc|iPhone
		{CBA66080-43E4-4F7A-83DA-D51B1C43C650}.AppStore|Any CPU.ActiveCfg = AppStore|iPhone
		{CBA66080-43E4-4F7A-83DA-D51B1C43C650}.AppStore|Any CPU.Build.0 = AppStore|iPhone
		{CBA66080-43E4-4F7A-83DA-D51B1C43C650}.AppStore|iPhone.ActiveCfg = AppStore|iPhone
		{CBA66080-43E4-4F7A-83DA-D51B1C43C650}.AppStore|iPhone.Build.0 = AppStore|iPhone
		{CBA66080-43E4-4F7A-83DA-D51B1C43C650}.AppStore|iPhoneSimulator.ActiveCfg = Debug|iPhoneSimulator
		{CBA66080-43E4-4F7A-83DA-D51B1C43C650}.AppStore|iPhoneSimulator.Build.0 = Debug|iPhoneSimulator
		{CBA66080-43E4-4F7A-83DA-D51B1C43C650}.AppStore|Mixed Platforms.ActiveCfg = AppStore|iPhone
		{CBA66080-43E4-4F7A-83DA-D51B1C43C650}.AppStore|Mixed Platforms.Build.0 = AppStore|iPhone
		{CBA66080-43E4-4F7A-83DA-D51B1C43C650}.Debug|Any CPU.ActiveCfg = Debug|iPhoneSimulator
		{CBA66080-43E4-4F7A-83DA-D51B1C43C650}.Debug|Any CPU.Build.0 = Debug|iPhoneSimulator
		{CBA66080-43E4-4F7A-83DA-D51B1C43C650}.Debug|iPhone.ActiveCfg = Debug|iPhone
		{CBA66080-43E4-4F7A-83DA-D51B1C43C650}.Debug|iPhone.Build.0 = Debug|iPhone
		{CBA66080-43E4-4F7A-83DA-D51B1C43C650}.Debug|iPhoneSimulator.ActiveCfg = Debug|iPhoneSimulator
		{CBA66080-43E4-4F7A-83DA-D51B1C43C650}.Debug|iPhoneSimulator.Build.0 = Debug|iPhoneSimulator
		{CBA66080-43E4-4F7A-83DA-D51B1C43C650}.Debug|Mixed Platforms.ActiveCfg = Debug|iPhoneSimulator
		{CBA66080-43E4-4F7A-83DA-D51B1C43C650}.Debug|Mixed Platforms.Build.0 = Debug|iPhoneSimulator
		{CBA66080-43E4-4F7A-83DA-D51B1C43C650}.Release|Any CPU.ActiveCfg = Release|iPhoneSimulator
		{CBA66080-43E4-4F7A-83DA-D51B1C43C650}.Release|Any CPU.Build.0 = Release|iPhoneSimulator
		{CBA66080-43E4-4F7A-83DA-D51B1C43C650}.Release|iPhone.ActiveCfg = Release|iPhone
		{CBA66080-43E4-4F7A-83DA-D51B1C43C650}.Release|iPhone.Build.0 = Release|iPhone
		{CBA66080-43E4-4F7A-83DA-D51B1C43C650}.Release|iPhoneSimulator.ActiveCfg = Release|iPhoneSimulator
		{CBA66080-43E4-4F7A-83DA-D51B1C43C650}.Release|iPhoneSimulator.Build.0 = Release|iPhoneSimulator
		{CBA66080-43E4-4F7A-83DA-D51B1C43C650}.Release|Mixed Platforms.ActiveCfg = Release|iPhoneSimulator
		{CBA66080-43E4-4F7A-83DA-D51B1C43C650}.Release|Mixed Platforms.Build.0 = Release|iPhoneSimulator
		{DDFB1C84-5CFE-4746-9972-4C2D7D57BF16}.Ad-Hoc|Any CPU.ActiveCfg = Ad-Hoc|iPhone
		{DDFB1C84-5CFE-4746-9972-4C2D7D57BF16}.Ad-Hoc|Any CPU.Build.0 = Ad-Hoc|iPhone
		{DDFB1C84-5CFE-4746-9972-4C2D7D57BF16}.Ad-Hoc|iPhone.ActiveCfg = Ad-Hoc|iPhone
		{DDFB1C84-5CFE-4746-9972-4C2D7D57BF16}.Ad-Hoc|iPhone.Build.0 = Ad-Hoc|iPhone
		{DDFB1C84-5CFE-4746-9972-4C2D7D57BF16}.Ad-Hoc|iPhoneSimulator.ActiveCfg = Debug|iPhoneSimulator
		{DDFB1C84-5CFE-4746-9972-4C2D7D57BF16}.Ad-Hoc|iPhoneSimulator.Build.0 = Debug|iPhoneSimulator
		{DDFB1C84-5CFE-4746-9972-4C2D7D57BF16}.Ad-Hoc|Mixed Platforms.ActiveCfg = Ad-Hoc|iPhone
		{DDFB1C84-5CFE-4746-9972-4C2D7D57BF16}.Ad-Hoc|Mixed Platforms.Build.0 = Ad-Hoc|iPhone
		{DDFB1C84-5CFE-4746-9972-4C2D7D57BF16}.AppStore|Any CPU.ActiveCfg = AppStore|iPhone
		{DDFB1C84-5CFE-4746-9972-4C2D7D57BF16}.AppStore|Any CPU.Build.0 = AppStore|iPhone
		{DDFB1C84-5CFE-4746-9972-4C2D7D57BF16}.AppStore|iPhone.ActiveCfg = AppStore|iPhone
		{DDFB1C84-5CFE-4746-9972-4C2D7D57BF16}.AppStore|iPhone.Build.0 = AppStore|iPhone
		{DDFB1C84-5CFE-4746-9972-4C2D7D57BF16}.AppStore|iPhoneSimulator.ActiveCfg = Debug|iPhoneSimulator
		{DDFB1C84-5CFE-4746-9972-4C2D7D57BF16}.AppStore|iPhoneSimulator.Build.0 = Debug|iPhoneSimulator
		{DDFB1C84-5CFE-4746-9972-4C2D7D57BF16}.AppStore|Mixed Platforms.ActiveCfg = AppStore|iPhone
		{DDFB1C84-5CFE-4746-9972-4C2D7D57BF16}.AppStore|Mixed Platforms.Build.0 = AppStore|iPhone
		{DDFB1C84-5CFE-4746-9972-4C2D7D57BF16}.Debug|Any CPU.ActiveCfg = Debug|iPhoneSimulator
		{DDFB1C84-5CFE-4746-9972-4C2D7D57BF16}.Debug|Any CPU.Build.0 = Debug|iPhoneSimulator
		{DDFB1C84-5CFE-4746-9972-4C2D7D57BF16}.Debug|iPhone.ActiveCfg = Debug|iPhone
		{DDFB1C84-5CFE-4746-9972-4C2D7D57BF16}.Debug|iPhone.Build.0 = Debug|iPhone
		{DDFB1C84-5CFE-4746-9972-4C2D7D57BF16}.Debug|iPhoneSimulator.ActiveCfg = Debug|iPhoneSimulator
		{DDFB1C84-5CFE-4746-9972-4C2D7D57BF16}.Debug|iPhoneSimulator.Build.0 = Debug|iPhoneSimulator
		{DDFB1C84-5CFE-4746-9972-4C2D7D57BF16}.Debug|Mixed Platforms.ActiveCfg = Debug|iPhoneSimulator
		{DDFB1C84-5CFE-4746-9972-4C2D7D57BF16}.Debug|Mixed Platforms.Build.0 = Debug|iPhoneSimulator
		{DDFB1C84-5CFE-4746-9972-4C2D7D57BF16}.Release|Any CPU.ActiveCfg = Release|iPhoneSimulator
		{DDFB1C84-5CFE-4746-9972-4C2D7D57BF16}.Release|Any CPU.Build.0 = Release|iPhoneSimulator
		{DDFB1C84-5CFE-4746-9972-4C2D7D57BF16}.Release|iPhone.ActiveCfg = Release|iPhone
		{DDFB1C84-5CFE-4746-9972-4C2D7D57BF16}.Release|iPhone.Build.0 = Release|iPhone
		{DDFB1C84-5CFE-4746-9972-4C2D7D57BF16}.Release|iPhoneSimulator.ActiveCfg = Release|iPhoneSimulator
		{DDFB1C84-5CFE-4746-9972-4C2D7D57BF16}.Release|iPhoneSimulator.Build.0 = Release|iPhoneSimulator
		{DDFB1C84-5CFE-4746-9972-4C2D7D57BF16}.Release|Mixed Platforms.ActiveCfg = Release|iPhoneSimulator
		{DDFB1C84-5CFE-4746-9972-4C2D7D57BF16}.Release|Mixed Platforms.Build.0 = Release|iPhoneSimulator
		{E51F775C-15CB-4A9D-9278-4F0FB72480A5}.Ad-Hoc|Any CPU.ActiveCfg = Release|Any CPU
		{E51F775C-15CB-4A9D-9278-4F0FB72480A5}.Ad-Hoc|Any CPU.Build.0 = Release|Any CPU
		{E51F775C-15CB-4A9D-9278-4F0FB72480A5}.Ad-Hoc|iPhone.ActiveCfg = Debug|Any CPU
		{E51F775C-15CB-4A9D-9278-4F0FB72480A5}.Ad-Hoc|iPhone.Build.0 = Debug|Any CPU
		{E51F775C-15CB-4A9D-9278-4F0FB72480A5}.Ad-Hoc|iPhoneSimulator.ActiveCfg = Release|Any CPU
		{E51F775C-15CB-4A9D-9278-4F0FB72480A5}.Ad-Hoc|iPhoneSimulator.Build.0 = Release|Any CPU
		{E51F775C-15CB-4A9D-9278-4F0FB72480A5}.Ad-Hoc|Mixed Platforms.ActiveCfg = Release|Any CPU
		{E51F775C-15CB-4A9D-9278-4F0FB72480A5}.Ad-Hoc|Mixed Platforms.Build.0 = Release|Any CPU
		{E51F775C-15CB-4A9D-9278-4F0FB72480A5}.AppStore|Any CPU.ActiveCfg = Release|Any CPU
		{E51F775C-15CB-4A9D-9278-4F0FB72480A5}.AppStore|Any CPU.Build.0 = Release|Any CPU
		{E51F775C-15CB-4A9D-9278-4F0FB72480A5}.AppStore|iPhone.ActiveCfg = Debug|Any CPU
		{E51F775C-15CB-4A9D-9278-4F0FB72480A5}.AppStore|iPhone.Build.0 = Debug|Any CPU
		{E51F775C-15CB-4A9D-9278-4F0FB72480A5}.AppStore|iPhoneSimulator.ActiveCfg = Release|Any CPU
		{E51F775C-15CB-4A9D-9278-4F0FB72480A5}.AppStore|iPhoneSimulator.Build.0 = Release|Any CPU
		{E51F775C-15CB-4A9D-9278-4F0FB72480A5}.AppStore|Mixed Platforms.ActiveCfg = Release|Any CPU
		{E51F775C-15CB-4A9D-9278-4F0FB72480A5}.AppStore|Mixed Platforms.Build.0 = Release|Any CPU
		{E51F775C-15CB-4A9D-9278-4F0FB72480A5}.Debug|Any CPU.ActiveCfg = Debug|Any CPU
		{E51F775C-15CB-4A9D-9278-4F0FB72480A5}.Debug|Any CPU.Build.0 = Debug|Any CPU
		{E51F775C-15CB-4A9D-9278-4F0FB72480A5}.Debug|iPhone.ActiveCfg = Debug|Any CPU
		{E51F775C-15CB-4A9D-9278-4F0FB72480A5}.Debug|iPhone.Build.0 = Debug|Any CPU
		{E51F775C-15CB-4A9D-9278-4F0FB72480A5}.Debug|iPhoneSimulator.ActiveCfg = Debug|Any CPU
		{E51F775C-15CB-4A9D-9278-4F0FB72480A5}.Debug|iPhoneSimulator.Build.0 = Debug|Any CPU
		{E51F775C-15CB-4A9D-9278-4F0FB72480A5}.Debug|Mixed Platforms.ActiveCfg = Debug|Any CPU
		{E51F775C-15CB-4A9D-9278-4F0FB72480A5}.Debug|Mixed Platforms.Build.0 = Debug|Any CPU
		{E51F775C-15CB-4A9D-9278-4F0FB72480A5}.Release|Any CPU.ActiveCfg = Release|Any CPU
		{E51F775C-15CB-4A9D-9278-4F0FB72480A5}.Release|Any CPU.Build.0 = Release|Any CPU
		{E51F775C-15CB-4A9D-9278-4F0FB72480A5}.Release|iPhone.ActiveCfg = Release|Any CPU
		{E51F775C-15CB-4A9D-9278-4F0FB72480A5}.Release|iPhone.Build.0 = Release|Any CPU
		{E51F775C-15CB-4A9D-9278-4F0FB72480A5}.Release|iPhoneSimulator.ActiveCfg = Release|Any CPU
		{E51F775C-15CB-4A9D-9278-4F0FB72480A5}.Release|iPhoneSimulator.Build.0 = Release|Any CPU
		{E51F775C-15CB-4A9D-9278-4F0FB72480A5}.Release|Mixed Platforms.ActiveCfg = Release|Any CPU
		{E51F775C-15CB-4A9D-9278-4F0FB72480A5}.Release|Mixed Platforms.Build.0 = Release|Any CPU
		{EE9B20C2-2D3B-48B4-8458-D2D7230D1583}.Ad-Hoc|Any CPU.ActiveCfg = Release|Any CPU
		{EE9B20C2-2D3B-48B4-8458-D2D7230D1583}.Ad-Hoc|Any CPU.Build.0 = Release|Any CPU
		{EE9B20C2-2D3B-48B4-8458-D2D7230D1583}.Ad-Hoc|iPhone.ActiveCfg = Release|Any CPU
		{EE9B20C2-2D3B-48B4-8458-D2D7230D1583}.Ad-Hoc|iPhone.Build.0 = Release|Any CPU
		{EE9B20C2-2D3B-48B4-8458-D2D7230D1583}.Ad-Hoc|iPhoneSimulator.ActiveCfg = Debug|Any CPU
		{EE9B20C2-2D3B-48B4-8458-D2D7230D1583}.Ad-Hoc|iPhoneSimulator.Build.0 = Debug|Any CPU
		{EE9B20C2-2D3B-48B4-8458-D2D7230D1583}.Ad-Hoc|Mixed Platforms.ActiveCfg = Release|Any CPU
		{EE9B20C2-2D3B-48B4-8458-D2D7230D1583}.Ad-Hoc|Mixed Platforms.Build.0 = Release|Any CPU
		{EE9B20C2-2D3B-48B4-8458-D2D7230D1583}.AppStore|Any CPU.ActiveCfg = Release|Any CPU
		{EE9B20C2-2D3B-48B4-8458-D2D7230D1583}.AppStore|Any CPU.Build.0 = Release|Any CPU
		{EE9B20C2-2D3B-48B4-8458-D2D7230D1583}.AppStore|iPhone.ActiveCfg = Release|Any CPU
		{EE9B20C2-2D3B-48B4-8458-D2D7230D1583}.AppStore|iPhone.Build.0 = Release|Any CPU
		{EE9B20C2-2D3B-48B4-8458-D2D7230D1583}.AppStore|iPhoneSimulator.ActiveCfg = Debug|Any CPU
		{EE9B20C2-2D3B-48B4-8458-D2D7230D1583}.AppStore|iPhoneSimulator.Build.0 = Debug|Any CPU
		{EE9B20C2-2D3B-48B4-8458-D2D7230D1583}.AppStore|Mixed Platforms.ActiveCfg = Release|Any CPU
		{EE9B20C2-2D3B-48B4-8458-D2D7230D1583}.AppStore|Mixed Platforms.Build.0 = Release|Any CPU
		{EE9B20C2-2D3B-48B4-8458-D2D7230D1583}.Debug|Any CPU.ActiveCfg = Debug|Any CPU
		{EE9B20C2-2D3B-48B4-8458-D2D7230D1583}.Debug|Any CPU.Build.0 = Debug|Any CPU
		{EE9B20C2-2D3B-48B4-8458-D2D7230D1583}.Debug|iPhone.ActiveCfg = Debug|Any CPU
		{EE9B20C2-2D3B-48B4-8458-D2D7230D1583}.Debug|iPhone.Build.0 = Debug|Any CPU
		{EE9B20C2-2D3B-48B4-8458-D2D7230D1583}.Debug|iPhoneSimulator.ActiveCfg = Debug|Any CPU
		{EE9B20C2-2D3B-48B4-8458-D2D7230D1583}.Debug|iPhoneSimulator.Build.0 = Debug|Any CPU
		{EE9B20C2-2D3B-48B4-8458-D2D7230D1583}.Debug|Mixed Platforms.ActiveCfg = Debug|Any CPU
		{EE9B20C2-2D3B-48B4-8458-D2D7230D1583}.Debug|Mixed Platforms.Build.0 = Debug|Any CPU
		{EE9B20C2-2D3B-48B4-8458-D2D7230D1583}.Release|Any CPU.ActiveCfg = Release|Any CPU
		{EE9B20C2-2D3B-48B4-8458-D2D7230D1583}.Release|Any CPU.Build.0 = Release|Any CPU
		{EE9B20C2-2D3B-48B4-8458-D2D7230D1583}.Release|iPhone.ActiveCfg = Release|Any CPU
		{EE9B20C2-2D3B-48B4-8458-D2D7230D1583}.Release|iPhone.Build.0 = Release|Any CPU
		{EE9B20C2-2D3B-48B4-8458-D2D7230D1583}.Release|iPhoneSimulator.ActiveCfg = Release|Any CPU
		{EE9B20C2-2D3B-48B4-8458-D2D7230D1583}.Release|iPhoneSimulator.Build.0 = Release|Any CPU
		{EE9B20C2-2D3B-48B4-8458-D2D7230D1583}.Release|Mixed Platforms.ActiveCfg = Release|Any CPU
		{EE9B20C2-2D3B-48B4-8458-D2D7230D1583}.Release|Mixed Platforms.Build.0 = Release|Any CPU
		{F367F89E-E79F-4332-AD93-85E7CFF7391C}.Ad-Hoc|Any CPU.ActiveCfg = Release|Any CPU
		{F367F89E-E79F-4332-AD93-85E7CFF7391C}.Ad-Hoc|Any CPU.Build.0 = Release|Any CPU
		{F367F89E-E79F-4332-AD93-85E7CFF7391C}.Ad-Hoc|iPhone.ActiveCfg = Release|Any CPU
		{F367F89E-E79F-4332-AD93-85E7CFF7391C}.Ad-Hoc|iPhoneSimulator.ActiveCfg = Release|Any CPU
		{F367F89E-E79F-4332-AD93-85E7CFF7391C}.Ad-Hoc|Mixed Platforms.ActiveCfg = Release|Any CPU
		{F367F89E-E79F-4332-AD93-85E7CFF7391C}.Ad-Hoc|Mixed Platforms.Build.0 = Release|Any CPU
		{F367F89E-E79F-4332-AD93-85E7CFF7391C}.AppStore|Any CPU.ActiveCfg = Release|Any CPU
		{F367F89E-E79F-4332-AD93-85E7CFF7391C}.AppStore|Any CPU.Build.0 = Release|Any CPU
		{F367F89E-E79F-4332-AD93-85E7CFF7391C}.AppStore|iPhone.ActiveCfg = Release|Any CPU
		{F367F89E-E79F-4332-AD93-85E7CFF7391C}.AppStore|iPhoneSimulator.ActiveCfg = Release|Any CPU
		{F367F89E-E79F-4332-AD93-85E7CFF7391C}.AppStore|Mixed Platforms.ActiveCfg = Release|Any CPU
		{F367F89E-E79F-4332-AD93-85E7CFF7391C}.AppStore|Mixed Platforms.Build.0 = Release|Any CPU
		{F367F89E-E79F-4332-AD93-85E7CFF7391C}.Debug|Any CPU.ActiveCfg = Debug|Any CPU
		{F367F89E-E79F-4332-AD93-85E7CFF7391C}.Debug|Any CPU.Build.0 = Debug|Any CPU
		{F367F89E-E79F-4332-AD93-85E7CFF7391C}.Debug|iPhone.ActiveCfg = Debug|Any CPU
		{F367F89E-E79F-4332-AD93-85E7CFF7391C}.Debug|iPhone.Build.0 = Debug|Any CPU
		{F367F89E-E79F-4332-AD93-85E7CFF7391C}.Debug|iPhoneSimulator.ActiveCfg = Debug|Any CPU
		{F367F89E-E79F-4332-AD93-85E7CFF7391C}.Debug|iPhoneSimulator.Build.0 = Debug|Any CPU
		{F367F89E-E79F-4332-AD93-85E7CFF7391C}.Debug|Mixed Platforms.ActiveCfg = Debug|Any CPU
		{F367F89E-E79F-4332-AD93-85E7CFF7391C}.Debug|Mixed Platforms.Build.0 = Debug|Any CPU
		{F367F89E-E79F-4332-AD93-85E7CFF7391C}.Release|Any CPU.ActiveCfg = Release|Any CPU
		{F367F89E-E79F-4332-AD93-85E7CFF7391C}.Release|Any CPU.Build.0 = Release|Any CPU
		{F367F89E-E79F-4332-AD93-85E7CFF7391C}.Release|iPhone.ActiveCfg = Release|Any CPU
		{F367F89E-E79F-4332-AD93-85E7CFF7391C}.Release|iPhoneSimulator.ActiveCfg = Release|Any CPU
		{F367F89E-E79F-4332-AD93-85E7CFF7391C}.Release|Mixed Platforms.ActiveCfg = Release|Any CPU
		{F367F89E-E79F-4332-AD93-85E7CFF7391C}.Release|Mixed Platforms.Build.0 = Release|Any CPU
	EndGlobalSection
	GlobalSection(NestedProjects) = preSolution
		{254FC42A-1D03-4137-A575-949BE03FFB04} = {EE63A9AA-E8A4-4230-B2E5-39A8A497548C}
		{1A56346B-92A2-46ED-B367-95389E598E65} = {EE63A9AA-E8A4-4230-B2E5-39A8A497548C}
		{CBA66080-43E4-4F7A-83DA-D51B1C43C650} = {EE63A9AA-E8A4-4230-B2E5-39A8A497548C}
		{9FC56C0E-42CE-41AF-9999-1DDFCF36F64A} = {EE63A9AA-E8A4-4230-B2E5-39A8A497548C}
		{28FE1420-AED4-4E4E-A748-C7E5342480AA} = {EE63A9AA-E8A4-4230-B2E5-39A8A497548C}
		{C6D20E64-B0FE-403F-8B64-E06DAB7ABFFE} = {EE63A9AA-E8A4-4230-B2E5-39A8A497548C}
		{DDFB1C84-5CFE-4746-9972-4C2D7D57BF16} = {EE63A9AA-E8A4-4230-B2E5-39A8A497548C}
		{0FC32AA7-570D-4BBE-9803-EDD0075D0F44} = {EE63A9AA-E8A4-4230-B2E5-39A8A497548C}
		{27EEB861-E72C-4190-9928-B8FBE6450909} = {C2C11C8B-8937-4524-BEDA-32BF7486E2A3}
		{9BECF79A-0632-40F7-9F63-BA810EF686DD} = {C2C11C8B-8937-4524-BEDA-32BF7486E2A3}
		{EB8603DD-2462-4F6A-9958-01119C170534} = {C2C11C8B-8937-4524-BEDA-32BF7486E2A3}
		{058DDE9D-45D2-4C8D-AC15-071CCD60A634} = {C2C11C8B-8937-4524-BEDA-32BF7486E2A3}
		{256E4D6E-0252-405E-B516-4CEAF129A5F5} = {C2C11C8B-8937-4524-BEDA-32BF7486E2A3}
		{57E7E426-1398-4274-9467-D998C2917255} = {C2C11C8B-8937-4524-BEDA-32BF7486E2A3}
		{45E712B9-EB9A-45EE-84A2-C447FBE9907A} = {C2C11C8B-8937-4524-BEDA-32BF7486E2A3}
		{11AC1268-5A69-45B7-B5BD-5D459B582024} = {EB8603DD-2462-4F6A-9958-01119C170534}
		{1549AFBD-753D-4C14-876D-531FCDB9C9A4} = {EB8603DD-2462-4F6A-9958-01119C170534}
		{C6F895D4-ABE1-4FC3-A6C2-B75C143F83EA} = {57E7E426-1398-4274-9467-D998C2917255}
		{C9D5DAD7-9FA5-4C5B-BA61-06E7879DEEBE} = {45E712B9-EB9A-45EE-84A2-C447FBE9907A}
		{1CCE258E-59E0-42ED-9588-580C93B499BD} = {D868CD0C-FDD3-4634-8163-1003C972222C}
	EndGlobalSection
	GlobalSection(MonoDevelopProperties) = preSolution
		StartupItem = Samples\StackOverflowSamples\StackOverflowSamples.csproj
	EndGlobalSection
	GlobalSection(SolutionProperties) = preSolution
		HideSolutionNode = FALSE
	EndGlobalSection
EndGlobal
