
Microsoft Visual Studio Solution File, Format Version 11.00
# Visual Studio 2010
Project("{FAE04EC0-301F-11D3-BF4B-00C04F79EFBC}") = "SimplyMobile.Core", "SimplyMobile.Core\SimplyMobile.Core.csproj", "{8E364285-031D-4049-94E7-385113738742}"
EndProject
Project("{FAE04EC0-301F-11D3-BF4B-00C04F79EFBC}") = "SimplyMobile.Device", "SimplyMobile.Device\SimplyMobile.Device.csproj", "{E51F775C-15CB-4A9D-9278-4F0FB72480A5}"
EndProject
Project("{2150E333-8FDC-42A3-9474-1A3956D46DE8}") = "Tests", "Tests", "{EE63A9AA-E8A4-4230-B2E5-39A8A497548C}"
EndProject
Project("{FAE04EC0-301F-11D3-BF4B-00C04F79EFBC}") = "DeviceTests", "Tests\DeviceTests\DeviceTests.csproj", "{254FC42A-1D03-4137-A575-949BE03FFB04}"
EndProject
Global
	GlobalSection(SolutionConfigurationPlatforms) = preSolution
		Debug|Any CPU = Debug|Any CPU
		Release|Any CPU = Release|Any CPU
		Debug|iPhoneSimulator = Debug|iPhoneSimulator
		Release|iPhoneSimulator = Release|iPhoneSimulator
		Debug|iPhone = Debug|iPhone
		Release|iPhone = Release|iPhone
		Ad-Hoc|iPhone = Ad-Hoc|iPhone
		AppStore|iPhone = AppStore|iPhone
	EndGlobalSection
	GlobalSection(ProjectConfigurationPlatforms) = postSolution
		{254FC42A-1D03-4137-A575-949BE03FFB04}.Ad-Hoc|iPhone.ActiveCfg = Ad-Hoc|iPhone
		{254FC42A-1D03-4137-A575-949BE03FFB04}.Ad-Hoc|iPhone.Build.0 = Ad-Hoc|iPhone
		{254FC42A-1D03-4137-A575-949BE03FFB04}.AppStore|iPhone.ActiveCfg = AppStore|iPhone
		{254FC42A-1D03-4137-A575-949BE03FFB04}.AppStore|iPhone.Build.0 = AppStore|iPhone
		{254FC42A-1D03-4137-A575-949BE03FFB04}.Debug|Any CPU.ActiveCfg = Debug|iPhoneSimulator
		{254FC42A-1D03-4137-A575-949BE03FFB04}.Debug|Any CPU.Build.0 = Debug|iPhoneSimulator
		{254FC42A-1D03-4137-A575-949BE03FFB04}.Debug|iPhone.ActiveCfg = Debug|iPhone
		{254FC42A-1D03-4137-A575-949BE03FFB04}.Debug|iPhone.Build.0 = Debug|iPhone
		{254FC42A-1D03-4137-A575-949BE03FFB04}.Debug|iPhoneSimulator.ActiveCfg = Debug|iPhoneSimulator
		{254FC42A-1D03-4137-A575-949BE03FFB04}.Debug|iPhoneSimulator.Build.0 = Debug|iPhoneSimulator
		{254FC42A-1D03-4137-A575-949BE03FFB04}.Release|Any CPU.ActiveCfg = Release|iPhoneSimulator
		{254FC42A-1D03-4137-A575-949BE03FFB04}.Release|Any CPU.Build.0 = Release|iPhoneSimulator
		{254FC42A-1D03-4137-A575-949BE03FFB04}.Release|iPhone.ActiveCfg = Release|iPhone
		{254FC42A-1D03-4137-A575-949BE03FFB04}.Release|iPhone.Build.0 = Release|iPhone
		{254FC42A-1D03-4137-A575-949BE03FFB04}.Release|iPhoneSimulator.ActiveCfg = Release|iPhoneSimulator
		{254FC42A-1D03-4137-A575-949BE03FFB04}.Release|iPhoneSimulator.Build.0 = Release|iPhoneSimulator
		{8E364285-031D-4049-94E7-385113738742}.Ad-Hoc|iPhone.ActiveCfg = Debug|Any CPU
		{8E364285-031D-4049-94E7-385113738742}.Ad-Hoc|iPhone.Build.0 = Debug|Any CPU
		{8E364285-031D-4049-94E7-385113738742}.AppStore|iPhone.ActiveCfg = Debug|Any CPU
		{8E364285-031D-4049-94E7-385113738742}.AppStore|iPhone.Build.0 = Debug|Any CPU
		{8E364285-031D-4049-94E7-385113738742}.Debug|Any CPU.ActiveCfg = Debug|Any CPU
		{8E364285-031D-4049-94E7-385113738742}.Debug|Any CPU.Build.0 = Debug|Any CPU
		{8E364285-031D-4049-94E7-385113738742}.Debug|iPhone.ActiveCfg = Debug|Any CPU
		{8E364285-031D-4049-94E7-385113738742}.Debug|iPhone.Build.0 = Debug|Any CPU
		{8E364285-031D-4049-94E7-385113738742}.Debug|iPhoneSimulator.ActiveCfg = Debug|Any CPU
		{8E364285-031D-4049-94E7-385113738742}.Debug|iPhoneSimulator.Build.0 = Debug|Any CPU
		{8E364285-031D-4049-94E7-385113738742}.Release|Any CPU.ActiveCfg = Release|Any CPU
		{8E364285-031D-4049-94E7-385113738742}.Release|Any CPU.Build.0 = Release|Any CPU
		{8E364285-031D-4049-94E7-385113738742}.Release|iPhone.ActiveCfg = Release|Any CPU
		{8E364285-031D-4049-94E7-385113738742}.Release|iPhone.Build.0 = Release|Any CPU
		{8E364285-031D-4049-94E7-385113738742}.Release|iPhoneSimulator.ActiveCfg = Release|Any CPU
		{8E364285-031D-4049-94E7-385113738742}.Release|iPhoneSimulator.Build.0 = Release|Any CPU
		{E51F775C-15CB-4A9D-9278-4F0FB72480A5}.Ad-Hoc|iPhone.ActiveCfg = Debug|Any CPU
		{E51F775C-15CB-4A9D-9278-4F0FB72480A5}.Ad-Hoc|iPhone.Build.0 = Debug|Any CPU
		{E51F775C-15CB-4A9D-9278-4F0FB72480A5}.AppStore|iPhone.ActiveCfg = Debug|Any CPU
		{E51F775C-15CB-4A9D-9278-4F0FB72480A5}.AppStore|iPhone.Build.0 = Debug|Any CPU
		{E51F775C-15CB-4A9D-9278-4F0FB72480A5}.Debug|Any CPU.ActiveCfg = Debug|Any CPU
		{E51F775C-15CB-4A9D-9278-4F0FB72480A5}.Debug|Any CPU.Build.0 = Debug|Any CPU
		{E51F775C-15CB-4A9D-9278-4F0FB72480A5}.Debug|iPhone.ActiveCfg = Debug|Any CPU
		{E51F775C-15CB-4A9D-9278-4F0FB72480A5}.Debug|iPhone.Build.0 = Debug|Any CPU
		{E51F775C-15CB-4A9D-9278-4F0FB72480A5}.Debug|iPhoneSimulator.ActiveCfg = Debug|Any CPU
		{E51F775C-15CB-4A9D-9278-4F0FB72480A5}.Debug|iPhoneSimulator.Build.0 = Debug|Any CPU
		{E51F775C-15CB-4A9D-9278-4F0FB72480A5}.Release|Any CPU.ActiveCfg = Release|Any CPU
		{E51F775C-15CB-4A9D-9278-4F0FB72480A5}.Release|Any CPU.Build.0 = Release|Any CPU
		{E51F775C-15CB-4A9D-9278-4F0FB72480A5}.Release|iPhone.ActiveCfg = Release|Any CPU
		{E51F775C-15CB-4A9D-9278-4F0FB72480A5}.Release|iPhone.Build.0 = Release|Any CPU
		{E51F775C-15CB-4A9D-9278-4F0FB72480A5}.Release|iPhoneSimulator.ActiveCfg = Release|Any CPU
		{E51F775C-15CB-4A9D-9278-4F0FB72480A5}.Release|iPhoneSimulator.Build.0 = Release|Any CPU
	EndGlobalSection
	GlobalSection(NestedProjects) = preSolution
		{254FC42A-1D03-4137-A575-949BE03FFB04} = {EE63A9AA-E8A4-4230-B2E5-39A8A497548C}
	EndGlobalSection
	GlobalSection(MonoDevelopProperties) = preSolution
		StartupItem = Tests\DeviceTests\DeviceTests.csproj
	EndGlobalSection
EndGlobal
